{
  "version": 4,
  "terraform_version": "0.12.6",
  "serial": 217,
  "lineage": "4d2f5010-c1dc-daeb-3b80-872133fbb461",
  "outputs": {
    "app_server_list": {
      "value": [
        "10.0.1.162",
        "10.0.2.166"
      ],
      "type": [
        "tuple",
        [
          "string",
          "string"
        ]
      ]
    },
    "app_subnet_id": {
      "value": [
        "subnet-0de3b25c8e1111aa0",
        "subnet-00b08cfa3ba53d96d"
      ],
      "type": [
        "tuple",
        [
          "string",
          "string"
        ]
      ]
    },
    "captcha_server_list": {
      "value": [
        "10.0.16.244"
      ],
      "type": [
        "tuple",
        [
          "string"
        ]
      ]
    },
    "captcha_subnet_id": {
      "value": [
        "subnet-01858dcc7d3e8d315"
      ],
      "type": [
        "tuple",
        [
          "string"
        ]
      ]
    },
    "jumpserver_static_public_ip_address": {
      "value": [
        "3.6.230.134"
      ],
      "type": [
        "tuple",
        [
          "string"
        ]
      ]
    },
    "jumpserver_subnet_id": {
      "value": [
        "subnet-05792a5f06b5601d9"
      ],
      "type": [
        "tuple",
        [
          "string"
        ]
      ]
    },
    "lb_dns_name": {
      "value": "bigfish-test-alb-236640260.ap-south-1.elb.amazonaws.com",
      "type": "string"
    },
    "lb_subnet_id": {
      "value": [
        "subnet-08660d7b0c79fb660",
        "subnet-044ff480922e56d7d"
      ],
      "type": [
        "tuple",
        [
          "string",
          "string"
        ]
      ]
    },
    "notification_server_list": {
      "value": [
        "10.0.15.154"
      ],
      "type": [
        "tuple",
        [
          "string"
        ]
      ]
    },
    "notification_subnet_id": {
      "value": [
        "subnet-031f1e72c0dc3214f"
      ],
      "type": [
        "tuple",
        [
          "string"
        ]
      ]
    },
    "rds_subnet_id": {
      "value": [
        "subnet-066da63127bc32933",
        "subnet-09fe2b1c9d4f96c71"
      ],
      "type": [
        "tuple",
        [
          "string",
          "string"
        ]
      ]
    },
    "vpc_id": {
      "value": "vpc-0c478a90a9bb11b5c",
      "type": "string"
    },
    "web_server_list": {
      "value": [
        "10.0.10.91"
      ],
      "type": [
        "tuple",
        [
          "string"
        ]
      ]
    },
    "web_subnet_id": {
      "value": [
        "subnet-025f9ef613d509921"
      ],
      "type": [
        "tuple",
        [
          "string"
        ]
      ]
    }
  },
  "resources": [
    {
      "module": "module.main-alb",
      "mode": "data",
      "type": "aws_caller_identity",
      "name": "current",
      "provider": "provider.aws",
      "instances": [
        {
          "schema_version": 0,
          "attributes": {
            "account_id": "238747170134",
            "arn": "arn:aws:iam::238747170134:user/Terraform_Prod_User",
            "id": "2020-05-05 07:51:08.461932675 +0000 UTC",
            "user_id": "AIDATPFTQWVLP3DJBL25M"
          }
        }
      ]
    },
    {
      "module": "module.main-vpc",
      "mode": "data",
      "type": "aws_vpc_endpoint_service",
      "name": "s3",
      "each": "list",
      "provider": "provider.aws",
      "instances": []
    },
    {
      "module": "module.notification-ec2",
      "mode": "data",
      "type": "template_cloudinit_config",
      "name": "config",
      "provider": "provider.template",
      "instances": [
        {
          "schema_version": 0,
          "attributes": {
            "base64_encode": true,
            "gzip": true,
            "id": "703677936",
            "part": [
              {
                "content": "#!/bin/bash\n\nset -ex\n\n# update\napt-get update\n\nexport DEBIAN_FRONTEND=noninteractive\napt-get -y upgrade\n\necho \"Copy instance id \"\ncurl http://169.254.169.254/latest/meta-data/instance-id \u003e /var/tmp/aws-mon/instance-id\n\necho \"Copy availability zone of the instance\"\ncurl http://169.254.169.254/latest/meta-data/placement/availability-zone \u003e /var/tmp/aws-mon/placement/availability-zone\n\necho \"Restarting cloudwatch agent\"\nsudo systemctl restart amazon-cloudwatch-agent.service\n",
                "content_type": "text/x-shellscript",
                "filename": "",
                "merge_type": ""
              }
            ],
            "rendered": "H4sIAAAAAAAA/5SSS2sbMRDH74L9DtPNWVZT+qAuKeThQg52wKSFnsqsNNkVSCMhzTq7+fQlbp24pBR6En/0+z8Oc5lYiEXfzpmWEMcgPmMRE/1E7hN0aWSHZT5r19fr1cXN183V+fZ7qx6V/kal+sRLOF28blSjtD6GGvWUXZDrHRW9Ypuc534JHzovR8C+XGgSM+k6UAjVFp+lUWsf6UXPySvTeTYd1kGpSgKaJqVOYMwOhRRm0T3JQSqacioCV6uL6/PNjy/bm83tanN1xok9CxW04nfPLj3DmPuC7tFphwTtZcozeK6CbAm8g1bZsQQYRPLSmNP3Hxdv3r1d/H5NQKEqJpKgdihoDlbtHXwGs8NiJGaD91XHxMfffzTiDn3AzgcvMzwkJkh3IAM9TfnPGTmgpUgs5jhZ75P/Musf+GHmlqpgEc892JBGd49iB8CeWFpVR5egzlUoWglQfrGAER8S62de7/lFpbLzll5ckdaN+hkAAP//h25jSaQCAAA="
          },
          "depends_on": [
            "data.template_file.shell-script"
          ]
        }
      ]
    },
    {
      "module": "module.app-ec2",
      "mode": "data",
      "type": "template_cloudinit_config",
      "name": "config",
      "provider": "provider.template",
      "instances": [
        {
          "schema_version": 0,
          "attributes": {
            "base64_encode": true,
            "gzip": true,
            "id": "703677936",
            "part": [
              {
                "content": "#!/bin/bash\n\nset -ex\n\n# update\napt-get update\n\nexport DEBIAN_FRONTEND=noninteractive\napt-get -y upgrade\n\necho \"Copy instance id \"\ncurl http://169.254.169.254/latest/meta-data/instance-id \u003e /var/tmp/aws-mon/instance-id\n\necho \"Copy availability zone of the instance\"\ncurl http://169.254.169.254/latest/meta-data/placement/availability-zone \u003e /var/tmp/aws-mon/placement/availability-zone\n\necho \"Restarting cloudwatch agent\"\nsudo systemctl restart amazon-cloudwatch-agent.service\n",
                "content_type": "text/x-shellscript",
                "filename": "",
                "merge_type": ""
              }
            ],
            "rendered": "H4sIAAAAAAAA/5SSS2sbMRDH74L9DtPNWVZT+qAuKeThQg52wKSFnsqsNNkVSCMhzTq7+fQlbp24pBR6En/0+z8Oc5lYiEXfzpmWEMcgPmMRE/1E7hN0aWSHZT5r19fr1cXN183V+fZ7qx6V/kal+sRLOF28blSjtD6GGvWUXZDrHRW9Ypuc534JHzovR8C+XGgSM+k6UAjVFp+lUWsf6UXPySvTeTYd1kGpSgKaJqVOYMwOhRRm0T3JQSqacioCV6uL6/PNjy/bm83tanN1xok9CxW04nfPLj3DmPuC7tFphwTtZcozeK6CbAm8g1bZsQQYRPLSmNP3Hxdv3r1d/H5NQKEqJpKgdihoDlbtHXwGs8NiJGaD91XHxMfffzTiDn3AzgcvMzwkJkh3IAM9TfnPGTmgpUgs5jhZ75P/Musf+GHmlqpgEc892JBGd49iB8CeWFpVR5egzlUoWglQfrGAER8S62de7/lFpbLzll5ckdaN+hkAAP//h25jSaQCAAA="
          },
          "depends_on": [
            "data.template_file.shell-script"
          ]
        }
      ]
    },
    {
      "module": "module.jumpserver-ec2",
      "mode": "data",
      "type": "template_cloudinit_config",
      "name": "config",
      "provider": "provider.template",
      "instances": [
        {
          "schema_version": 0,
          "attributes": {
            "base64_encode": true,
            "gzip": true,
            "id": "703677936",
            "part": [
              {
                "content": "#!/bin/bash\n\nset -ex\n\n# update\napt-get update\n\nexport DEBIAN_FRONTEND=noninteractive\napt-get -y upgrade\n\necho \"Copy instance id \"\ncurl http://169.254.169.254/latest/meta-data/instance-id \u003e /var/tmp/aws-mon/instance-id\n\necho \"Copy availability zone of the instance\"\ncurl http://169.254.169.254/latest/meta-data/placement/availability-zone \u003e /var/tmp/aws-mon/placement/availability-zone\n\necho \"Restarting cloudwatch agent\"\nsudo systemctl restart amazon-cloudwatch-agent.service\n",
                "content_type": "text/x-shellscript",
                "filename": "",
                "merge_type": ""
              }
            ],
            "rendered": "H4sIAAAAAAAA/5SSS2sbMRDH74L9DtPNWVZT+qAuKeThQg52wKSFnsqsNNkVSCMhzTq7+fQlbp24pBR6En/0+z8Oc5lYiEXfzpmWEMcgPmMRE/1E7hN0aWSHZT5r19fr1cXN183V+fZ7qx6V/kal+sRLOF28blSjtD6GGvWUXZDrHRW9Ypuc534JHzovR8C+XGgSM+k6UAjVFp+lUWsf6UXPySvTeTYd1kGpSgKaJqVOYMwOhRRm0T3JQSqacioCV6uL6/PNjy/bm83tanN1xok9CxW04nfPLj3DmPuC7tFphwTtZcozeK6CbAm8g1bZsQQYRPLSmNP3Hxdv3r1d/H5NQKEqJpKgdihoDlbtHXwGs8NiJGaD91XHxMfffzTiDn3AzgcvMzwkJkh3IAM9TfnPGTmgpUgs5jhZ75P/Musf+GHmlqpgEc892JBGd49iB8CeWFpVR5egzlUoWglQfrGAER8S62de7/lFpbLzll5ckdaN+hkAAP//h25jSaQCAAA="
          },
          "depends_on": [
            "data.template_file.shell-script"
          ]
        }
      ]
    },
    {
      "module": "module.captcha-ec2",
      "mode": "data",
      "type": "template_cloudinit_config",
      "name": "config",
      "provider": "provider.template",
      "instances": [
        {
          "schema_version": 0,
          "attributes": {
            "base64_encode": true,
            "gzip": true,
            "id": "703677936",
            "part": [
              {
                "content": "#!/bin/bash\n\nset -ex\n\n# update\napt-get update\n\nexport DEBIAN_FRONTEND=noninteractive\napt-get -y upgrade\n\necho \"Copy instance id \"\ncurl http://169.254.169.254/latest/meta-data/instance-id \u003e /var/tmp/aws-mon/instance-id\n\necho \"Copy availability zone of the instance\"\ncurl http://169.254.169.254/latest/meta-data/placement/availability-zone \u003e /var/tmp/aws-mon/placement/availability-zone\n\necho \"Restarting cloudwatch agent\"\nsudo systemctl restart amazon-cloudwatch-agent.service\n",
                "content_type": "text/x-shellscript",
                "filename": "",
                "merge_type": ""
              }
            ],
            "rendered": "H4sIAAAAAAAA/5SSS2sbMRDH74L9DtPNWVZT+qAuKeThQg52wKSFnsqsNNkVSCMhzTq7+fQlbp24pBR6En/0+z8Oc5lYiEXfzpmWEMcgPmMRE/1E7hN0aWSHZT5r19fr1cXN183V+fZ7qx6V/kal+sRLOF28blSjtD6GGvWUXZDrHRW9Ypuc534JHzovR8C+XGgSM+k6UAjVFp+lUWsf6UXPySvTeTYd1kGpSgKaJqVOYMwOhRRm0T3JQSqacioCV6uL6/PNjy/bm83tanN1xok9CxW04nfPLj3DmPuC7tFphwTtZcozeK6CbAm8g1bZsQQYRPLSmNP3Hxdv3r1d/H5NQKEqJpKgdihoDlbtHXwGs8NiJGaD91XHxMfffzTiDn3AzgcvMzwkJkh3IAM9TfnPGTmgpUgs5jhZ75P/Musf+GHmlqpgEc892JBGd49iB8CeWFpVR5egzlUoWglQfrGAER8S62de7/lFpbLzll5ckdaN+hkAAP//h25jSaQCAAA="
          },
          "depends_on": [
            "data.template_file.shell-script"
          ]
        }
      ]
    },
    {
      "module": "module.job-ec2",
      "mode": "data",
      "type": "template_cloudinit_config",
      "name": "config",
      "provider": "provider.template",
      "instances": [
        {
          "schema_version": 0,
          "attributes": {
            "base64_encode": true,
            "gzip": true,
            "id": "703677936",
            "part": [
              {
                "content": "#!/bin/bash\n\nset -ex\n\n# update\napt-get update\n\nexport DEBIAN_FRONTEND=noninteractive\napt-get -y upgrade\n\necho \"Copy instance id \"\ncurl http://169.254.169.254/latest/meta-data/instance-id \u003e /var/tmp/aws-mon/instance-id\n\necho \"Copy availability zone of the instance\"\ncurl http://169.254.169.254/latest/meta-data/placement/availability-zone \u003e /var/tmp/aws-mon/placement/availability-zone\n\necho \"Restarting cloudwatch agent\"\nsudo systemctl restart amazon-cloudwatch-agent.service\n",
                "content_type": "text/x-shellscript",
                "filename": "",
                "merge_type": ""
              }
            ],
            "rendered": "H4sIAAAAAAAA/5SSS2sbMRDH74L9DtPNWVZT+qAuKeThQg52wKSFnsqsNNkVSCMhzTq7+fQlbp24pBR6En/0+z8Oc5lYiEXfzpmWEMcgPmMRE/1E7hN0aWSHZT5r19fr1cXN183V+fZ7qx6V/kal+sRLOF28blSjtD6GGvWUXZDrHRW9Ypuc534JHzovR8C+XGgSM+k6UAjVFp+lUWsf6UXPySvTeTYd1kGpSgKaJqVOYMwOhRRm0T3JQSqacioCV6uL6/PNjy/bm83tanN1xok9CxW04nfPLj3DmPuC7tFphwTtZcozeK6CbAm8g1bZsQQYRPLSmNP3Hxdv3r1d/H5NQKEqJpKgdihoDlbtHXwGs8NiJGaD91XHxMfffzTiDn3AzgcvMzwkJkh3IAM9TfnPGTmgpUgs5jhZ75P/Musf+GHmlqpgEc892JBGd49iB8CeWFpVR5egzlUoWglQfrGAER8S62de7/lFpbLzll5ckdaN+hkAAP//h25jSaQCAAA="
          },
          "depends_on": [
            "data.template_file.shell-script"
          ]
        }
      ]
    },
    {
      "module": "module.web-ec2",
      "mode": "data",
      "type": "template_cloudinit_config",
      "name": "config",
      "provider": "provider.template",
      "instances": [
        {
          "schema_version": 0,
          "attributes": {
            "base64_encode": true,
            "gzip": true,
            "id": "703677936",
            "part": [
              {
                "content": "#!/bin/bash\n\nset -ex\n\n# update\napt-get update\n\nexport DEBIAN_FRONTEND=noninteractive\napt-get -y upgrade\n\necho \"Copy instance id \"\ncurl http://169.254.169.254/latest/meta-data/instance-id \u003e /var/tmp/aws-mon/instance-id\n\necho \"Copy availability zone of the instance\"\ncurl http://169.254.169.254/latest/meta-data/placement/availability-zone \u003e /var/tmp/aws-mon/placement/availability-zone\n\necho \"Restarting cloudwatch agent\"\nsudo systemctl restart amazon-cloudwatch-agent.service\n",
                "content_type": "text/x-shellscript",
                "filename": "",
                "merge_type": ""
              }
            ],
            "rendered": "H4sIAAAAAAAA/5SSS2sbMRDH74L9DtPNWVZT+qAuKeThQg52wKSFnsqsNNkVSCMhzTq7+fQlbp24pBR6En/0+z8Oc5lYiEXfzpmWEMcgPmMRE/1E7hN0aWSHZT5r19fr1cXN183V+fZ7qx6V/kal+sRLOF28blSjtD6GGvWUXZDrHRW9Ypuc534JHzovR8C+XGgSM+k6UAjVFp+lUWsf6UXPySvTeTYd1kGpSgKaJqVOYMwOhRRm0T3JQSqacioCV6uL6/PNjy/bm83tanN1xok9CxW04nfPLj3DmPuC7tFphwTtZcozeK6CbAm8g1bZsQQYRPLSmNP3Hxdv3r1d/H5NQKEqJpKgdihoDlbtHXwGs8NiJGaD91XHxMfffzTiDn3AzgcvMzwkJkh3IAM9TfnPGTmgpUgs5jhZ75P/Musf+GHmlqpgEc892JBGd49iB8CeWFpVR5egzlUoWglQfrGAER8S62de7/lFpbLzll5ckdaN+hkAAP//h25jSaQCAAA="
          },
          "depends_on": [
            "data.template_file.shell-script"
          ]
        }
      ]
    },
    {
      "module": "module.notification-ec2",
      "mode": "data",
      "type": "template_file",
      "name": "shell-script",
      "provider": "provider.template",
      "instances": [
        {
          "schema_version": 0,
          "attributes": {
            "filename": null,
            "id": "cfd3e18f2bc70e1241bd95561128e8131ea626f721af1976bbf4db3b021c418c",
            "rendered": "#!/bin/bash\n\nset -ex\n\n# update\napt-get update\n\nexport DEBIAN_FRONTEND=noninteractive\napt-get -y upgrade\n\necho \"Copy instance id \"\ncurl http://169.254.169.254/latest/meta-data/instance-id \u003e /var/tmp/aws-mon/instance-id\n\necho \"Copy availability zone of the instance\"\ncurl http://169.254.169.254/latest/meta-data/placement/availability-zone \u003e /var/tmp/aws-mon/placement/availability-zone\n\necho \"Restarting cloudwatch agent\"\nsudo systemctl restart amazon-cloudwatch-agent.service\n",
            "template": "#!/bin/bash\n\nset -ex\n\n# update\napt-get update\n\nexport DEBIAN_FRONTEND=noninteractive\napt-get -y upgrade\n\necho \"Copy instance id \"\ncurl http://169.254.169.254/latest/meta-data/instance-id \u003e /var/tmp/aws-mon/instance-id\n\necho \"Copy availability zone of the instance\"\ncurl http://169.254.169.254/latest/meta-data/placement/availability-zone \u003e /var/tmp/aws-mon/placement/availability-zone\n\necho \"Restarting cloudwatch agent\"\nsudo systemctl restart amazon-cloudwatch-agent.service\n",
            "vars": null
          }
        }
      ]
    },
    {
      "module": "module.app-ec2",
      "mode": "data",
      "type": "template_file",
      "name": "shell-script",
      "provider": "provider.template",
      "instances": [
        {
          "schema_version": 0,
          "attributes": {
            "filename": null,
            "id": "cfd3e18f2bc70e1241bd95561128e8131ea626f721af1976bbf4db3b021c418c",
            "rendered": "#!/bin/bash\n\nset -ex\n\n# update\napt-get update\n\nexport DEBIAN_FRONTEND=noninteractive\napt-get -y upgrade\n\necho \"Copy instance id \"\ncurl http://169.254.169.254/latest/meta-data/instance-id \u003e /var/tmp/aws-mon/instance-id\n\necho \"Copy availability zone of the instance\"\ncurl http://169.254.169.254/latest/meta-data/placement/availability-zone \u003e /var/tmp/aws-mon/placement/availability-zone\n\necho \"Restarting cloudwatch agent\"\nsudo systemctl restart amazon-cloudwatch-agent.service\n",
            "template": "#!/bin/bash\n\nset -ex\n\n# update\napt-get update\n\nexport DEBIAN_FRONTEND=noninteractive\napt-get -y upgrade\n\necho \"Copy instance id \"\ncurl http://169.254.169.254/latest/meta-data/instance-id \u003e /var/tmp/aws-mon/instance-id\n\necho \"Copy availability zone of the instance\"\ncurl http://169.254.169.254/latest/meta-data/placement/availability-zone \u003e /var/tmp/aws-mon/placement/availability-zone\n\necho \"Restarting cloudwatch agent\"\nsudo systemctl restart amazon-cloudwatch-agent.service\n",
            "vars": null
          }
        }
      ]
    },
    {
      "module": "module.jumpserver-ec2",
      "mode": "data",
      "type": "template_file",
      "name": "shell-script",
      "provider": "provider.template",
      "instances": [
        {
          "schema_version": 0,
          "attributes": {
            "filename": null,
            "id": "cfd3e18f2bc70e1241bd95561128e8131ea626f721af1976bbf4db3b021c418c",
            "rendered": "#!/bin/bash\n\nset -ex\n\n# update\napt-get update\n\nexport DEBIAN_FRONTEND=noninteractive\napt-get -y upgrade\n\necho \"Copy instance id \"\ncurl http://169.254.169.254/latest/meta-data/instance-id \u003e /var/tmp/aws-mon/instance-id\n\necho \"Copy availability zone of the instance\"\ncurl http://169.254.169.254/latest/meta-data/placement/availability-zone \u003e /var/tmp/aws-mon/placement/availability-zone\n\necho \"Restarting cloudwatch agent\"\nsudo systemctl restart amazon-cloudwatch-agent.service\n",
            "template": "#!/bin/bash\n\nset -ex\n\n# update\napt-get update\n\nexport DEBIAN_FRONTEND=noninteractive\napt-get -y upgrade\n\necho \"Copy instance id \"\ncurl http://169.254.169.254/latest/meta-data/instance-id \u003e /var/tmp/aws-mon/instance-id\n\necho \"Copy availability zone of the instance\"\ncurl http://169.254.169.254/latest/meta-data/placement/availability-zone \u003e /var/tmp/aws-mon/placement/availability-zone\n\necho \"Restarting cloudwatch agent\"\nsudo systemctl restart amazon-cloudwatch-agent.service\n",
            "vars": null
          }
        }
      ]
    },
    {
      "module": "module.captcha-ec2",
      "mode": "data",
      "type": "template_file",
      "name": "shell-script",
      "provider": "provider.template",
      "instances": [
        {
          "schema_version": 0,
          "attributes": {
            "filename": null,
            "id": "cfd3e18f2bc70e1241bd95561128e8131ea626f721af1976bbf4db3b021c418c",
            "rendered": "#!/bin/bash\n\nset -ex\n\n# update\napt-get update\n\nexport DEBIAN_FRONTEND=noninteractive\napt-get -y upgrade\n\necho \"Copy instance id \"\ncurl http://169.254.169.254/latest/meta-data/instance-id \u003e /var/tmp/aws-mon/instance-id\n\necho \"Copy availability zone of the instance\"\ncurl http://169.254.169.254/latest/meta-data/placement/availability-zone \u003e /var/tmp/aws-mon/placement/availability-zone\n\necho \"Restarting cloudwatch agent\"\nsudo systemctl restart amazon-cloudwatch-agent.service\n",
            "template": "#!/bin/bash\n\nset -ex\n\n# update\napt-get update\n\nexport DEBIAN_FRONTEND=noninteractive\napt-get -y upgrade\n\necho \"Copy instance id \"\ncurl http://169.254.169.254/latest/meta-data/instance-id \u003e /var/tmp/aws-mon/instance-id\n\necho \"Copy availability zone of the instance\"\ncurl http://169.254.169.254/latest/meta-data/placement/availability-zone \u003e /var/tmp/aws-mon/placement/availability-zone\n\necho \"Restarting cloudwatch agent\"\nsudo systemctl restart amazon-cloudwatch-agent.service\n",
            "vars": null
          }
        }
      ]
    },
    {
      "module": "module.job-ec2",
      "mode": "data",
      "type": "template_file",
      "name": "shell-script",
      "provider": "provider.template",
      "instances": [
        {
          "schema_version": 0,
          "attributes": {
            "filename": null,
            "id": "cfd3e18f2bc70e1241bd95561128e8131ea626f721af1976bbf4db3b021c418c",
            "rendered": "#!/bin/bash\n\nset -ex\n\n# update\napt-get update\n\nexport DEBIAN_FRONTEND=noninteractive\napt-get -y upgrade\n\necho \"Copy instance id \"\ncurl http://169.254.169.254/latest/meta-data/instance-id \u003e /var/tmp/aws-mon/instance-id\n\necho \"Copy availability zone of the instance\"\ncurl http://169.254.169.254/latest/meta-data/placement/availability-zone \u003e /var/tmp/aws-mon/placement/availability-zone\n\necho \"Restarting cloudwatch agent\"\nsudo systemctl restart amazon-cloudwatch-agent.service\n",
            "template": "#!/bin/bash\n\nset -ex\n\n# update\napt-get update\n\nexport DEBIAN_FRONTEND=noninteractive\napt-get -y upgrade\n\necho \"Copy instance id \"\ncurl http://169.254.169.254/latest/meta-data/instance-id \u003e /var/tmp/aws-mon/instance-id\n\necho \"Copy availability zone of the instance\"\ncurl http://169.254.169.254/latest/meta-data/placement/availability-zone \u003e /var/tmp/aws-mon/placement/availability-zone\n\necho \"Restarting cloudwatch agent\"\nsudo systemctl restart amazon-cloudwatch-agent.service\n",
            "vars": null
          }
        }
      ]
    },
    {
      "module": "module.web-ec2",
      "mode": "data",
      "type": "template_file",
      "name": "shell-script",
      "provider": "provider.template",
      "instances": [
        {
          "schema_version": 0,
          "attributes": {
            "filename": null,
            "id": "cfd3e18f2bc70e1241bd95561128e8131ea626f721af1976bbf4db3b021c418c",
            "rendered": "#!/bin/bash\n\nset -ex\n\n# update\napt-get update\n\nexport DEBIAN_FRONTEND=noninteractive\napt-get -y upgrade\n\necho \"Copy instance id \"\ncurl http://169.254.169.254/latest/meta-data/instance-id \u003e /var/tmp/aws-mon/instance-id\n\necho \"Copy availability zone of the instance\"\ncurl http://169.254.169.254/latest/meta-data/placement/availability-zone \u003e /var/tmp/aws-mon/placement/availability-zone\n\necho \"Restarting cloudwatch agent\"\nsudo systemctl restart amazon-cloudwatch-agent.service\n",
            "template": "#!/bin/bash\n\nset -ex\n\n# update\napt-get update\n\nexport DEBIAN_FRONTEND=noninteractive\napt-get -y upgrade\n\necho \"Copy instance id \"\ncurl http://169.254.169.254/latest/meta-data/instance-id \u003e /var/tmp/aws-mon/instance-id\n\necho \"Copy availability zone of the instance\"\ncurl http://169.254.169.254/latest/meta-data/placement/availability-zone \u003e /var/tmp/aws-mon/placement/availability-zone\n\necho \"Restarting cloudwatch agent\"\nsudo systemctl restart amazon-cloudwatch-agent.service\n",
            "vars": null
          }
        }
      ]
    },
    {
      "module": "module.main-vpc",
      "mode": "managed",
      "type": "aws_db_subnet_group",
      "name": "rds",
      "each": "list",
      "provider": "provider.aws",
      "instances": [
        {
          "index_key": 0,
          "schema_version": 0,
          "attributes": {
            "arn": "arn:aws:rds:ap-south-1:238747170134:subgrp:bigfish-rds-subnet-group",
            "description": "rds subnet group for bigfish",
            "id": "bigfish-rds-subnet-group",
            "name": "bigfish-rds-subnet-group",
            "name_prefix": null,
            "subnet_ids": [
              "subnet-066da63127bc32933",
              "subnet-09fe2b1c9d4f96c71"
            ],
            "tags": {
              "Name": "bigfish-test-rds-subnetgroup",
              "Terraform": "true"
            }
          },
          "private": "bnVsbA==",
          "depends_on": [
            "aws_subnet.rds"
          ]
        }
      ]
    },
    {
      "module": "module.notification-ec2",
      "mode": "managed",
      "type": "aws_ebs_volume",
      "name": "data",
      "each": "list",
      "provider": "provider.aws",
      "instances": []
    },
    {
      "module": "module.app-ec2",
      "mode": "managed",
      "type": "aws_ebs_volume",
      "name": "data",
      "each": "list",
      "provider": "provider.aws",
      "instances": []
    },
    {
      "module": "module.jumpserver-ec2",
      "mode": "managed",
      "type": "aws_ebs_volume",
      "name": "data",
      "each": "list",
      "provider": "provider.aws",
      "instances": []
    },
    {
      "module": "module.captcha-ec2",
      "mode": "managed",
      "type": "aws_ebs_volume",
      "name": "data",
      "each": "list",
      "provider": "provider.aws",
      "instances": []
    },
    {
      "module": "module.job-ec2",
      "mode": "managed",
      "type": "aws_ebs_volume",
      "name": "data",
      "each": "list",
      "provider": "provider.aws",
      "instances": []
    },
    {
      "module": "module.web-ec2",
      "mode": "managed",
      "type": "aws_ebs_volume",
      "name": "data",
      "each": "list",
      "provider": "provider.aws",
      "instances": []
    },
    {
      "module": "module.main-vpc",
      "mode": "managed",
      "type": "aws_eip",
      "name": "nat",
      "each": "list",
      "provider": "provider.aws",
      "instances": [
        {
          "index_key": 0,
          "schema_version": 0,
          "attributes": {
            "allocation_id": null,
            "associate_with_private_ip": null,
            "association_id": "eipassoc-bdd60967",
            "domain": "vpc",
            "id": "eipalloc-0e9111622af7b46f4",
            "instance": "",
            "network_interface": "eni-05da22bd56b5628eb",
            "private_dns": "ip-10-0-91-128.ap-south-1.compute.internal",
            "private_ip": "10.0.91.128",
            "public_dns": "ec2-3-7-17-142.ap-south-1.compute.amazonaws.com",
            "public_ip": "3.7.17.142",
            "public_ipv4_pool": "amazon",
            "tags": {
              "Name": "bigfish-test-ap-south-1b-nat-eip",
              "Terraform": "true"
            },
            "timeouts": null,
            "vpc": true
          },
          "private": "eyJlMmJmYjczMC1lY2FhLTExZTYtOGY4OC0zNDM2M2JjN2M0YzAiOnsiZGVsZXRlIjoxODAwMDAwMDAwMDAsInJlYWQiOjkwMDAwMDAwMDAwMCwidXBkYXRlIjozMDAwMDAwMDAwMDB9fQ==",
          "depends_on": [
            "aws_internet_gateway.this",
            "aws_subnet.public"
          ]
        }
      ]
    },
    {
      "module": "module.notification-ec2",
      "mode": "managed",
      "type": "aws_eip",
      "name": "pub_ip_fixed",
      "each": "list",
      "provider": "provider.aws",
      "instances": []
    },
    {
      "module": "module.app-ec2",
      "mode": "managed",
      "type": "aws_eip",
      "name": "pub_ip_fixed",
      "each": "list",
      "provider": "provider.aws",
      "instances": []
    },
    {
      "module": "module.jumpserver-ec2",
      "mode": "managed",
      "type": "aws_eip",
      "name": "pub_ip_fixed",
      "each": "list",
      "provider": "provider.aws",
      "instances": [
        {
          "index_key": 0,
          "schema_version": 0,
          "attributes": {
            "allocation_id": null,
            "associate_with_private_ip": null,
            "association_id": "eipassoc-0aa583be0ff53c05a",
            "domain": "vpc",
            "id": "eipalloc-0ffe3a15c6f85f6c7",
            "instance": "i-09cb9ad741b89f073",
            "network_interface": "eni-0df472e8e9142be2c",
            "private_dns": "ip-10-0-91-189.ap-south-1.compute.internal",
            "private_ip": "10.0.91.189",
            "public_dns": "ec2-3-6-230-134.ap-south-1.compute.amazonaws.com",
            "public_ip": "3.6.230.134",
            "public_ipv4_pool": "amazon",
            "tags": {
              "Environment": "test",
              "Name": "bigfish-test-jumpserver-eip-1",
              "Terraform": "true"
            },
            "timeouts": null,
            "vpc": true
          },
          "private": "eyJlMmJmYjczMC1lY2FhLTExZTYtOGY4OC0zNDM2M2JjN2M0YzAiOnsiZGVsZXRlIjoxODAwMDAwMDAwMDAsInJlYWQiOjkwMDAwMDAwMDAwMCwidXBkYXRlIjozMDAwMDAwMDAwMDB9fQ=="
        }
      ]
    },
    {
      "module": "module.captcha-ec2",
      "mode": "managed",
      "type": "aws_eip",
      "name": "pub_ip_fixed",
      "each": "list",
      "provider": "provider.aws",
      "instances": []
    },
    {
      "module": "module.job-ec2",
      "mode": "managed",
      "type": "aws_eip",
      "name": "pub_ip_fixed",
      "each": "list",
      "provider": "provider.aws",
      "instances": []
    },
    {
      "module": "module.web-ec2",
      "mode": "managed",
      "type": "aws_eip",
      "name": "pub_ip_fixed",
      "each": "list",
      "provider": "provider.aws",
      "instances": []
    },
    {
      "module": "module.notification-ec2",
      "mode": "managed",
      "type": "aws_eip_association",
      "name": "eip_assoc",
      "each": "list",
      "provider": "provider.aws",
      "instances": []
    },
    {
      "module": "module.app-ec2",
      "mode": "managed",
      "type": "aws_eip_association",
      "name": "eip_assoc",
      "each": "list",
      "provider": "provider.aws",
      "instances": []
    },
    {
      "module": "module.jumpserver-ec2",
      "mode": "managed",
      "type": "aws_eip_association",
      "name": "eip_assoc",
      "each": "list",
      "provider": "provider.aws",
      "instances": [
        {
          "index_key": 0,
          "schema_version": 0,
          "attributes": {
            "allocation_id": "eipalloc-0ffe3a15c6f85f6c7",
            "allow_reassociation": null,
            "id": "eipassoc-0aa583be0ff53c05a",
            "instance_id": "i-09cb9ad741b89f073",
            "network_interface_id": "eni-0df472e8e9142be2c",
            "private_ip_address": "10.0.91.189",
            "public_ip": "3.6.230.134"
          },
          "private": "bnVsbA==",
          "depends_on": [
            "aws_eip.pub_ip_fixed",
            "aws_instance.server"
          ]
        }
      ]
    },
    {
      "module": "module.captcha-ec2",
      "mode": "managed",
      "type": "aws_eip_association",
      "name": "eip_assoc",
      "each": "list",
      "provider": "provider.aws",
      "instances": []
    },
    {
      "module": "module.job-ec2",
      "mode": "managed",
      "type": "aws_eip_association",
      "name": "eip_assoc",
      "each": "list",
      "provider": "provider.aws",
      "instances": []
    },
    {
      "module": "module.web-ec2",
      "mode": "managed",
      "type": "aws_eip_association",
      "name": "eip_assoc",
      "each": "list",
      "provider": "provider.aws",
      "instances": []
    },
    {
      "mode": "managed",
      "type": "aws_iam_instance_profile",
      "name": "ec2_monitoring_profile",
      "provider": "provider.aws",
      "instances": [
        {
          "schema_version": 0,
          "attributes": {
            "arn": "arn:aws:iam::238747170134:instance-profile/ec2-monitoring-profile",
            "create_date": "2020-03-11T13:26:59Z",
            "id": "ec2-monitoring-profile",
            "name": "ec2-monitoring-profile",
            "name_prefix": null,
            "path": "/",
            "role": "bigfish-test-monitoring-iam-role",
            "roles": [
              "bigfish-test-monitoring-iam-role"
            ],
            "unique_id": "AIPATPFTQWVLKBTLYSOQM"
          },
          "private": "bnVsbA==",
          "depends_on": [
            "aws_iam_role.ec2_iam_role"
          ]
        }
      ]
    },
    {
      "mode": "managed",
      "type": "aws_iam_role",
      "name": "ec2_iam_role",
      "provider": "provider.aws",
      "instances": [
        {
          "schema_version": 0,
          "attributes": {
            "arn": "arn:aws:iam::238747170134:role/bigfish-test-monitoring-iam-role",
            "assume_role_policy": "{\"Version\":\"2012-10-17\",\"Statement\":[{\"Sid\":\"\",\"Effect\":\"Allow\",\"Principal\":{\"Service\":\"ec2.amazonaws.com\"},\"Action\":\"sts:AssumeRole\"}]}",
            "create_date": "2020-03-11T13:26:57Z",
            "description": "",
            "force_detach_policies": false,
            "id": "bigfish-test-monitoring-iam-role",
            "max_session_duration": 3600,
            "name": "bigfish-test-monitoring-iam-role",
            "name_prefix": null,
            "path": "/",
            "permissions_boundary": null,
            "tags": {
              "Name": "bigfish-test-monitoring-iam-role",
              "Terraform": "true"
            },
            "unique_id": "AROATPFTQWVLAGNBCKTJJ"
          },
          "private": "bnVsbA=="
        }
      ]
    },
    {
      "mode": "managed",
      "type": "aws_iam_role_policy",
      "name": "monitoring_policy",
      "provider": "provider.aws",
      "instances": [
        {
          "schema_version": 0,
          "attributes": {
            "id": "bigfish-test-monitoring-iam-role:monitoring-policy",
            "name": "monitoring-policy",
            "name_prefix": null,
            "policy": "{\n    \"Version\": \"2012-10-17\",\n    \"Statement\": [\n        {\n            \"Effect\": \"Allow\",\n            \"Action\": [\n                \"cloudwatch:PutMetricData\",\n                \"cloudwatch:GetMetricData\",\n                \"cloudwatch:GetMetricStatistics\",\n                \"cloudwatch:ListMetrics\",\n                \"ec2:DescribeTags\",\n                \"s3:List*\",\n                \"s3:Get*\"\n            ],\n            \"Resource\": \"*\"\n        }\n    ]\n}\n",
            "role": "bigfish-test-monitoring-iam-role"
          },
          "private": "bnVsbA==",
          "depends_on": [
            "aws_iam_role.ec2_iam_role"
          ]
        }
      ]
    },
    {
      "module": "module.main-alb",
      "mode": "managed",
      "type": "aws_iam_server_certificate",
      "name": "ssl_cert",
      "each": "list",
      "provider": "provider.aws",
      "instances": [
        {
          "index_key": 0,
          "schema_version": 0,
          "attributes": {
            "arn": "arn:aws:iam::238747170134:server-certificate/bigfish-test-cert-23874717013420200428162246787200000001",
            "certificate_body": "3c23e1369beb8b5c2919284bec7de3e48155503e",
            "certificate_chain": "bbee3bd7857d0621900222aba2b8ab3085079b12",
            "id": "ASCATPFTQWVLMCTGRPF6E",
            "name": "bigfish-test-cert-23874717013420200428162246787200000001",
            "name_prefix": "bigfish-test-cert-238747170134",
            "path": "/",
            "private_key": "64b154d415c772d44fb6a8528a266da5c504d408"
          },
          "private": "bnVsbA=="
        }
      ]
    },
    {
      "module": "module.notification-ec2",
      "mode": "managed",
      "type": "aws_instance",
      "name": "server",
      "each": "list",
      "provider": "provider.aws",
      "instances": [
        {
          "index_key": 0,
          "schema_version": 1,
          "attributes": {
            "ami": "ami-0620d12a9cf777c87",
            "arn": "arn:aws:ec2:ap-south-1:238747170134:instance/i-0271487835e85ea8d",
            "associate_public_ip_address": false,
            "availability_zone": "ap-south-1a",
            "cpu_core_count": 1,
            "cpu_threads_per_core": 1,
            "credit_specification": [
              {
                "cpu_credits": "standard"
              }
            ],
            "disable_api_termination": false,
            "ebs_block_device": [],
            "ebs_optimized": false,
            "ephemeral_block_device": [],
            "get_password_data": false,
            "hibernation": false,
            "host_id": null,
            "iam_instance_profile": "ec2-monitoring-profile",
            "id": "i-0271487835e85ea8d",
            "instance_initiated_shutdown_behavior": "stop",
            "instance_state": "running",
            "instance_type": "t2.small",
            "ipv6_address_count": 0,
            "ipv6_addresses": [],
            "key_name": "bigfish-key-pair",
            "metadata_options": [
              {
                "http_endpoint": "enabled",
                "http_put_response_hop_limit": 1,
                "http_tokens": "optional"
              }
            ],
            "monitoring": false,
            "network_interface": [],
            "network_interface_id": null,
            "outpost_arn": "",
            "password_data": "",
            "placement_group": "",
            "primary_network_interface_id": "eni-0dbf9dce732a6ffa9",
            "private_dns": "ip-10-0-15-154.ap-south-1.compute.internal",
            "private_ip": "10.0.15.154",
            "public_dns": "",
            "public_ip": "",
            "root_block_device": [
              {
                "delete_on_termination": true,
                "device_name": "/dev/sda1",
                "encrypted": false,
                "iops": 100,
                "kms_key_id": "",
                "volume_id": "vol-035980dce08b8c76d",
                "volume_size": 10,
                "volume_type": "gp2"
              }
            ],
            "security_groups": [],
            "source_dest_check": true,
            "subnet_id": "subnet-031f1e72c0dc3214f",
            "tags": {
              "Environment": "test",
              "Name": "bigfish-test-notification-ec2-ap-south-1a-1",
              "Terraform": "true"
            },
            "tenancy": "default",
            "timeouts": null,
            "user_data": "67dead2b862a229f7289ee77e9cf4cd1984662f9",
            "user_data_base64": null,
            "volume_tags": {
              "Environment": "test",
              "Name": "bigfish-test-notification-root-ap-south-1a-1",
              "Terraform": "true"
            },
            "vpc_security_group_ids": [
              "sg-02a1bb6377d73577d"
            ]
          },
          "private": "eyJlMmJmYjczMC1lY2FhLTExZTYtOGY4OC0zNDM2M2JjN2M0YzAiOnsiY3JlYXRlIjo2MDAwMDAwMDAwMDAsImRlbGV0ZSI6MTIwMDAwMDAwMDAwMCwidXBkYXRlIjo2MDAwMDAwMDAwMDB9LCJzY2hlbWFfdmVyc2lvbiI6IjEifQ==",
          "depends_on": [
            "aws_ebs_volume.data",
            "data.template_cloudinit_config.config"
          ]
        }
      ]
    },
    {
      "module": "module.app-ec2",
      "mode": "managed",
      "type": "aws_instance",
      "name": "server",
      "each": "list",
      "provider": "provider.aws",
      "instances": [
        {
          "index_key": 0,
          "schema_version": 1,
          "attributes": {
            "ami": "ami-0620d12a9cf777c87",
            "arn": "arn:aws:ec2:ap-south-1:238747170134:instance/i-0b79cadc83a7f3b69",
            "associate_public_ip_address": false,
            "availability_zone": "ap-south-1a",
            "cpu_core_count": 1,
            "cpu_threads_per_core": 1,
            "credit_specification": [
              {
                "cpu_credits": "standard"
              }
            ],
            "disable_api_termination": false,
            "ebs_block_device": [],
            "ebs_optimized": false,
            "ephemeral_block_device": [],
            "get_password_data": false,
            "hibernation": false,
            "host_id": null,
            "iam_instance_profile": "ec2-monitoring-profile",
            "id": "i-0b79cadc83a7f3b69",
            "instance_initiated_shutdown_behavior": "stop",
            "instance_state": "running",
            "instance_type": "t2.small",
            "ipv6_address_count": 0,
            "ipv6_addresses": [],
            "key_name": "bigfish-key-pair",
            "metadata_options": [
              {
                "http_endpoint": "enabled",
                "http_put_response_hop_limit": 1,
                "http_tokens": "optional"
              }
            ],
            "monitoring": false,
            "network_interface": [],
            "network_interface_id": null,
            "outpost_arn": "",
            "password_data": "",
            "placement_group": "",
            "primary_network_interface_id": "eni-03c733e97813c0f7a",
            "private_dns": "ip-10-0-1-162.ap-south-1.compute.internal",
            "private_ip": "10.0.1.162",
            "public_dns": "",
            "public_ip": "",
            "root_block_device": [
              {
                "delete_on_termination": true,
                "device_name": "/dev/sda1",
                "encrypted": false,
                "iops": 100,
                "kms_key_id": "",
                "volume_id": "vol-00137726e543ac4b5",
                "volume_size": 10,
                "volume_type": "gp2"
              }
            ],
            "security_groups": [],
            "source_dest_check": true,
            "subnet_id": "subnet-0de3b25c8e1111aa0",
            "tags": {
              "Environment": "test",
              "Name": "bigfish-test-app-ec2-ap-south-1a-1",
              "Terraform": "true"
            },
            "tenancy": "default",
            "timeouts": null,
            "user_data": "67dead2b862a229f7289ee77e9cf4cd1984662f9",
            "user_data_base64": null,
            "volume_tags": {
              "Environment": "test",
              "Name": "bigfish-test-app-root-ap-south-1a-1",
              "Terraform": "true"
            },
            "vpc_security_group_ids": [
              "sg-088800003fff27be5"
            ]
          },
          "private": "eyJlMmJmYjczMC1lY2FhLTExZTYtOGY4OC0zNDM2M2JjN2M0YzAiOnsiY3JlYXRlIjo2MDAwMDAwMDAwMDAsImRlbGV0ZSI6MTIwMDAwMDAwMDAwMCwidXBkYXRlIjo2MDAwMDAwMDAwMDB9LCJzY2hlbWFfdmVyc2lvbiI6IjEifQ==",
          "depends_on": [
            "aws_ebs_volume.data",
            "data.template_cloudinit_config.config"
          ]
        },
        {
          "index_key": 1,
          "schema_version": 1,
          "attributes": {
            "ami": "ami-0620d12a9cf777c87",
            "arn": "arn:aws:ec2:ap-south-1:238747170134:instance/i-0554a09b1c35f08a5",
            "associate_public_ip_address": false,
            "availability_zone": "ap-south-1b",
            "cpu_core_count": 1,
            "cpu_threads_per_core": 1,
            "credit_specification": [
              {
                "cpu_credits": "standard"
              }
            ],
            "disable_api_termination": false,
            "ebs_block_device": [],
            "ebs_optimized": false,
            "ephemeral_block_device": [],
            "get_password_data": false,
            "hibernation": false,
            "host_id": null,
            "iam_instance_profile": "ec2-monitoring-profile",
            "id": "i-0554a09b1c35f08a5",
            "instance_initiated_shutdown_behavior": "stop",
            "instance_state": "running",
            "instance_type": "t2.small",
            "ipv6_address_count": 0,
            "ipv6_addresses": [],
            "key_name": "bigfish-key-pair",
            "metadata_options": [
              {
                "http_endpoint": "enabled",
                "http_put_response_hop_limit": 1,
                "http_tokens": "optional"
              }
            ],
            "monitoring": false,
            "network_interface": [],
            "network_interface_id": null,
            "outpost_arn": "",
            "password_data": "",
            "placement_group": "",
            "primary_network_interface_id": "eni-03586ff53e12c4b6c",
            "private_dns": "ip-10-0-2-166.ap-south-1.compute.internal",
            "private_ip": "10.0.2.166",
            "public_dns": "",
            "public_ip": "",
            "root_block_device": [
              {
                "delete_on_termination": true,
                "device_name": "/dev/sda1",
                "encrypted": false,
                "iops": 100,
                "kms_key_id": "",
                "volume_id": "vol-02a846987bf8e486a",
                "volume_size": 10,
                "volume_type": "gp2"
              }
            ],
            "security_groups": [],
            "source_dest_check": true,
            "subnet_id": "subnet-00b08cfa3ba53d96d",
            "tags": {
              "Environment": "test",
              "Name": "bigfish-test-app-ec2-ap-south-1b-2",
              "Terraform": "true"
            },
            "tenancy": "default",
            "timeouts": null,
            "user_data": "67dead2b862a229f7289ee77e9cf4cd1984662f9",
            "user_data_base64": null,
            "volume_tags": {
              "Environment": "test",
              "Name": "bigfish-test-app-root-ap-south-1b-2",
              "Terraform": "true"
            },
            "vpc_security_group_ids": [
              "sg-088800003fff27be5"
            ]
          },
          "private": "eyJlMmJmYjczMC1lY2FhLTExZTYtOGY4OC0zNDM2M2JjN2M0YzAiOnsiY3JlYXRlIjo2MDAwMDAwMDAwMDAsImRlbGV0ZSI6MTIwMDAwMDAwMDAwMCwidXBkYXRlIjo2MDAwMDAwMDAwMDB9LCJzY2hlbWFfdmVyc2lvbiI6IjEifQ==",
          "depends_on": [
            "aws_ebs_volume.data",
            "data.template_cloudinit_config.config"
          ]
        }
      ]
    },
    {
      "module": "module.jumpserver-ec2",
      "mode": "managed",
      "type": "aws_instance",
      "name": "server",
      "each": "list",
      "provider": "provider.aws",
      "instances": [
        {
          "index_key": 0,
          "schema_version": 1,
          "attributes": {
            "ami": "ami-0620d12a9cf777c87",
            "arn": "arn:aws:ec2:ap-south-1:238747170134:instance/i-09cb9ad741b89f073",
            "associate_public_ip_address": true,
            "availability_zone": "ap-south-1b",
            "cpu_core_count": 1,
            "cpu_threads_per_core": 1,
            "credit_specification": [
              {
                "cpu_credits": "standard"
              }
            ],
            "disable_api_termination": false,
            "ebs_block_device": [],
            "ebs_optimized": false,
            "ephemeral_block_device": [],
            "get_password_data": false,
            "hibernation": false,
            "host_id": null,
            "iam_instance_profile": "ec2-monitoring-profile",
            "id": "i-09cb9ad741b89f073",
            "instance_initiated_shutdown_behavior": "stop",
            "instance_state": "running",
            "instance_type": "t2.micro",
            "ipv6_address_count": 0,
            "ipv6_addresses": [],
            "key_name": "bigfish-key-pair",
            "metadata_options": [
              {
                "http_endpoint": "enabled",
                "http_put_response_hop_limit": 1,
                "http_tokens": "optional"
              }
            ],
            "monitoring": false,
            "network_interface": [],
            "network_interface_id": null,
            "outpost_arn": "",
            "password_data": "",
            "placement_group": "",
            "primary_network_interface_id": "eni-0df472e8e9142be2c",
            "private_dns": "ip-10-0-91-189.ap-south-1.compute.internal",
            "private_ip": "10.0.91.189",
            "public_dns": "ec2-3-6-230-134.ap-south-1.compute.amazonaws.com",
            "public_ip": "3.6.230.134",
            "root_block_device": [
              {
                "delete_on_termination": true,
                "device_name": "/dev/sda1",
                "encrypted": false,
                "iops": 100,
                "kms_key_id": "",
                "volume_id": "vol-05ff516bab64b354a",
                "volume_size": 10,
                "volume_type": "gp2"
              }
            ],
            "security_groups": [],
            "source_dest_check": true,
            "subnet_id": "subnet-05792a5f06b5601d9",
            "tags": {
              "Environment": "test",
              "Name": "bigfish-test-jumpserver-ec2-ap-south-1b-1",
              "Terraform": "true"
            },
            "tenancy": "default",
            "timeouts": null,
            "user_data": "67dead2b862a229f7289ee77e9cf4cd1984662f9",
            "user_data_base64": null,
            "volume_tags": {
              "Environment": "test",
              "Name": "bigfish-test-jumpserver-root-ap-south-1b-1",
              "Terraform": "true"
            },
            "vpc_security_group_ids": [
              "sg-0e1608df14de46d6d"
            ]
          },
          "private": "eyJlMmJmYjczMC1lY2FhLTExZTYtOGY4OC0zNDM2M2JjN2M0YzAiOnsiY3JlYXRlIjo2MDAwMDAwMDAwMDAsImRlbGV0ZSI6MTIwMDAwMDAwMDAwMCwidXBkYXRlIjo2MDAwMDAwMDAwMDB9LCJzY2hlbWFfdmVyc2lvbiI6IjEifQ==",
          "depends_on": [
            "aws_ebs_volume.data",
            "data.template_cloudinit_config.config"
          ]
        }
      ]
    },
    {
      "module": "module.captcha-ec2",
      "mode": "managed",
      "type": "aws_instance",
      "name": "server",
      "each": "list",
      "provider": "provider.aws",
      "instances": [
        {
          "index_key": 0,
          "schema_version": 1,
          "attributes": {
            "ami": "ami-0620d12a9cf777c87",
            "arn": "arn:aws:ec2:ap-south-1:238747170134:instance/i-030bdd521bc27681d",
            "associate_public_ip_address": false,
            "availability_zone": "ap-south-1a",
            "cpu_core_count": 1,
            "cpu_threads_per_core": 1,
            "credit_specification": [
              {
                "cpu_credits": "standard"
              }
            ],
            "disable_api_termination": false,
            "ebs_block_device": [],
            "ebs_optimized": false,
            "ephemeral_block_device": [],
            "get_password_data": false,
            "hibernation": false,
            "host_id": null,
            "iam_instance_profile": "ec2-monitoring-profile",
            "id": "i-030bdd521bc27681d",
            "instance_initiated_shutdown_behavior": "stop",
            "instance_state": "running",
            "instance_type": "t2.micro",
            "ipv6_address_count": 0,
            "ipv6_addresses": [],
            "key_name": "bigfish-key-pair",
            "metadata_options": [
              {
                "http_endpoint": "enabled",
                "http_put_response_hop_limit": 1,
                "http_tokens": "optional"
              }
            ],
            "monitoring": false,
            "network_interface": [],
            "network_interface_id": null,
            "outpost_arn": "",
            "password_data": "",
            "placement_group": "",
            "primary_network_interface_id": "eni-09d6dfebe0f98d0c1",
            "private_dns": "ip-10-0-16-244.ap-south-1.compute.internal",
            "private_ip": "10.0.16.244",
            "public_dns": "",
            "public_ip": "",
            "root_block_device": [
              {
                "delete_on_termination": true,
                "device_name": "/dev/sda1",
                "encrypted": false,
                "iops": 100,
                "kms_key_id": "",
                "volume_id": "vol-016920a699c8805ee",
                "volume_size": 10,
                "volume_type": "gp2"
              }
            ],
            "security_groups": [],
            "source_dest_check": true,
            "subnet_id": "subnet-01858dcc7d3e8d315",
            "tags": {
              "Environment": "test",
              "Name": "bigfish-test-captcha-ec2-ap-south-1a-1",
              "Terraform": "true"
            },
            "tenancy": "default",
            "timeouts": null,
            "user_data": "67dead2b862a229f7289ee77e9cf4cd1984662f9",
            "user_data_base64": null,
            "volume_tags": {
              "Environment": "test",
              "Name": "bigfish-test-captcha-root-ap-south-1a-1",
              "Terraform": "true"
            },
            "vpc_security_group_ids": [
              "sg-0b0fb72387981f5bf"
            ]
          },
          "private": "eyJlMmJmYjczMC1lY2FhLTExZTYtOGY4OC0zNDM2M2JjN2M0YzAiOnsiY3JlYXRlIjo2MDAwMDAwMDAwMDAsImRlbGV0ZSI6MTIwMDAwMDAwMDAwMCwidXBkYXRlIjo2MDAwMDAwMDAwMDB9LCJzY2hlbWFfdmVyc2lvbiI6IjEifQ==",
          "depends_on": [
            "aws_ebs_volume.data",
            "data.template_cloudinit_config.config"
          ]
        }
      ]
    },
    {
      "module": "module.job-ec2",
      "mode": "managed",
      "type": "aws_instance",
      "name": "server",
      "each": "list",
      "provider": "provider.aws",
      "instances": [
        {
          "index_key": 0,
          "schema_version": 1,
          "attributes": {
            "ami": "ami-0620d12a9cf777c87",
            "arn": "arn:aws:ec2:ap-south-1:238747170134:instance/i-012229a17c44f835a",
            "associate_public_ip_address": false,
            "availability_zone": "ap-south-1a",
            "cpu_core_count": 1,
            "cpu_threads_per_core": 1,
            "credit_specification": [
              {
                "cpu_credits": "standard"
              }
            ],
            "disable_api_termination": false,
            "ebs_block_device": [],
            "ebs_optimized": false,
            "ephemeral_block_device": [],
            "get_password_data": false,
            "hibernation": false,
            "host_id": null,
            "iam_instance_profile": "ec2-monitoring-profile",
            "id": "i-012229a17c44f835a",
            "instance_initiated_shutdown_behavior": "stop",
            "instance_state": "running",
            "instance_type": "t2.small",
            "ipv6_address_count": 0,
            "ipv6_addresses": [],
            "key_name": "bigfish-key-pair",
            "metadata_options": [
              {
                "http_endpoint": "enabled",
                "http_put_response_hop_limit": 1,
                "http_tokens": "optional"
              }
            ],
            "monitoring": false,
            "network_interface": [],
            "network_interface_id": null,
            "outpost_arn": "",
            "password_data": "",
            "placement_group": "",
            "primary_network_interface_id": "eni-08565f2f7c783bfbf",
            "private_dns": "ip-10-0-15-117.ap-south-1.compute.internal",
            "private_ip": "10.0.15.117",
            "public_dns": "",
            "public_ip": "",
            "root_block_device": [
              {
                "delete_on_termination": true,
                "device_name": "/dev/sda1",
                "encrypted": false,
                "iops": 100,
                "kms_key_id": "",
                "volume_id": "vol-0bc71fb28e440a6fd",
                "volume_size": 10,
                "volume_type": "gp2"
              }
            ],
            "security_groups": [],
            "source_dest_check": true,
            "subnet_id": "subnet-031f1e72c0dc3214f",
            "tags": {
              "Environment": "test",
              "Name": "bigfish-test-job-ec2-ap-south-1a-1",
              "Terraform": "true"
            },
            "tenancy": "default",
            "timeouts": null,
            "user_data": "67dead2b862a229f7289ee77e9cf4cd1984662f9",
            "user_data_base64": null,
            "volume_tags": {
              "Environment": "test",
              "Name": "bigfish-test-job-root-ap-south-1a-1",
              "Terraform": "true"
            },
            "vpc_security_group_ids": [
              "sg-0bdcd39985e8d060c"
            ]
          },
          "private": "eyJlMmJmYjczMC1lY2FhLTExZTYtOGY4OC0zNDM2M2JjN2M0YzAiOnsiY3JlYXRlIjo2MDAwMDAwMDAwMDAsImRlbGV0ZSI6MTIwMDAwMDAwMDAwMCwidXBkYXRlIjo2MDAwMDAwMDAwMDB9LCJzY2hlbWFfdmVyc2lvbiI6IjEifQ==",
          "depends_on": [
            "aws_ebs_volume.data",
            "data.template_cloudinit_config.config"
          ]
        }
      ]
    },
    {
      "module": "module.web-ec2",
      "mode": "managed",
      "type": "aws_instance",
      "name": "server",
      "each": "list",
      "provider": "provider.aws",
      "instances": [
        {
          "index_key": 0,
          "schema_version": 1,
          "attributes": {
            "ami": "ami-0620d12a9cf777c87",
            "arn": "arn:aws:ec2:ap-south-1:238747170134:instance/i-094d5065d575cf5fc",
            "associate_public_ip_address": false,
            "availability_zone": "ap-south-1a",
            "cpu_core_count": 1,
            "cpu_threads_per_core": 1,
            "credit_specification": [
              {
                "cpu_credits": "standard"
              }
            ],
            "disable_api_termination": false,
            "ebs_block_device": [],
            "ebs_optimized": false,
            "ephemeral_block_device": [],
            "get_password_data": false,
            "hibernation": false,
            "host_id": null,
            "iam_instance_profile": "ec2-monitoring-profile",
            "id": "i-094d5065d575cf5fc",
            "instance_initiated_shutdown_behavior": "stop",
            "instance_state": "running",
            "instance_type": "t2.micro",
            "ipv6_address_count": 0,
            "ipv6_addresses": [],
            "key_name": "bigfish-key-pair",
            "metadata_options": [
              {
                "http_endpoint": "enabled",
                "http_put_response_hop_limit": 1,
                "http_tokens": "optional"
              }
            ],
            "monitoring": false,
            "network_interface": [],
            "network_interface_id": null,
            "outpost_arn": "",
            "password_data": "",
            "placement_group": "",
            "primary_network_interface_id": "eni-00e8c4698cf20adaf",
            "private_dns": "ip-10-0-10-91.ap-south-1.compute.internal",
            "private_ip": "10.0.10.91",
            "public_dns": "",
            "public_ip": "",
            "root_block_device": [
              {
                "delete_on_termination": true,
                "device_name": "/dev/sda1",
                "encrypted": false,
                "iops": 100,
                "kms_key_id": "",
                "volume_id": "vol-02082e045b41e1204",
                "volume_size": 10,
                "volume_type": "gp2"
              }
            ],
            "security_groups": [],
            "source_dest_check": true,
            "subnet_id": "subnet-025f9ef613d509921",
            "tags": {
              "Environment": "test",
              "Name": "bigfish-test-web-ec2-ap-south-1a-1",
              "Terraform": "true"
            },
            "tenancy": "default",
            "timeouts": null,
            "user_data": "67dead2b862a229f7289ee77e9cf4cd1984662f9",
            "user_data_base64": null,
            "volume_tags": {
              "Environment": "test",
              "Name": "bigfish-test-web-root-ap-south-1a-1",
              "Terraform": "true"
            },
            "vpc_security_group_ids": [
              "sg-005ae396eb087c67d"
            ]
          },
          "private": "eyJlMmJmYjczMC1lY2FhLTExZTYtOGY4OC0zNDM2M2JjN2M0YzAiOnsiY3JlYXRlIjo2MDAwMDAwMDAwMDAsImRlbGV0ZSI6MTIwMDAwMDAwMDAwMCwidXBkYXRlIjo2MDAwMDAwMDAwMDB9LCJzY2hlbWFfdmVyc2lvbiI6IjEifQ==",
          "depends_on": [
            "aws_ebs_volume.data",
            "data.template_cloudinit_config.config"
          ]
        }
      ]
    },
    {
      "module": "module.main-vpc",
      "mode": "managed",
      "type": "aws_internet_gateway",
      "name": "this",
      "each": "list",
      "provider": "provider.aws",
      "instances": [
        {
          "index_key": 0,
          "schema_version": 0,
          "attributes": {
            "id": "igw-070e75ee5e6b709e7",
            "owner_id": "238747170134",
            "tags": {
              "Name": "bigfish-test-igw",
              "Terraform": "true"
            },
            "vpc_id": "vpc-0c478a90a9bb11b5c"
          },
          "private": "bnVsbA=="
        }
      ]
    },
    {
      "mode": "managed",
      "type": "aws_key_pair",
      "name": "key_pair",
      "each": "list",
      "provider": "provider.aws",
      "instances": [
        {
          "index_key": 0,
          "schema_version": 1,
          "attributes": {
            "fingerprint": "74:19:fa:ad:c7:23:ba:d6:ab:8b:c4:45:67:7c:89:aa",
            "id": "bigfish-key-pair",
            "key_name": "bigfish-key-pair",
            "key_name_prefix": null,
            "key_pair_id": "key-07a3543401bb22543",
            "public_key": "ssh-rsa AAAAB3NzaC1yc2EAAAADAQABAAABAQDdLVGkpOXzDMqJqwSF3i7Ukkh0oNraQBDF4wqtq1GzStlaYQmZ8vBZWo53Y+CD/6qgSKntKW3LI1u14dp2fXCPQnPuwSNSTwxMbgHXIa+tu0VuXSbUQ/puCDOC9YmPKlYEjZ2bIFMdKLPwMj7OXsCo4Iqfx6SI6nOJNYxGHPmOHeSUDFZj9fo9cP4FXmhKAOvoHi+tVflYPP5K05zPkUUdwf/yCECbu/VK6GcqZCQkdxYAWd544RRK0bsSn+qtbgzvyD5h2XMriEvz5vV1fwQR5KZZb1qvzSgNa12mvQHdY/i32ErylwDZrFRtwsV1TfMaC2d4xuwzOTvLz+YILIbr root@ip-10-0-1-231",
            "tags": {}
          },
          "private": "eyJzY2hlbWFfdmVyc2lvbiI6IjEifQ=="
        }
      ]
    },
    {
      "module": "module.main-alb",
      "mode": "managed",
      "type": "aws_lb",
      "name": "application",
      "provider": "provider.aws",
      "instances": [
        {
          "schema_version": 0,
          "attributes": {
            "access_logs": [
              {
                "bucket": "",
                "enabled": false,
                "prefix": ""
              }
            ],
            "arn": "arn:aws:elasticloadbalancing:ap-south-1:238747170134:loadbalancer/app/bigfish-test-alb/4c84eedf82165271",
            "arn_suffix": "app/bigfish-test-alb/4c84eedf82165271",
            "dns_name": "bigfish-test-alb-236640260.ap-south-1.elb.amazonaws.com",
            "drop_invalid_header_fields": false,
            "enable_cross_zone_load_balancing": null,
            "enable_deletion_protection": false,
            "enable_http2": true,
            "id": "arn:aws:elasticloadbalancing:ap-south-1:238747170134:loadbalancer/app/bigfish-test-alb/4c84eedf82165271",
            "idle_timeout": 60,
            "internal": false,
            "ip_address_type": "ipv4",
            "load_balancer_type": "application",
            "name": "bigfish-test-alb",
            "name_prefix": null,
            "security_groups": [
              "sg-000f73f2e902b98fd"
            ],
            "subnet_mapping": [
              {
                "allocation_id": "",
                "subnet_id": "subnet-044ff480922e56d7d"
              },
              {
                "allocation_id": "",
                "subnet_id": "subnet-08660d7b0c79fb660"
              }
            ],
            "subnets": [
              "subnet-044ff480922e56d7d",
              "subnet-08660d7b0c79fb660"
            ],
            "tags": {
              "Environment": "test",
              "Name": "bigfish-test-alb",
              "Terraform": "true"
            },
            "timeouts": null,
            "vpc_id": "vpc-0c478a90a9bb11b5c",
            "zone_id": "ZP97RAFLXTNZK"
          },
          "private": "eyJlMmJmYjczMC1lY2FhLTExZTYtOGY4OC0zNDM2M2JjN2M0YzAiOnsiY3JlYXRlIjo2MDAwMDAwMDAwMDAsImRlbGV0ZSI6NjAwMDAwMDAwMDAwLCJ1cGRhdGUiOjYwMDAwMDAwMDAwMH19"
        }
      ]
    },
    {
      "module": "module.main-alb",
      "mode": "managed",
      "type": "aws_lb_listener",
      "name": "frontend_http",
      "each": "list",
      "provider": "provider.aws",
      "instances": [
        {
          "index_key": 0,
          "schema_version": 0,
          "attributes": {
            "arn": "arn:aws:elasticloadbalancing:ap-south-1:238747170134:listener/app/bigfish-test-alb/4c84eedf82165271/ae00b22cebb4c76f",
            "certificate_arn": null,
            "default_action": [
              {
                "authenticate_cognito": [],
                "authenticate_oidc": [],
                "fixed_response": [],
                "order": 1,
                "redirect": [
                  {
                    "host": "#{host}",
                    "path": "/#{path}",
                    "port": "443",
                    "protocol": "HTTPS",
                    "query": "#{query}",
                    "status_code": "HTTP_301"
                  }
                ],
                "target_group_arn": "",
                "type": "redirect"
              }
            ],
            "id": "arn:aws:elasticloadbalancing:ap-south-1:238747170134:listener/app/bigfish-test-alb/4c84eedf82165271/ae00b22cebb4c76f",
            "load_balancer_arn": "arn:aws:elasticloadbalancing:ap-south-1:238747170134:loadbalancer/app/bigfish-test-alb/4c84eedf82165271",
            "port": 80,
            "protocol": "HTTP",
            "ssl_policy": "",
            "timeouts": null
          },
          "private": "eyJlMmJmYjczMC1lY2FhLTExZTYtOGY4OC0zNDM2M2JjN2M0YzAiOnsicmVhZCI6NjAwMDAwMDAwMDAwfX0=",
          "depends_on": [
            "aws_lb.application",
            "aws_lb_target_group.web_https_target_group[0]"
          ]
        }
      ]
    },
    {
      "module": "module.main-alb",
      "mode": "managed",
      "type": "aws_lb_listener",
      "name": "frontend_https",
      "each": "list",
      "provider": "provider.aws",
      "instances": [
        {
          "index_key": 0,
          "schema_version": 0,
          "attributes": {
            "arn": "arn:aws:elasticloadbalancing:ap-south-1:238747170134:listener/app/bigfish-test-alb/4c84eedf82165271/d7e355906cfb2a9a",
            "certificate_arn": "arn:aws:iam::238747170134:server-certificate/bigfish-test-cert-23874717013420200428162246787200000001",
            "default_action": [
              {
                "authenticate_cognito": [],
                "authenticate_oidc": [],
                "fixed_response": [],
                "order": 1,
                "redirect": [],
                "target_group_arn": "arn:aws:elasticloadbalancing:ap-south-1:238747170134:targetgroup/web-http-target-group/e5872b7016f08913",
                "type": "forward"
              }
            ],
            "id": "arn:aws:elasticloadbalancing:ap-south-1:238747170134:listener/app/bigfish-test-alb/4c84eedf82165271/d7e355906cfb2a9a",
            "load_balancer_arn": "arn:aws:elasticloadbalancing:ap-south-1:238747170134:loadbalancer/app/bigfish-test-alb/4c84eedf82165271",
            "port": 443,
            "protocol": "HTTPS",
            "ssl_policy": "ELBSecurityPolicy-TLS-1-2-2017-01",
            "timeouts": null
          },
          "private": "eyJlMmJmYjczMC1lY2FhLTExZTYtOGY4OC0zNDM2M2JjN2M0YzAiOnsicmVhZCI6NjAwMDAwMDAwMDAwfX0=",
          "depends_on": [
            "aws_iam_server_certificate.ssl_cert[0]",
            "aws_lb.application",
            "aws_lb_target_group.web_target_group"
          ]
        }
      ]
    },
    {
      "module": "module.main-alb",
      "mode": "managed",
      "type": "aws_lb_listener_rule",
      "name": "app_https_rule",
      "provider": "provider.aws",
      "instances": [
        {
          "schema_version": 0,
          "attributes": {
            "action": [
              {
                "authenticate_cognito": [],
                "authenticate_oidc": [],
                "fixed_response": [],
                "order": 1,
                "redirect": [],
                "target_group_arn": "arn:aws:elasticloadbalancing:ap-south-1:238747170134:targetgroup/app-http-targets-group/10a5b4ba638b402b",
                "type": "forward"
              }
            ],
            "arn": "arn:aws:elasticloadbalancing:ap-south-1:238747170134:listener-rule/app/bigfish-test-alb/4c84eedf82165271/d7e355906cfb2a9a/5ebac235f40f839a",
            "condition": [
              {
                "field": "path-pattern",
                "host_header": [],
                "http_header": [],
                "http_request_method": [],
                "path_pattern": [
                  {
                    "values": [
                      "/bigfishserver/*"
                    ]
                  }
                ],
                "query_string": [],
                "source_ip": [],
                "values": [
                  "/bigfishserver/*"
                ]
              }
            ],
            "id": "arn:aws:elasticloadbalancing:ap-south-1:238747170134:listener-rule/app/bigfish-test-alb/4c84eedf82165271/d7e355906cfb2a9a/5ebac235f40f839a",
            "listener_arn": "arn:aws:elasticloadbalancing:ap-south-1:238747170134:listener/app/bigfish-test-alb/4c84eedf82165271/d7e355906cfb2a9a",
            "priority": 1
          },
          "private": "bnVsbA==",
          "depends_on": [
            "aws_lb_listener.frontend_https[0]",
            "aws_lb_target_group.app_target_group"
          ]
        }
      ]
    },
    {
      "module": "module.main-alb",
      "mode": "managed",
      "type": "aws_lb_listener_rule",
      "name": "web_https_rule",
      "provider": "provider.aws",
      "instances": [
        {
          "schema_version": 0,
          "attributes": {
            "action": [
              {
                "authenticate_cognito": [],
                "authenticate_oidc": [],
                "fixed_response": [],
                "order": 1,
                "redirect": [],
                "target_group_arn": "arn:aws:elasticloadbalancing:ap-south-1:238747170134:targetgroup/web-http-target-group/e5872b7016f08913",
                "type": "forward"
              }
            ],
            "arn": "arn:aws:elasticloadbalancing:ap-south-1:238747170134:listener-rule/app/bigfish-test-alb/4c84eedf82165271/d7e355906cfb2a9a/722d4d0956f402a2",
            "condition": [
              {
                "field": "path-pattern",
                "host_header": [],
                "http_header": [],
                "http_request_method": [],
                "path_pattern": [
                  {
                    "values": [
                      "/"
                    ]
                  }
                ],
                "query_string": [],
                "source_ip": [],
                "values": [
                  "/"
                ]
              }
            ],
            "id": "arn:aws:elasticloadbalancing:ap-south-1:238747170134:listener-rule/app/bigfish-test-alb/4c84eedf82165271/d7e355906cfb2a9a/722d4d0956f402a2",
            "listener_arn": "arn:aws:elasticloadbalancing:ap-south-1:238747170134:listener/app/bigfish-test-alb/4c84eedf82165271/d7e355906cfb2a9a",
            "priority": 2
          },
          "private": "bnVsbA==",
          "depends_on": [
            "aws_lb_listener.frontend_https[0]",
            "aws_lb_target_group.web_https_target_group[0]"
          ]
        }
      ]
    },
    {
      "module": "module.main-alb",
      "mode": "managed",
      "type": "aws_lb_target_group",
      "name": "app_target_group",
      "provider": "provider.aws",
      "instances": [
        {
          "schema_version": 0,
          "attributes": {
            "arn": "arn:aws:elasticloadbalancing:ap-south-1:238747170134:targetgroup/app-http-targets-group/10a5b4ba638b402b",
            "arn_suffix": "targetgroup/app-http-targets-group/10a5b4ba638b402b",
            "deregistration_delay": 300,
            "health_check": [
              {
                "enabled": true,
                "healthy_threshold": 3,
                "interval": 10,
                "matcher": "200-301",
                "path": "/bigfishserver/",
                "port": "traffic-port",
                "protocol": "HTTP",
                "timeout": 5,
                "unhealthy_threshold": 3
              }
            ],
            "id": "arn:aws:elasticloadbalancing:ap-south-1:238747170134:targetgroup/app-http-targets-group/10a5b4ba638b402b",
            "lambda_multi_value_headers_enabled": false,
            "load_balancing_algorithm_type": "round_robin",
            "name": "app-http-targets-group",
            "name_prefix": null,
            "port": 5000,
            "protocol": "HTTP",
            "proxy_protocol_v2": false,
            "slow_start": 0,
            "stickiness": [
              {
                "cookie_duration": 86400,
                "enabled": true,
                "type": "lb_cookie"
              }
            ],
            "tags": {
              "Environment": "test",
              "Name": "app-http-targets-group",
              "Terraform": "true"
            },
            "target_type": "instance",
            "vpc_id": "vpc-0c478a90a9bb11b5c"
          },
          "private": "bnVsbA==",
          "depends_on": [
            "aws_lb.application"
          ]
        }
      ]
    },
    {
      "module": "module.main-alb",
      "mode": "managed",
      "type": "aws_lb_target_group",
      "name": "web_target_group",
      "provider": "provider.aws",
      "instances": [
        {
          "schema_version": 0,
          "attributes": {
            "arn": "arn:aws:elasticloadbalancing:ap-south-1:238747170134:targetgroup/web-http-target-group/e5872b7016f08913",
            "arn_suffix": "targetgroup/web-http-target-group/e5872b7016f08913",
            "deregistration_delay": 300,
            "health_check": [
              {
                "enabled": true,
                "healthy_threshold": 3,
                "interval": 10,
                "matcher": "200-301",
                "path": "/index.html",
                "port": "traffic-port",
                "protocol": "HTTP",
                "timeout": 5,
                "unhealthy_threshold": 3
              }
            ],
            "id": "arn:aws:elasticloadbalancing:ap-south-1:238747170134:targetgroup/web-http-target-group/e5872b7016f08913",
            "lambda_multi_value_headers_enabled": false,
            "load_balancing_algorithm_type": "round_robin",
            "name": "web-http-target-group",
            "name_prefix": null,
            "port": 80,
            "protocol": "HTTP",
            "proxy_protocol_v2": false,
            "slow_start": 0,
            "stickiness": [
              {
                "cookie_duration": 86400,
                "enabled": true,
                "type": "lb_cookie"
              }
            ],
            "tags": {
              "Environment": "test",
              "Name": "web-http-target-group",
              "Terraform": "true"
            },
            "target_type": "instance",
            "vpc_id": "vpc-0c478a90a9bb11b5c"
          },
          "private": "bnVsbA==",
          "depends_on": [
            "aws_lb.application"
          ]
        }
      ]
    },
    {
      "module": "module.main-alb",
      "mode": "managed",
      "type": "aws_lb_target_group_attachment",
      "name": "app_http_target_attachment",
      "each": "list",
      "provider": "provider.aws",
      "instances": [
        {
          "index_key": 0,
          "schema_version": 0,
          "attributes": {
            "availability_zone": null,
            "id": "arn:aws:elasticloadbalancing:ap-south-1:238747170134:targetgroup/app-http-targets-group/10a5b4ba638b402b-20200428130020087500000003",
            "port": null,
            "target_group_arn": "arn:aws:elasticloadbalancing:ap-south-1:238747170134:targetgroup/app-http-targets-group/10a5b4ba638b402b",
            "target_id": "i-0b79cadc83a7f3b69"
          },
          "private": "bnVsbA==",
          "depends_on": [
            "aws_lb_target_group.app_target_group"
          ]
        },
        {
          "index_key": 1,
          "schema_version": 0,
          "attributes": {
            "availability_zone": null,
            "id": "arn:aws:elasticloadbalancing:ap-south-1:238747170134:targetgroup/app-http-targets-group/10a5b4ba638b402b-20200428130020035500000002",
            "port": null,
            "target_group_arn": "arn:aws:elasticloadbalancing:ap-south-1:238747170134:targetgroup/app-http-targets-group/10a5b4ba638b402b",
            "target_id": "i-0554a09b1c35f08a5"
          },
          "private": "bnVsbA==",
          "depends_on": [
            "aws_lb_target_group.app_target_group"
          ]
        }
      ]
    },
    {
      "module": "module.main-alb",
      "mode": "managed",
      "type": "aws_lb_target_group_attachment",
      "name": "web_http_target_attachment",
      "each": "list",
      "provider": "provider.aws",
      "instances": [
        {
          "index_key": 0,
          "schema_version": 0,
          "attributes": {
            "availability_zone": null,
            "id": "arn:aws:elasticloadbalancing:ap-south-1:238747170134:targetgroup/web-http-target-group/e5872b7016f08913-20200311132922141300000007",
            "port": null,
            "target_group_arn": "arn:aws:elasticloadbalancing:ap-south-1:238747170134:targetgroup/web-http-target-group/e5872b7016f08913",
            "target_id": "i-094d5065d575cf5fc"
          },
          "private": "bnVsbA==",
          "depends_on": [
            "aws_lb_target_group.web_target_group"
          ]
        }
      ]
    },
    {
      "module": "module.main-vpc",
      "mode": "managed",
      "type": "aws_nat_gateway",
      "name": "this",
      "each": "list",
      "provider": "provider.aws",
      "instances": [
        {
          "index_key": 0,
          "schema_version": 0,
          "attributes": {
            "allocation_id": "eipalloc-0e9111622af7b46f4",
            "id": "nat-0f019b0f2a6e75e56",
            "network_interface_id": "eni-05da22bd56b5628eb",
            "private_ip": "10.0.91.128",
            "public_ip": "3.7.17.142",
            "subnet_id": "subnet-05792a5f06b5601d9",
            "tags": {
              "Name": "bigfish-test-ap-south-1b-nat",
              "Terraform": "true"
            }
          },
          "private": "bnVsbA==",
          "depends_on": [
            "aws_internet_gateway.this",
            "aws_subnet.public"
          ]
        }
      ]
    },
    {
      "module": "module.main-vpc",
      "mode": "managed",
      "type": "aws_network_acl",
      "name": "app",
      "each": "list",
      "provider": "provider.aws",
      "instances": []
    },
    {
      "module": "module.main-vpc",
      "mode": "managed",
      "type": "aws_network_acl",
      "name": "captcha",
      "each": "list",
      "provider": "provider.aws",
      "instances": []
    },
    {
      "module": "module.main-vpc",
      "mode": "managed",
      "type": "aws_network_acl",
      "name": "lb",
      "each": "list",
      "provider": "provider.aws",
      "instances": []
    },
    {
      "module": "module.main-vpc",
      "mode": "managed",
      "type": "aws_network_acl",
      "name": "notification",
      "each": "list",
      "provider": "provider.aws",
      "instances": []
    },
    {
      "module": "module.main-vpc",
      "mode": "managed",
      "type": "aws_network_acl",
      "name": "public",
      "each": "list",
      "provider": "provider.aws",
      "instances": []
    },
    {
      "module": "module.main-vpc",
      "mode": "managed",
      "type": "aws_network_acl",
      "name": "rds",
      "each": "list",
      "provider": "provider.aws",
      "instances": []
    },
    {
      "module": "module.main-vpc",
      "mode": "managed",
      "type": "aws_network_acl",
      "name": "web",
      "each": "list",
      "provider": "provider.aws",
      "instances": []
    },
    {
      "module": "module.main-vpc",
      "mode": "managed",
      "type": "aws_network_acl_rule",
      "name": "app_inbound",
      "each": "list",
      "provider": "provider.aws",
      "instances": []
    },
    {
      "module": "module.main-vpc",
      "mode": "managed",
      "type": "aws_network_acl_rule",
      "name": "app_outbound",
      "each": "list",
      "provider": "provider.aws",
      "instances": []
    },
    {
      "module": "module.main-vpc",
      "mode": "managed",
      "type": "aws_network_acl_rule",
      "name": "captcha_inbound",
      "each": "list",
      "provider": "provider.aws",
      "instances": []
    },
    {
      "module": "module.main-vpc",
      "mode": "managed",
      "type": "aws_network_acl_rule",
      "name": "captcha_outbound",
      "each": "list",
      "provider": "provider.aws",
      "instances": []
    },
    {
      "module": "module.main-vpc",
      "mode": "managed",
      "type": "aws_network_acl_rule",
      "name": "lb_inbound",
      "each": "list",
      "provider": "provider.aws",
      "instances": []
    },
    {
      "module": "module.main-vpc",
      "mode": "managed",
      "type": "aws_network_acl_rule",
      "name": "lb_outbound",
      "each": "list",
      "provider": "provider.aws",
      "instances": []
    },
    {
      "module": "module.main-vpc",
      "mode": "managed",
      "type": "aws_network_acl_rule",
      "name": "notification_inbound",
      "each": "list",
      "provider": "provider.aws",
      "instances": []
    },
    {
      "module": "module.main-vpc",
      "mode": "managed",
      "type": "aws_network_acl_rule",
      "name": "notification_outbound",
      "each": "list",
      "provider": "provider.aws",
      "instances": []
    },
    {
      "module": "module.main-vpc",
      "mode": "managed",
      "type": "aws_network_acl_rule",
      "name": "public_inbound",
      "each": "list",
      "provider": "provider.aws",
      "instances": []
    },
    {
      "module": "module.main-vpc",
      "mode": "managed",
      "type": "aws_network_acl_rule",
      "name": "public_outbound",
      "each": "list",
      "provider": "provider.aws",
      "instances": []
    },
    {
      "module": "module.main-vpc",
      "mode": "managed",
      "type": "aws_network_acl_rule",
      "name": "rds_inbound",
      "each": "list",
      "provider": "provider.aws",
      "instances": []
    },
    {
      "module": "module.main-vpc",
      "mode": "managed",
      "type": "aws_network_acl_rule",
      "name": "rds_outbound",
      "each": "list",
      "provider": "provider.aws",
      "instances": []
    },
    {
      "module": "module.main-vpc",
      "mode": "managed",
      "type": "aws_network_acl_rule",
      "name": "web_inbound",
      "each": "list",
      "provider": "provider.aws",
      "instances": []
    },
    {
      "module": "module.main-vpc",
      "mode": "managed",
      "type": "aws_network_acl_rule",
      "name": "web_outbound",
      "each": "list",
      "provider": "provider.aws",
      "instances": []
    },
    {
      "module": "module.main-vpc",
      "mode": "managed",
      "type": "aws_route",
      "name": "app_nat_gateway",
      "each": "list",
      "provider": "provider.aws",
      "instances": [
        {
          "index_key": 0,
          "schema_version": 0,
          "attributes": {
            "destination_cidr_block": "0.0.0.0/0",
            "destination_ipv6_cidr_block": null,
            "destination_prefix_list_id": "",
            "egress_only_gateway_id": "",
            "gateway_id": "",
            "id": "r-rtb-07861a4064040827c1080289494",
            "instance_id": "",
            "instance_owner_id": "",
            "nat_gateway_id": "nat-0f019b0f2a6e75e56",
            "network_interface_id": "",
            "origin": "CreateRoute",
            "route_table_id": "rtb-07861a4064040827c",
            "state": "active",
            "timeouts": {
              "create": "5m",
              "delete": null
            },
            "transit_gateway_id": "",
            "vpc_peering_connection_id": ""
          },
          "private": "eyJlMmJmYjczMC1lY2FhLTExZTYtOGY4OC0zNDM2M2JjN2M0YzAiOnsiY3JlYXRlIjozMDAwMDAwMDAwMDAsImRlbGV0ZSI6MzAwMDAwMDAwMDAwfX0=",
          "depends_on": [
            "aws_nat_gateway.this",
            "aws_route_table.app"
          ]
        }
      ]
    },
    {
      "module": "module.main-vpc",
      "mode": "managed",
      "type": "aws_route",
      "name": "captcha_nat_gateway",
      "each": "list",
      "provider": "provider.aws",
      "instances": [
        {
          "index_key": 0,
          "schema_version": 0,
          "attributes": {
            "destination_cidr_block": "0.0.0.0/0",
            "destination_ipv6_cidr_block": null,
            "destination_prefix_list_id": "",
            "egress_only_gateway_id": "",
            "gateway_id": "",
            "id": "r-rtb-0a23f7e7afaaf1d4c1080289494",
            "instance_id": "",
            "instance_owner_id": "",
            "nat_gateway_id": "nat-0f019b0f2a6e75e56",
            "network_interface_id": "",
            "origin": "CreateRoute",
            "route_table_id": "rtb-0a23f7e7afaaf1d4c",
            "state": "active",
            "timeouts": {
              "create": "5m",
              "delete": null
            },
            "transit_gateway_id": "",
            "vpc_peering_connection_id": ""
          },
          "private": "eyJlMmJmYjczMC1lY2FhLTExZTYtOGY4OC0zNDM2M2JjN2M0YzAiOnsiY3JlYXRlIjozMDAwMDAwMDAwMDAsImRlbGV0ZSI6MzAwMDAwMDAwMDAwfX0=",
          "depends_on": [
            "aws_nat_gateway.this",
            "aws_route_table.captcha"
          ]
        }
      ]
    },
    {
      "module": "module.main-vpc",
      "mode": "managed",
      "type": "aws_route",
      "name": "lb_internet_gateway",
      "each": "list",
      "provider": "provider.aws",
      "instances": [
        {
          "index_key": 0,
          "schema_version": 0,
          "attributes": {
            "destination_cidr_block": "0.0.0.0/0",
            "destination_ipv6_cidr_block": null,
            "destination_prefix_list_id": "",
            "egress_only_gateway_id": "",
            "gateway_id": "igw-070e75ee5e6b709e7",
            "id": "r-rtb-0e171aa7644510ca51080289494",
            "instance_id": "",
            "instance_owner_id": "",
            "nat_gateway_id": "",
            "network_interface_id": "",
            "origin": "CreateRoute",
            "route_table_id": "rtb-0e171aa7644510ca5",
            "state": "active",
            "timeouts": {
              "create": "5m",
              "delete": null
            },
            "transit_gateway_id": "",
            "vpc_peering_connection_id": ""
          },
          "private": "eyJlMmJmYjczMC1lY2FhLTExZTYtOGY4OC0zNDM2M2JjN2M0YzAiOnsiY3JlYXRlIjozMDAwMDAwMDAwMDAsImRlbGV0ZSI6MzAwMDAwMDAwMDAwfX0=",
          "depends_on": [
            "aws_internet_gateway.this[0]",
            "aws_route_table.lb[0]"
          ]
        }
      ]
    },
    {
      "module": "module.main-vpc",
      "mode": "managed",
      "type": "aws_route",
      "name": "notification_nat_gateway",
      "each": "list",
      "provider": "provider.aws",
      "instances": [
        {
          "index_key": 0,
          "schema_version": 0,
          "attributes": {
            "destination_cidr_block": "0.0.0.0/0",
            "destination_ipv6_cidr_block": null,
            "destination_prefix_list_id": "",
            "egress_only_gateway_id": "",
            "gateway_id": "",
            "id": "r-rtb-088a6dbd505da9cde1080289494",
            "instance_id": "",
            "instance_owner_id": "",
            "nat_gateway_id": "nat-0f019b0f2a6e75e56",
            "network_interface_id": "",
            "origin": "CreateRoute",
            "route_table_id": "rtb-088a6dbd505da9cde",
            "state": "active",
            "timeouts": {
              "create": "5m",
              "delete": null
            },
            "transit_gateway_id": "",
            "vpc_peering_connection_id": ""
          },
          "private": "eyJlMmJmYjczMC1lY2FhLTExZTYtOGY4OC0zNDM2M2JjN2M0YzAiOnsiY3JlYXRlIjozMDAwMDAwMDAwMDAsImRlbGV0ZSI6MzAwMDAwMDAwMDAwfX0=",
          "depends_on": [
            "aws_nat_gateway.this",
            "aws_route_table.notification"
          ]
        }
      ]
    },
    {
      "module": "module.main-vpc",
      "mode": "managed",
      "type": "aws_route",
      "name": "public_internet_gateway",
      "each": "list",
      "provider": "provider.aws",
      "instances": [
        {
          "index_key": 0,
          "schema_version": 0,
          "attributes": {
            "destination_cidr_block": "0.0.0.0/0",
            "destination_ipv6_cidr_block": null,
            "destination_prefix_list_id": "",
            "egress_only_gateway_id": "",
            "gateway_id": "igw-070e75ee5e6b709e7",
            "id": "r-rtb-0e1ddc1ef47a2d4e81080289494",
            "instance_id": "",
            "instance_owner_id": "",
            "nat_gateway_id": "",
            "network_interface_id": "",
            "origin": "CreateRoute",
            "route_table_id": "rtb-0e1ddc1ef47a2d4e8",
            "state": "active",
            "timeouts": {
              "create": "5m",
              "delete": null
            },
            "transit_gateway_id": "",
            "vpc_peering_connection_id": ""
          },
          "private": "eyJlMmJmYjczMC1lY2FhLTExZTYtOGY4OC0zNDM2M2JjN2M0YzAiOnsiY3JlYXRlIjozMDAwMDAwMDAwMDAsImRlbGV0ZSI6MzAwMDAwMDAwMDAwfX0=",
          "depends_on": [
            "aws_internet_gateway.this[0]",
            "aws_route_table.public[0]"
          ]
        }
      ]
    },
    {
      "module": "module.main-vpc",
      "mode": "managed",
      "type": "aws_route",
      "name": "rds_internet_gateway",
      "each": "list",
      "provider": "provider.aws",
      "instances": []
    },
    {
      "module": "module.main-vpc",
      "mode": "managed",
      "type": "aws_route",
      "name": "web_nat_gateway",
      "each": "list",
      "provider": "provider.aws",
      "instances": [
        {
          "index_key": 0,
          "schema_version": 0,
          "attributes": {
            "destination_cidr_block": "0.0.0.0/0",
            "destination_ipv6_cidr_block": null,
            "destination_prefix_list_id": "",
            "egress_only_gateway_id": "",
            "gateway_id": "",
            "id": "r-rtb-0afac7ac33899870c1080289494",
            "instance_id": "",
            "instance_owner_id": "",
            "nat_gateway_id": "nat-0f019b0f2a6e75e56",
            "network_interface_id": "",
            "origin": "CreateRoute",
            "route_table_id": "rtb-0afac7ac33899870c",
            "state": "active",
            "timeouts": {
              "create": "5m",
              "delete": null
            },
            "transit_gateway_id": "",
            "vpc_peering_connection_id": ""
          },
          "private": "eyJlMmJmYjczMC1lY2FhLTExZTYtOGY4OC0zNDM2M2JjN2M0YzAiOnsiY3JlYXRlIjozMDAwMDAwMDAwMDAsImRlbGV0ZSI6MzAwMDAwMDAwMDAwfX0=",
          "depends_on": [
            "aws_nat_gateway.this",
            "aws_route_table.web"
          ]
        }
      ]
    },
    {
      "module": "module.main-vpc",
      "mode": "managed",
      "type": "aws_route_table",
      "name": "app",
      "each": "list",
      "provider": "provider.aws",
      "instances": [
        {
          "index_key": 0,
          "schema_version": 0,
          "attributes": {
            "id": "rtb-07861a4064040827c",
            "owner_id": "238747170134",
            "propagating_vgws": [],
            "route": [
              {
                "cidr_block": "0.0.0.0/0",
                "egress_only_gateway_id": "",
                "gateway_id": "",
                "instance_id": "",
                "ipv6_cidr_block": "",
                "nat_gateway_id": "nat-0f019b0f2a6e75e56",
                "network_interface_id": "",
                "transit_gateway_id": "",
                "vpc_peering_connection_id": ""
              }
            ],
            "tags": {
              "Name": "bigfish-test-app-rt",
              "Terraform": "true"
            },
            "vpc_id": "vpc-0c478a90a9bb11b5c"
          },
          "private": "bnVsbA=="
        }
      ]
    },
    {
      "module": "module.main-vpc",
      "mode": "managed",
      "type": "aws_route_table",
      "name": "captcha",
      "each": "list",
      "provider": "provider.aws",
      "instances": [
        {
          "index_key": 0,
          "schema_version": 0,
          "attributes": {
            "id": "rtb-0a23f7e7afaaf1d4c",
            "owner_id": "238747170134",
            "propagating_vgws": [],
            "route": [
              {
                "cidr_block": "0.0.0.0/0",
                "egress_only_gateway_id": "",
                "gateway_id": "",
                "instance_id": "",
                "ipv6_cidr_block": "",
                "nat_gateway_id": "nat-0f019b0f2a6e75e56",
                "network_interface_id": "",
                "transit_gateway_id": "",
                "vpc_peering_connection_id": ""
              }
            ],
            "tags": {
              "Name": "bigfish-test-captcha-rt",
              "Terraform": "true"
            },
            "vpc_id": "vpc-0c478a90a9bb11b5c"
          },
          "private": "bnVsbA=="
        }
      ]
    },
    {
      "module": "module.main-vpc",
      "mode": "managed",
      "type": "aws_route_table",
      "name": "lb",
      "each": "list",
      "provider": "provider.aws",
      "instances": [
        {
          "index_key": 0,
          "schema_version": 0,
          "attributes": {
            "id": "rtb-0e171aa7644510ca5",
            "owner_id": "238747170134",
            "propagating_vgws": [],
            "route": [
              {
                "cidr_block": "0.0.0.0/0",
                "egress_only_gateway_id": "",
                "gateway_id": "igw-070e75ee5e6b709e7",
                "instance_id": "",
                "ipv6_cidr_block": "",
                "nat_gateway_id": "",
                "network_interface_id": "",
                "transit_gateway_id": "",
                "vpc_peering_connection_id": ""
              }
            ],
            "tags": {
              "Name": "bigfish-test-lb-rt",
              "Terraform": "true"
            },
            "vpc_id": "vpc-0c478a90a9bb11b5c"
          },
          "private": "bnVsbA=="
        }
      ]
    },
    {
      "module": "module.main-vpc",
      "mode": "managed",
      "type": "aws_route_table",
      "name": "notification",
      "each": "list",
      "provider": "provider.aws",
      "instances": [
        {
          "index_key": 0,
          "schema_version": 0,
          "attributes": {
            "id": "rtb-088a6dbd505da9cde",
            "owner_id": "238747170134",
            "propagating_vgws": [],
            "route": [
              {
                "cidr_block": "0.0.0.0/0",
                "egress_only_gateway_id": "",
                "gateway_id": "",
                "instance_id": "",
                "ipv6_cidr_block": "",
                "nat_gateway_id": "nat-0f019b0f2a6e75e56",
                "network_interface_id": "",
                "transit_gateway_id": "",
                "vpc_peering_connection_id": ""
              }
            ],
            "tags": {
              "Name": "bigfish-test-notification-rt",
              "Terraform": "true"
            },
            "vpc_id": "vpc-0c478a90a9bb11b5c"
          },
          "private": "bnVsbA=="
        }
      ]
    },
    {
      "module": "module.main-vpc",
      "mode": "managed",
      "type": "aws_route_table",
      "name": "public",
      "each": "list",
      "provider": "provider.aws",
      "instances": [
        {
          "index_key": 0,
          "schema_version": 0,
          "attributes": {
            "id": "rtb-0e1ddc1ef47a2d4e8",
            "owner_id": "238747170134",
            "propagating_vgws": [],
            "route": [
              {
                "cidr_block": "0.0.0.0/0",
                "egress_only_gateway_id": "",
                "gateway_id": "igw-070e75ee5e6b709e7",
                "instance_id": "",
                "ipv6_cidr_block": "",
                "nat_gateway_id": "",
                "network_interface_id": "",
                "transit_gateway_id": "",
                "vpc_peering_connection_id": ""
              }
            ],
            "tags": {
              "Name": "bigfish-test-jumpserver-rt",
              "Terraform": "true"
            },
            "vpc_id": "vpc-0c478a90a9bb11b5c"
          },
          "private": "bnVsbA=="
        }
      ]
    },
    {
      "module": "module.main-vpc",
      "mode": "managed",
      "type": "aws_route_table",
      "name": "rds",
      "each": "list",
      "provider": "provider.aws",
      "instances": []
    },
    {
      "module": "module.main-vpc",
      "mode": "managed",
      "type": "aws_route_table",
      "name": "web",
      "each": "list",
      "provider": "provider.aws",
      "instances": [
        {
          "index_key": 0,
          "schema_version": 0,
          "attributes": {
            "id": "rtb-0afac7ac33899870c",
            "owner_id": "238747170134",
            "propagating_vgws": [],
            "route": [
              {
                "cidr_block": "0.0.0.0/0",
                "egress_only_gateway_id": "",
                "gateway_id": "",
                "instance_id": "",
                "ipv6_cidr_block": "",
                "nat_gateway_id": "nat-0f019b0f2a6e75e56",
                "network_interface_id": "",
                "transit_gateway_id": "",
                "vpc_peering_connection_id": ""
              }
            ],
            "tags": {
              "Name": "bigfish-test-web-rt",
              "Terraform": "true"
            },
            "vpc_id": "vpc-0c478a90a9bb11b5c"
          },
          "private": "bnVsbA=="
        }
      ]
    },
    {
      "module": "module.main-vpc",
      "mode": "managed",
      "type": "aws_route_table_association",
      "name": "app",
      "each": "list",
      "provider": "provider.aws",
      "instances": [
        {
          "index_key": 0,
          "schema_version": 0,
          "attributes": {
            "gateway_id": null,
            "id": "rtbassoc-0b55dddb93e3d87af",
            "route_table_id": "rtb-07861a4064040827c",
            "subnet_id": "subnet-0de3b25c8e1111aa0"
          },
          "private": "bnVsbA==",
          "depends_on": [
            "aws_route_table.app",
            "aws_subnet.app"
          ]
        },
        {
          "index_key": 1,
          "schema_version": 0,
          "attributes": {
            "gateway_id": null,
            "id": "rtbassoc-0f811229a7fc02577",
            "route_table_id": "rtb-07861a4064040827c",
            "subnet_id": "subnet-00b08cfa3ba53d96d"
          },
          "private": "bnVsbA==",
          "depends_on": [
            "aws_route_table.app",
            "aws_subnet.app"
          ]
        }
      ]
    },
    {
      "module": "module.main-vpc",
      "mode": "managed",
      "type": "aws_route_table_association",
      "name": "captcha",
      "each": "list",
      "provider": "provider.aws",
      "instances": [
        {
          "index_key": 0,
          "schema_version": 0,
          "attributes": {
            "gateway_id": null,
            "id": "rtbassoc-03282200a65bd1ed2",
            "route_table_id": "rtb-0a23f7e7afaaf1d4c",
            "subnet_id": "subnet-01858dcc7d3e8d315"
          },
          "private": "bnVsbA==",
          "depends_on": [
            "aws_route_table.captcha",
            "aws_subnet.captcha"
          ]
        }
      ]
    },
    {
      "module": "module.main-vpc",
      "mode": "managed",
      "type": "aws_route_table_association",
      "name": "lb",
      "each": "list",
      "provider": "provider.aws",
      "instances": [
        {
          "index_key": 0,
          "schema_version": 0,
          "attributes": {
            "gateway_id": null,
            "id": "rtbassoc-0fc74c91f0e44c29d",
            "route_table_id": "rtb-0e171aa7644510ca5",
            "subnet_id": "subnet-08660d7b0c79fb660"
          },
          "private": "bnVsbA==",
          "depends_on": [
            "aws_route_table.lb[0]",
            "aws_subnet.lb"
          ]
        },
        {
          "index_key": 1,
          "schema_version": 0,
          "attributes": {
            "gateway_id": null,
            "id": "rtbassoc-05da7c4112b0c077a",
            "route_table_id": "rtb-0e171aa7644510ca5",
            "subnet_id": "subnet-044ff480922e56d7d"
          },
          "private": "bnVsbA==",
          "depends_on": [
            "aws_route_table.lb[0]",
            "aws_subnet.lb"
          ]
        }
      ]
    },
    {
      "module": "module.main-vpc",
      "mode": "managed",
      "type": "aws_route_table_association",
      "name": "notification",
      "each": "list",
      "provider": "provider.aws",
      "instances": [
        {
          "index_key": 0,
          "schema_version": 0,
          "attributes": {
            "gateway_id": null,
            "id": "rtbassoc-0bf7b0e6c1d18c72d",
            "route_table_id": "rtb-088a6dbd505da9cde",
            "subnet_id": "subnet-031f1e72c0dc3214f"
          },
          "private": "bnVsbA==",
          "depends_on": [
            "aws_route_table.notification",
            "aws_subnet.notification"
          ]
        }
      ]
    },
    {
      "module": "module.main-vpc",
      "mode": "managed",
      "type": "aws_route_table_association",
      "name": "public",
      "each": "list",
      "provider": "provider.aws",
      "instances": [
        {
          "index_key": 0,
          "schema_version": 0,
          "attributes": {
            "gateway_id": null,
            "id": "rtbassoc-07262f256a2df9ccc",
            "route_table_id": "rtb-0e1ddc1ef47a2d4e8",
            "subnet_id": "subnet-05792a5f06b5601d9"
          },
          "private": "bnVsbA==",
          "depends_on": [
            "aws_route_table.public[0]",
            "aws_subnet.public"
          ]
        }
      ]
    },
    {
      "module": "module.main-vpc",
      "mode": "managed",
      "type": "aws_route_table_association",
      "name": "rds",
      "each": "list",
      "provider": "provider.aws",
      "instances": [
        {
          "index_key": 0,
          "schema_version": 0,
          "attributes": {
            "gateway_id": null,
            "id": "rtbassoc-058b60e35a1d297e8",
            "route_table_id": "rtb-07861a4064040827c",
            "subnet_id": "subnet-066da63127bc32933"
          },
          "private": "bnVsbA==",
          "depends_on": [
            "aws_route_table.app",
            "aws_route_table.rds",
            "aws_subnet.rds"
          ]
        },
        {
          "index_key": 1,
          "schema_version": 0,
          "attributes": {
            "gateway_id": null,
            "id": "rtbassoc-087ab52ad05d33a1b",
            "route_table_id": "rtb-07861a4064040827c",
            "subnet_id": "subnet-09fe2b1c9d4f96c71"
          },
          "private": "bnVsbA==",
          "depends_on": [
            "aws_route_table.app",
            "aws_route_table.rds",
            "aws_subnet.rds"
          ]
        }
      ]
    },
    {
      "module": "module.main-vpc",
      "mode": "managed",
      "type": "aws_route_table_association",
      "name": "web",
      "each": "list",
      "provider": "provider.aws",
      "instances": [
        {
          "index_key": 0,
          "schema_version": 0,
          "attributes": {
            "gateway_id": null,
            "id": "rtbassoc-04b40d4bd26777e68",
            "route_table_id": "rtb-0afac7ac33899870c",
            "subnet_id": "subnet-025f9ef613d509921"
          },
          "private": "bnVsbA==",
          "depends_on": [
            "aws_route_table.web",
            "aws_subnet.web"
          ]
        }
      ]
    },
    {
      "module": "module.main-sg",
      "mode": "managed",
      "type": "aws_security_group",
      "name": "app",
      "each": "list",
      "provider": "provider.aws",
      "instances": [
        {
          "index_key": 0,
          "schema_version": 1,
          "attributes": {
            "arn": "arn:aws:ec2:ap-south-1:238747170134:security-group/sg-088800003fff27be5",
            "description": "Security Group for Load Balancer",
            "egress": [
              {
                "cidr_blocks": [
                  "0.0.0.0/0"
                ],
                "description": "Allow all connections to internet",
                "from_port": 0,
                "ipv6_cidr_blocks": [],
                "prefix_list_ids": [],
                "protocol": "-1",
                "security_groups": [],
                "self": false,
                "to_port": 0
              }
            ],
            "id": "sg-088800003fff27be5",
            "ingress": [
              {
                "cidr_blocks": [
                  "10.0.10.0/24"
                ],
                "description": "Allow web connections from webserver",
                "from_port": 5000,
                "ipv6_cidr_blocks": [],
                "prefix_list_ids": [],
                "protocol": "tcp",
                "security_groups": [],
                "self": false,
                "to_port": 5000
              },
              {
                "cidr_blocks": [
                  "10.0.61.0/24",
                  "10.0.62.0/24"
                ],
                "description": "Allow HTTP connections from Load Balancer",
                "from_port": 80,
                "ipv6_cidr_blocks": [],
                "prefix_list_ids": [],
                "protocol": "tcp",
                "security_groups": [],
                "self": false,
                "to_port": 80
              },
              {
                "cidr_blocks": [
                  "10.0.61.0/24",
                  "10.0.62.0/24"
                ],
                "description": "Allow app connections from Load Balancer",
                "from_port": 5000,
                "ipv6_cidr_blocks": [],
                "prefix_list_ids": [],
                "protocol": "tcp",
                "security_groups": [],
                "self": false,
                "to_port": 5000
              },
              {
                "cidr_blocks": [
                  "10.0.91.0/24"
                ],
                "description": "Allow HTTP connections from jumpserver Resources",
                "from_port": 80,
                "ipv6_cidr_blocks": [],
                "prefix_list_ids": [],
                "protocol": "tcp",
                "security_groups": [],
                "self": false,
                "to_port": 80
              },
              {
                "cidr_blocks": [
                  "10.0.91.0/24"
                ],
                "description": "Allow SSH connections from Management Resources",
                "from_port": 22,
                "ipv6_cidr_blocks": [],
                "prefix_list_ids": [],
                "protocol": "tcp",
                "security_groups": [],
                "self": false,
                "to_port": 22
              },
              {
                "cidr_blocks": [
                  "10.0.91.0/24"
                ],
                "description": "Allow app connections from jumpserver Resources",
                "from_port": 5000,
                "ipv6_cidr_blocks": [],
                "prefix_list_ids": [],
                "protocol": "tcp",
                "security_groups": [],
                "self": false,
                "to_port": 5000
              },
              {
                "cidr_blocks": [
                  "10.0.91.189/32"
                ],
                "description": "Allow gmetrics monitoring connections from jumpserver",
                "from_port": 5666,
                "ipv6_cidr_blocks": [],
                "prefix_list_ids": [],
                "protocol": "tcp",
                "security_groups": [],
                "self": false,
                "to_port": 5666
              }
            ],
            "name": "bigfish-test-app-sg",
            "name_prefix": null,
            "owner_id": "238747170134",
            "revoke_rules_on_delete": false,
            "tags": {
              "Name": "bigfish-test-app-sg",
              "Terraform": "true"
            },
            "timeouts": null,
            "vpc_id": "vpc-0c478a90a9bb11b5c"
          },
          "private": "eyJlMmJmYjczMC1lY2FhLTExZTYtOGY4OC0zNDM2M2JjN2M0YzAiOnsiY3JlYXRlIjo2MDAwMDAwMDAwMDAsImRlbGV0ZSI6NjAwMDAwMDAwMDAwfSwic2NoZW1hX3ZlcnNpb24iOiIxIn0="
        }
      ]
    },
    {
      "module": "module.main-sg",
      "mode": "managed",
      "type": "aws_security_group",
      "name": "captcha",
      "each": "list",
      "provider": "provider.aws",
      "instances": [
        {
          "index_key": 0,
          "schema_version": 1,
          "attributes": {
            "arn": "arn:aws:ec2:ap-south-1:238747170134:security-group/sg-0b0fb72387981f5bf",
            "description": "Security Group for captcha instances",
            "egress": [
              {
                "cidr_blocks": [
                  "0.0.0.0/0"
                ],
                "description": "Allow all connections to internet",
                "from_port": 0,
                "ipv6_cidr_blocks": [],
                "prefix_list_ids": [],
                "protocol": "-1",
                "security_groups": [],
                "self": false,
                "to_port": 0
              }
            ],
            "id": "sg-0b0fb72387981f5bf",
            "ingress": [
              {
                "cidr_blocks": [
                  "10.0.1.0/24",
                  "10.0.2.0/24"
                ],
                "description": "Allow connections from App Subnet",
                "from_port": 8280,
                "ipv6_cidr_blocks": [],
                "prefix_list_ids": [],
                "protocol": "tcp",
                "security_groups": [],
                "self": false,
                "to_port": 8280
              },
              {
                "cidr_blocks": [
                  "10.0.91.0/24"
                ],
                "description": "Allow SSH connections from JumpServer Resources",
                "from_port": 22,
                "ipv6_cidr_blocks": [],
                "prefix_list_ids": [],
                "protocol": "tcp",
                "security_groups": [],
                "self": false,
                "to_port": 22
              }
            ],
            "name": "bigfish-test-captcha-sg",
            "name_prefix": null,
            "owner_id": "238747170134",
            "revoke_rules_on_delete": false,
            "tags": {
              "Name": "bigfish-test-captcha-sg",
              "Terraform": "true"
            },
            "timeouts": null,
            "vpc_id": "vpc-0c478a90a9bb11b5c"
          },
          "private": "eyJlMmJmYjczMC1lY2FhLTExZTYtOGY4OC0zNDM2M2JjN2M0YzAiOnsiY3JlYXRlIjo2MDAwMDAwMDAwMDAsImRlbGV0ZSI6NjAwMDAwMDAwMDAwfSwic2NoZW1hX3ZlcnNpb24iOiIxIn0="
        }
      ]
    },
    {
      "module": "module.main-sg",
      "mode": "managed",
      "type": "aws_security_group",
      "name": "job",
      "each": "list",
      "provider": "provider.aws",
      "instances": [
        {
          "index_key": 0,
          "schema_version": 1,
          "attributes": {
            "arn": "arn:aws:ec2:ap-south-1:238747170134:security-group/sg-0bdcd39985e8d060c",
            "description": "Security Group for job instances",
            "egress": [
              {
                "cidr_blocks": [
                  "0.0.0.0/0"
                ],
                "description": "Allow all connections to internet",
                "from_port": 0,
                "ipv6_cidr_blocks": [],
                "prefix_list_ids": [],
                "protocol": "-1",
                "security_groups": [],
                "self": false,
                "to_port": 0
              }
            ],
            "id": "sg-0bdcd39985e8d060c",
            "ingress": [
              {
                "cidr_blocks": [
                  "10.0.1.0/24",
                  "10.0.2.0/24"
                ],
                "description": "Allow connections from App Subnet",
                "from_port": 5672,
                "ipv6_cidr_blocks": [],
                "prefix_list_ids": [],
                "protocol": "tcp",
                "security_groups": [],
                "self": false,
                "to_port": 5672
              },
              {
                "cidr_blocks": [
                  "10.0.91.0/24"
                ],
                "description": "Allow SSH connections from JumpServer Resources",
                "from_port": 22,
                "ipv6_cidr_blocks": [],
                "prefix_list_ids": [],
                "protocol": "tcp",
                "security_groups": [],
                "self": false,
                "to_port": 22
              }
            ],
            "name": "bigfish-test-job-sg",
            "name_prefix": null,
            "owner_id": "238747170134",
            "revoke_rules_on_delete": false,
            "tags": {
              "Name": "bigfish-test-job-sg",
              "Terraform": "true"
            },
            "timeouts": null,
            "vpc_id": "vpc-0c478a90a9bb11b5c"
          },
          "private": "eyJlMmJmYjczMC1lY2FhLTExZTYtOGY4OC0zNDM2M2JjN2M0YzAiOnsiY3JlYXRlIjo2MDAwMDAwMDAwMDAsImRlbGV0ZSI6NjAwMDAwMDAwMDAwfSwic2NoZW1hX3ZlcnNpb24iOiIxIn0="
        }
      ]
    },
    {
      "module": "module.main-sg",
      "mode": "managed",
      "type": "aws_security_group",
      "name": "jumpserver",
      "each": "list",
      "provider": "provider.aws",
      "instances": [
        {
          "index_key": 0,
          "schema_version": 1,
          "attributes": {
            "arn": "arn:aws:ec2:ap-south-1:238747170134:security-group/sg-0e1608df14de46d6d",
            "description": "Security Group for JumpServer Resources",
            "egress": [
              {
                "cidr_blocks": [
                  "0.0.0.0/0"
                ],
                "description": "Allow all connections to internet",
                "from_port": 0,
                "ipv6_cidr_blocks": [],
                "prefix_list_ids": [],
                "protocol": "-1",
                "security_groups": [],
                "self": false,
                "to_port": 0
              }
            ],
            "id": "sg-0e1608df14de46d6d",
            "ingress": [
              {
                "cidr_blocks": [
                  "0.0.0.0/0"
                ],
                "description": "Allow SSH connections from internet",
                "from_port": 22,
                "ipv6_cidr_blocks": [],
                "prefix_list_ids": [],
                "protocol": "tcp",
                "security_groups": [],
                "self": false,
                "to_port": 22
              },
              {
                "cidr_blocks": [
                  "13.126.151.121/32"
                ],
                "description": "Allow gmetrics monitoring connections from monitoring server",
                "from_port": 5666,
                "ipv6_cidr_blocks": [],
                "prefix_list_ids": [],
                "protocol": "tcp",
                "security_groups": [],
                "self": false,
                "to_port": 5666
              },
              {
                "cidr_blocks": [
                  "13.126.151.121/32"
                ],
                "description": "Allow gmetrics monitoring connections from monitoring server",
                "from_port": 5667,
                "ipv6_cidr_blocks": [],
                "prefix_list_ids": [],
                "protocol": "tcp",
                "security_groups": [],
                "self": false,
                "to_port": 5667
              },
              {
                "cidr_blocks": [
                  "13.126.151.121/32"
                ],
                "description": "Allow gmetrics monitoring connections from monitoring server",
                "from_port": 5668,
                "ipv6_cidr_blocks": [],
                "prefix_list_ids": [],
                "protocol": "tcp",
                "security_groups": [],
                "self": false,
                "to_port": 5668
              },
              {
                "cidr_blocks": [
                  "13.126.151.121/32"
                ],
                "description": "Allow gmetrics monitoring connections from monitoring server",
                "from_port": 5669,
                "ipv6_cidr_blocks": [],
                "prefix_list_ids": [],
                "protocol": "tcp",
                "security_groups": [],
                "self": false,
                "to_port": 5669
              },
              {
                "cidr_blocks": [
                  "13.126.151.121/32"
                ],
                "description": "Allow gmetrics monitoring connections from monitoring server",
                "from_port": 5670,
                "ipv6_cidr_blocks": [],
                "prefix_list_ids": [],
                "protocol": "tcp",
                "security_groups": [],
                "self": false,
                "to_port": 5670
              }
            ],
            "name": "bigfish-test-jumpserver-sg",
            "name_prefix": null,
            "owner_id": "238747170134",
            "revoke_rules_on_delete": false,
            "tags": {
              "Name": "bigfish-test-jumpserver-sg",
              "Terraform": "true"
            },
            "timeouts": null,
            "vpc_id": "vpc-0c478a90a9bb11b5c"
          },
          "private": "eyJlMmJmYjczMC1lY2FhLTExZTYtOGY4OC0zNDM2M2JjN2M0YzAiOnsiY3JlYXRlIjo2MDAwMDAwMDAwMDAsImRlbGV0ZSI6NjAwMDAwMDAwMDAwfSwic2NoZW1hX3ZlcnNpb24iOiIxIn0="
        }
      ]
    },
    {
      "module": "module.main-sg",
      "mode": "managed",
      "type": "aws_security_group",
      "name": "lb",
      "each": "list",
      "provider": "provider.aws",
      "instances": [
        {
          "index_key": 0,
          "schema_version": 1,
          "attributes": {
            "arn": "arn:aws:ec2:ap-south-1:238747170134:security-group/sg-000f73f2e902b98fd",
            "description": "Security Group for Load Balancer",
            "egress": [
              {
                "cidr_blocks": [
                  "0.0.0.0/0"
                ],
                "description": "Allow all connections to internet",
                "from_port": 0,
                "ipv6_cidr_blocks": [],
                "prefix_list_ids": [],
                "protocol": "-1",
                "security_groups": [],
                "self": false,
                "to_port": 0
              }
            ],
            "id": "sg-000f73f2e902b98fd",
            "ingress": [
              {
                "cidr_blocks": [
                  "0.0.0.0/0"
                ],
                "description": "Allow HTTP connections from internet",
                "from_port": 80,
                "ipv6_cidr_blocks": [],
                "prefix_list_ids": [],
                "protocol": "tcp",
                "security_groups": [],
                "self": false,
                "to_port": 80
              },
              {
                "cidr_blocks": [
                  "0.0.0.0/0"
                ],
                "description": "Allow HTTPS connections from internet",
                "from_port": 443,
                "ipv6_cidr_blocks": [],
                "prefix_list_ids": [],
                "protocol": "tcp",
                "security_groups": [],
                "self": false,
                "to_port": 443
              }
            ],
            "name": "bigfish-test-lb-sg",
            "name_prefix": null,
            "owner_id": "238747170134",
            "revoke_rules_on_delete": false,
            "tags": {
              "Name": "bigfish-test-lb-sg",
              "Terraform": "true"
            },
            "timeouts": null,
            "vpc_id": "vpc-0c478a90a9bb11b5c"
          },
          "private": "eyJlMmJmYjczMC1lY2FhLTExZTYtOGY4OC0zNDM2M2JjN2M0YzAiOnsiY3JlYXRlIjo2MDAwMDAwMDAwMDAsImRlbGV0ZSI6NjAwMDAwMDAwMDAwfSwic2NoZW1hX3ZlcnNpb24iOiIxIn0="
        }
      ]
    },
    {
      "module": "module.main-sg",
      "mode": "managed",
      "type": "aws_security_group",
      "name": "notification",
      "each": "list",
      "provider": "provider.aws",
      "instances": [
        {
          "index_key": 0,
          "schema_version": 1,
          "attributes": {
            "arn": "arn:aws:ec2:ap-south-1:238747170134:security-group/sg-02a1bb6377d73577d",
            "description": "Security Group for notification instances",
            "egress": [
              {
                "cidr_blocks": [
                  "0.0.0.0/0"
                ],
                "description": "Allow all connections to internet",
                "from_port": 0,
                "ipv6_cidr_blocks": [],
                "prefix_list_ids": [],
                "protocol": "-1",
                "security_groups": [],
                "self": false,
                "to_port": 0
              }
            ],
            "id": "sg-02a1bb6377d73577d",
            "ingress": [
              {
                "cidr_blocks": [
                  "10.0.1.0/24",
                  "10.0.2.0/24"
                ],
                "description": "Allow connections from App Subnet",
                "from_port": 5672,
                "ipv6_cidr_blocks": [],
                "prefix_list_ids": [],
                "protocol": "tcp",
                "security_groups": [],
                "self": false,
                "to_port": 5672
              },
              {
                "cidr_blocks": [
                  "10.0.1.0/24",
                  "10.0.2.0/24"
                ],
                "description": "Allow connections from App Subnet",
                "from_port": 5678,
                "ipv6_cidr_blocks": [],
                "prefix_list_ids": [],
                "protocol": "tcp",
                "security_groups": [],
                "self": false,
                "to_port": 5678
              },
              {
                "cidr_blocks": [
                  "10.0.15.0/24"
                ],
                "description": "Allow connections from notification Subnet",
                "from_port": 5672,
                "ipv6_cidr_blocks": [],
                "prefix_list_ids": [],
                "protocol": "tcp",
                "security_groups": [],
                "self": false,
                "to_port": 5672
              },
              {
                "cidr_blocks": [
                  "10.0.91.0/24"
                ],
                "description": "Allow SSH connections from JumpServer Resources",
                "from_port": 22,
                "ipv6_cidr_blocks": [],
                "prefix_list_ids": [],
                "protocol": "tcp",
                "security_groups": [],
                "self": false,
                "to_port": 22
              },
              {
                "cidr_blocks": [
                  "10.0.91.189/32"
                ],
                "description": "Allow gmetrics monitoring connections from jumpserver",
                "from_port": 5666,
                "ipv6_cidr_blocks": [],
                "prefix_list_ids": [],
                "protocol": "tcp",
                "security_groups": [],
                "self": false,
                "to_port": 5666
              }
            ],
            "name": "bigfish-test-notification-sg",
            "name_prefix": null,
            "owner_id": "238747170134",
            "revoke_rules_on_delete": false,
            "tags": {
              "Name": "bigfish-test-notification-sg",
              "Terraform": "true"
            },
            "timeouts": null,
            "vpc_id": "vpc-0c478a90a9bb11b5c"
          },
          "private": "eyJlMmJmYjczMC1lY2FhLTExZTYtOGY4OC0zNDM2M2JjN2M0YzAiOnsiY3JlYXRlIjo2MDAwMDAwMDAwMDAsImRlbGV0ZSI6NjAwMDAwMDAwMDAwfSwic2NoZW1hX3ZlcnNpb24iOiIxIn0="
        }
      ]
    },
    {
      "module": "module.main-sg",
      "mode": "managed",
      "type": "aws_security_group",
      "name": "rds",
      "each": "list",
      "provider": "provider.aws",
      "instances": [
        {
          "index_key": 0,
          "schema_version": 1,
          "attributes": {
            "arn": "arn:aws:ec2:ap-south-1:238747170134:security-group/sg-0f8e86a9caa0f5210",
            "description": "Security Group for RDS Database",
            "egress": [
              {
                "cidr_blocks": [
                  "0.0.0.0/0"
                ],
                "description": "Allow all connections to internet",
                "from_port": 0,
                "ipv6_cidr_blocks": [],
                "prefix_list_ids": [],
                "protocol": "-1",
                "security_groups": [],
                "self": false,
                "to_port": 0
              }
            ],
            "id": "sg-0f8e86a9caa0f5210",
            "ingress": [
              {
                "cidr_blocks": [
                  "10.0.1.0/24",
                  "10.0.2.0/24",
                  "10.0.91.0/24",
                  "10.0.15.0/24"
                ],
                "description": "Allow db connections from Application, JumpServer Resources",
                "from_port": 3306,
                "ipv6_cidr_blocks": [],
                "prefix_list_ids": [],
                "protocol": "tcp",
                "security_groups": [],
                "self": false,
                "to_port": 3306
              }
            ],
            "name": "bigfish-test-rds-sg",
            "name_prefix": null,
            "owner_id": "238747170134",
            "revoke_rules_on_delete": false,
            "tags": {
              "Name": "bigfish-test-rds-sg",
              "Terraform": "true"
            },
            "timeouts": null,
            "vpc_id": "vpc-0c478a90a9bb11b5c"
          },
          "private": "eyJlMmJmYjczMC1lY2FhLTExZTYtOGY4OC0zNDM2M2JjN2M0YzAiOnsiY3JlYXRlIjo2MDAwMDAwMDAwMDAsImRlbGV0ZSI6NjAwMDAwMDAwMDAwfSwic2NoZW1hX3ZlcnNpb24iOiIxIn0="
        }
      ]
    },
    {
      "module": "module.main-sg",
      "mode": "managed",
      "type": "aws_security_group",
      "name": "web",
      "each": "list",
      "provider": "provider.aws",
      "instances": [
        {
          "index_key": 0,
          "schema_version": 1,
          "attributes": {
            "arn": "arn:aws:ec2:ap-south-1:238747170134:security-group/sg-005ae396eb087c67d",
            "description": "Security Group for web instances",
            "egress": [
              {
                "cidr_blocks": [
                  "0.0.0.0/0"
                ],
                "description": "Allow all connections to internet",
                "from_port": 0,
                "ipv6_cidr_blocks": [],
                "prefix_list_ids": [],
                "protocol": "-1",
                "security_groups": [],
                "self": false,
                "to_port": 0
              }
            ],
            "id": "sg-005ae396eb087c67d",
            "ingress": [
              {
                "cidr_blocks": [
                  "10.0.61.0/24",
                  "10.0.62.0/24"
                ],
                "description": "Allow HTTP connections from Load Balancer",
                "from_port": 80,
                "ipv6_cidr_blocks": [],
                "prefix_list_ids": [],
                "protocol": "tcp",
                "security_groups": [],
                "self": false,
                "to_port": 80
              },
              {
                "cidr_blocks": [
                  "10.0.91.0/24"
                ],
                "description": "Allow HTTP connections from JumpServer Resources",
                "from_port": 80,
                "ipv6_cidr_blocks": [],
                "prefix_list_ids": [],
                "protocol": "tcp",
                "security_groups": [],
                "self": false,
                "to_port": 80
              },
              {
                "cidr_blocks": [
                  "10.0.91.0/24"
                ],
                "description": "Allow SSH connections from JumpServer Resources",
                "from_port": 22,
                "ipv6_cidr_blocks": [],
                "prefix_list_ids": [],
                "protocol": "tcp",
                "security_groups": [],
                "self": false,
                "to_port": 22
              },
              {
                "cidr_blocks": [
                  "10.0.91.189/32"
                ],
                "description": "Allow gmetrics monitoring connections from jumpserver",
                "from_port": 5666,
                "ipv6_cidr_blocks": [],
                "prefix_list_ids": [],
                "protocol": "tcp",
                "security_groups": [],
                "self": false,
                "to_port": 5666
              }
            ],
            "name": "bigfish-test-web-sg",
            "name_prefix": null,
            "owner_id": "238747170134",
            "revoke_rules_on_delete": false,
            "tags": {
              "Name": "bigfish-test-web-sg",
              "Terraform": "true"
            },
            "timeouts": null,
            "vpc_id": "vpc-0c478a90a9bb11b5c"
          },
          "private": "eyJlMmJmYjczMC1lY2FhLTExZTYtOGY4OC0zNDM2M2JjN2M0YzAiOnsiY3JlYXRlIjo2MDAwMDAwMDAwMDAsImRlbGV0ZSI6NjAwMDAwMDAwMDAwfSwic2NoZW1hX3ZlcnNpb24iOiIxIn0="
        }
      ]
    },
    {
      "module": "module.main-sg",
      "mode": "managed",
      "type": "aws_security_group_rule",
      "name": "app_egress",
      "each": "list",
      "provider": "provider.aws",
      "instances": [
        {
          "index_key": 0,
          "schema_version": 2,
          "attributes": {
            "cidr_blocks": [
              "0.0.0.0/0"
            ],
            "description": "Allow all connections to internet",
            "from_port": 0,
            "id": "sgrule-2480371682",
            "ipv6_cidr_blocks": [],
            "prefix_list_ids": [],
            "protocol": "-1",
            "security_group_id": "sg-088800003fff27be5",
            "self": false,
            "source_security_group_id": null,
            "to_port": 0,
            "type": "egress"
          },
          "private": "eyJzY2hlbWFfdmVyc2lvbiI6IjIifQ==",
          "depends_on": [
            "aws_security_group.app[0]"
          ]
        }
      ]
    },
    {
      "module": "module.main-sg",
      "mode": "managed",
      "type": "aws_security_group_rule",
      "name": "app_ingress",
      "each": "list",
      "provider": "provider.aws",
      "instances": [
        {
          "index_key": 0,
          "schema_version": 2,
          "attributes": {
            "cidr_blocks": [
              "10.0.91.0/24"
            ],
            "description": "Allow SSH connections from Management Resources",
            "from_port": 22,
            "id": "sgrule-3411227226",
            "ipv6_cidr_blocks": [],
            "prefix_list_ids": [],
            "protocol": "tcp",
            "security_group_id": "sg-088800003fff27be5",
            "self": false,
            "source_security_group_id": null,
            "to_port": 22,
            "type": "ingress"
          },
          "private": "eyJzY2hlbWFfdmVyc2lvbiI6IjIifQ==",
          "depends_on": [
            "aws_security_group.app[0]"
          ]
        },
        {
          "index_key": 1,
          "schema_version": 2,
          "attributes": {
            "cidr_blocks": [
              "10.0.91.0/24"
            ],
            "description": "Allow app connections from jumpserver Resources",
            "from_port": 5000,
            "id": "sgrule-1506355457",
            "ipv6_cidr_blocks": [],
            "prefix_list_ids": [],
            "protocol": "tcp",
            "security_group_id": "sg-088800003fff27be5",
            "self": false,
            "source_security_group_id": null,
            "to_port": 5000,
            "type": "ingress"
          },
          "private": "eyJzY2hlbWFfdmVyc2lvbiI6IjIifQ==",
          "depends_on": [
            "aws_security_group.app[0]"
          ]
        },
        {
          "index_key": 2,
          "schema_version": 2,
          "attributes": {
            "cidr_blocks": [
              "10.0.91.0/24"
            ],
            "description": "Allow HTTP connections from jumpserver Resources",
            "from_port": 80,
            "id": "sgrule-180242224",
            "ipv6_cidr_blocks": [],
            "prefix_list_ids": [],
            "protocol": "tcp",
            "security_group_id": "sg-088800003fff27be5",
            "self": false,
            "source_security_group_id": null,
            "to_port": 80,
            "type": "ingress"
          },
          "private": "eyJzY2hlbWFfdmVyc2lvbiI6IjIifQ==",
          "depends_on": [
            "aws_security_group.app[0]"
          ]
        },
        {
          "index_key": 3,
          "schema_version": 2,
          "attributes": {
            "cidr_blocks": [
              "10.0.61.0/24",
              "10.0.62.0/24"
            ],
            "description": "Allow HTTP connections from Load Balancer",
            "from_port": 80,
            "id": "sgrule-3812807059",
            "ipv6_cidr_blocks": [],
            "prefix_list_ids": [],
            "protocol": "tcp",
            "security_group_id": "sg-088800003fff27be5",
            "self": false,
            "source_security_group_id": null,
            "to_port": 80,
            "type": "ingress"
          },
          "private": "eyJzY2hlbWFfdmVyc2lvbiI6IjIifQ==",
          "depends_on": [
            "aws_security_group.app[0]"
          ]
        },
        {
          "index_key": 4,
          "schema_version": 2,
          "attributes": {
            "cidr_blocks": [
              "10.0.61.0/24",
              "10.0.62.0/24"
            ],
            "description": "Allow app connections from Load Balancer",
            "from_port": 5000,
            "id": "sgrule-2113150996",
            "ipv6_cidr_blocks": [],
            "prefix_list_ids": [],
            "protocol": "tcp",
            "security_group_id": "sg-088800003fff27be5",
            "self": false,
            "source_security_group_id": null,
            "to_port": 5000,
            "type": "ingress"
          },
          "private": "eyJzY2hlbWFfdmVyc2lvbiI6IjIifQ==",
          "depends_on": [
            "aws_security_group.app[0]"
          ]
        },
        {
          "index_key": 5,
          "schema_version": 2,
          "attributes": {
            "cidr_blocks": [
              "10.0.10.0/24"
            ],
            "description": "Allow web connections from webserver",
            "from_port": 5000,
            "id": "sgrule-744175872",
            "ipv6_cidr_blocks": [],
            "prefix_list_ids": [],
            "protocol": "tcp",
            "security_group_id": "sg-088800003fff27be5",
            "self": false,
            "source_security_group_id": null,
            "to_port": 5000,
            "type": "ingress"
          },
          "private": "eyJzY2hlbWFfdmVyc2lvbiI6IjIifQ==",
          "depends_on": [
            "aws_security_group.app[0]"
          ]
        },
        {
          "index_key": 6,
          "schema_version": 2,
          "attributes": {
            "cidr_blocks": [
              "10.0.91.189/32"
            ],
            "description": "Allow gmetrics monitoring connections from jumpserver",
            "from_port": 5666,
            "id": "sgrule-207765257",
            "ipv6_cidr_blocks": [],
            "prefix_list_ids": [],
            "protocol": "tcp",
            "security_group_id": "sg-088800003fff27be5",
            "self": false,
            "source_security_group_id": null,
            "to_port": 5666,
            "type": "ingress"
          },
          "private": "eyJzY2hlbWFfdmVyc2lvbiI6IjIifQ==",
          "depends_on": [
            "aws_security_group.app[0]"
          ]
        }
      ]
    },
    {
      "module": "module.main-sg",
      "mode": "managed",
      "type": "aws_security_group_rule",
      "name": "captcha_egress",
      "each": "list",
      "provider": "provider.aws",
      "instances": [
        {
          "index_key": 0,
          "schema_version": 2,
          "attributes": {
            "cidr_blocks": [
              "0.0.0.0/0"
            ],
            "description": "Allow all connections to internet",
            "from_port": 0,
            "id": "sgrule-3393486934",
            "ipv6_cidr_blocks": [],
            "prefix_list_ids": [],
            "protocol": "-1",
            "security_group_id": "sg-0b0fb72387981f5bf",
            "self": false,
            "source_security_group_id": null,
            "to_port": 0,
            "type": "egress"
          },
          "private": "eyJzY2hlbWFfdmVyc2lvbiI6IjIifQ==",
          "depends_on": [
            "aws_security_group.captcha[0]"
          ]
        }
      ]
    },
    {
      "module": "module.main-sg",
      "mode": "managed",
      "type": "aws_security_group_rule",
      "name": "captcha_ingress",
      "each": "list",
      "provider": "provider.aws",
      "instances": [
        {
          "index_key": 0,
          "schema_version": 2,
          "attributes": {
            "cidr_blocks": [
              "10.0.91.0/24"
            ],
            "description": "Allow SSH connections from JumpServer Resources",
            "from_port": 22,
            "id": "sgrule-1876967085",
            "ipv6_cidr_blocks": [],
            "prefix_list_ids": [],
            "protocol": "tcp",
            "security_group_id": "sg-0b0fb72387981f5bf",
            "self": false,
            "source_security_group_id": null,
            "to_port": 22,
            "type": "ingress"
          },
          "private": "eyJzY2hlbWFfdmVyc2lvbiI6IjIifQ==",
          "depends_on": [
            "aws_security_group.captcha[0]"
          ]
        },
        {
          "index_key": 1,
          "schema_version": 2,
          "attributes": {
            "cidr_blocks": [
              "10.0.1.0/24",
              "10.0.2.0/24"
            ],
            "description": "Allow connections from App Subnet",
            "from_port": 8280,
            "id": "sgrule-957347324",
            "ipv6_cidr_blocks": [],
            "prefix_list_ids": [],
            "protocol": "tcp",
            "security_group_id": "sg-0b0fb72387981f5bf",
            "self": false,
            "source_security_group_id": null,
            "to_port": 8280,
            "type": "ingress"
          },
          "private": "eyJzY2hlbWFfdmVyc2lvbiI6IjIifQ==",
          "depends_on": [
            "aws_security_group.captcha[0]"
          ]
        }
      ]
    },
    {
      "module": "module.main-sg",
      "mode": "managed",
      "type": "aws_security_group_rule",
      "name": "job_egress",
      "each": "list",
      "provider": "provider.aws",
      "instances": [
        {
          "index_key": 0,
          "schema_version": 2,
          "attributes": {
            "cidr_blocks": [
              "0.0.0.0/0"
            ],
            "description": "Allow all connections to internet",
            "from_port": 0,
            "id": "sgrule-1300530086",
            "ipv6_cidr_blocks": [],
            "prefix_list_ids": [],
            "protocol": "-1",
            "security_group_id": "sg-0bdcd39985e8d060c",
            "self": false,
            "source_security_group_id": null,
            "to_port": 0,
            "type": "egress"
          },
          "private": "eyJzY2hlbWFfdmVyc2lvbiI6IjIifQ==",
          "depends_on": [
            "aws_security_group.job[0]"
          ]
        }
      ]
    },
    {
      "module": "module.main-sg",
      "mode": "managed",
      "type": "aws_security_group_rule",
      "name": "job_ingress",
      "each": "list",
      "provider": "provider.aws",
      "instances": [
        {
          "index_key": 0,
          "schema_version": 2,
          "attributes": {
            "cidr_blocks": [
              "10.0.91.0/24"
            ],
            "description": "Allow SSH connections from JumpServer Resources",
            "from_port": 22,
            "id": "sgrule-3962400073",
            "ipv6_cidr_blocks": [],
            "prefix_list_ids": [],
            "protocol": "tcp",
            "security_group_id": "sg-0bdcd39985e8d060c",
            "self": false,
            "source_security_group_id": null,
            "to_port": 22,
            "type": "ingress"
          },
          "private": "eyJzY2hlbWFfdmVyc2lvbiI6IjIifQ==",
          "depends_on": [
            "aws_security_group.job[0]"
          ]
        },
        {
          "index_key": 1,
          "schema_version": 2,
          "attributes": {
            "cidr_blocks": [
              "10.0.1.0/24",
              "10.0.2.0/24"
            ],
            "description": "Allow connections from App Subnet",
            "from_port": 5672,
            "id": "sgrule-1663120585",
            "ipv6_cidr_blocks": [],
            "prefix_list_ids": [],
            "protocol": "tcp",
            "security_group_id": "sg-0bdcd39985e8d060c",
            "self": false,
            "source_security_group_id": null,
            "to_port": 5672,
            "type": "ingress"
          },
          "private": "eyJzY2hlbWFfdmVyc2lvbiI6IjIifQ==",
          "depends_on": [
            "aws_security_group.job[0]"
          ]
        }
      ]
    },
    {
      "module": "module.main-sg",
      "mode": "managed",
      "type": "aws_security_group_rule",
      "name": "jumpserver_egress",
      "each": "list",
      "provider": "provider.aws",
      "instances": [
        {
          "index_key": 0,
          "schema_version": 2,
          "attributes": {
            "cidr_blocks": [
              "0.0.0.0/0"
            ],
            "description": "Allow all connections to internet",
            "from_port": 0,
            "id": "sgrule-329588968",
            "ipv6_cidr_blocks": [],
            "prefix_list_ids": [],
            "protocol": "-1",
            "security_group_id": "sg-0e1608df14de46d6d",
            "self": false,
            "source_security_group_id": null,
            "to_port": 0,
            "type": "egress"
          },
          "private": "eyJzY2hlbWFfdmVyc2lvbiI6IjIifQ==",
          "depends_on": [
            "aws_security_group.jumpserver[0]"
          ]
        }
      ]
    },
    {
      "module": "module.main-sg",
      "mode": "managed",
      "type": "aws_security_group_rule",
      "name": "jumpserver_ingress",
      "each": "list",
      "provider": "provider.aws",
      "instances": [
        {
          "index_key": 0,
          "schema_version": 2,
          "attributes": {
            "cidr_blocks": [
              "0.0.0.0/0"
            ],
            "description": "Allow SSH connections from internet",
            "from_port": 22,
            "id": "sgrule-3159389129",
            "ipv6_cidr_blocks": [],
            "prefix_list_ids": [],
            "protocol": "tcp",
            "security_group_id": "sg-0e1608df14de46d6d",
            "self": false,
            "source_security_group_id": null,
            "to_port": 22,
            "type": "ingress"
          },
          "private": "eyJzY2hlbWFfdmVyc2lvbiI6IjIifQ==",
          "depends_on": [
            "aws_security_group.jumpserver[0]"
          ]
        },
        {
          "index_key": 1,
          "schema_version": 2,
          "attributes": {
            "cidr_blocks": [
              "13.126.151.121/32"
            ],
            "description": "Allow gmetrics monitoring connections from monitoring server",
            "from_port": 5666,
            "id": "sgrule-2966897030",
            "ipv6_cidr_blocks": [],
            "prefix_list_ids": [],
            "protocol": "tcp",
            "security_group_id": "sg-0e1608df14de46d6d",
            "self": false,
            "source_security_group_id": null,
            "to_port": 5666,
            "type": "ingress"
          },
          "private": "eyJzY2hlbWFfdmVyc2lvbiI6IjIifQ==",
          "depends_on": [
            "aws_security_group.jumpserver[0]"
          ]
        },
        {
          "index_key": 2,
          "schema_version": 2,
          "attributes": {
            "cidr_blocks": [
              "13.126.151.121/32"
            ],
            "description": "Allow gmetrics monitoring connections from monitoring server",
            "from_port": 5667,
            "id": "sgrule-3254604595",
            "ipv6_cidr_blocks": [],
            "prefix_list_ids": [],
            "protocol": "tcp",
            "security_group_id": "sg-0e1608df14de46d6d",
            "self": false,
            "source_security_group_id": null,
            "to_port": 5667,
            "type": "ingress"
          },
          "private": "eyJzY2hlbWFfdmVyc2lvbiI6IjIifQ==",
          "depends_on": [
            "aws_security_group.jumpserver[0]"
          ]
        },
        {
          "index_key": 3,
          "schema_version": 2,
          "attributes": {
            "cidr_blocks": [
              "13.126.151.121/32"
            ],
            "description": "Allow gmetrics monitoring connections from monitoring server",
            "from_port": 5668,
            "id": "sgrule-1927852371",
            "ipv6_cidr_blocks": [],
            "prefix_list_ids": [],
            "protocol": "tcp",
            "security_group_id": "sg-0e1608df14de46d6d",
            "self": false,
            "source_security_group_id": null,
            "to_port": 5668,
            "type": "ingress"
          },
          "private": "eyJzY2hlbWFfdmVyc2lvbiI6IjIifQ==",
          "depends_on": [
            "aws_security_group.jumpserver[0]"
          ]
        },
        {
          "index_key": 4,
          "schema_version": 2,
          "attributes": {
            "cidr_blocks": [
              "13.126.151.121/32"
            ],
            "description": "Allow gmetrics monitoring connections from monitoring server",
            "from_port": 5669,
            "id": "sgrule-63087590",
            "ipv6_cidr_blocks": [],
            "prefix_list_ids": [],
            "protocol": "tcp",
            "security_group_id": "sg-0e1608df14de46d6d",
            "self": false,
            "source_security_group_id": null,
            "to_port": 5669,
            "type": "ingress"
          },
          "private": "eyJzY2hlbWFfdmVyc2lvbiI6IjIifQ==",
          "depends_on": [
            "aws_security_group.jumpserver[0]"
          ]
        },
        {
          "index_key": 5,
          "schema_version": 2,
          "attributes": {
            "cidr_blocks": [
              "13.126.151.121/32"
            ],
            "description": "Allow gmetrics monitoring connections from monitoring server",
            "from_port": 5670,
            "id": "sgrule-4129310056",
            "ipv6_cidr_blocks": [],
            "prefix_list_ids": [],
            "protocol": "tcp",
            "security_group_id": "sg-0e1608df14de46d6d",
            "self": false,
            "source_security_group_id": null,
            "to_port": 5670,
            "type": "ingress"
          },
          "private": "eyJzY2hlbWFfdmVyc2lvbiI6IjIifQ==",
          "depends_on": [
            "aws_security_group.jumpserver[0]"
          ]
        }
      ]
    },
    {
      "module": "module.main-sg",
      "mode": "managed",
      "type": "aws_security_group_rule",
      "name": "lb_egress",
      "each": "list",
      "provider": "provider.aws",
      "instances": [
        {
          "index_key": 0,
          "schema_version": 2,
          "attributes": {
            "cidr_blocks": [
              "0.0.0.0/0"
            ],
            "description": "Allow all connections to internet",
            "from_port": 0,
            "id": "sgrule-3490609344",
            "ipv6_cidr_blocks": [],
            "prefix_list_ids": [],
            "protocol": "-1",
            "security_group_id": "sg-000f73f2e902b98fd",
            "self": false,
            "source_security_group_id": null,
            "to_port": 0,
            "type": "egress"
          },
          "private": "eyJzY2hlbWFfdmVyc2lvbiI6IjIifQ==",
          "depends_on": [
            "aws_security_group.lb[0]"
          ]
        }
      ]
    },
    {
      "module": "module.main-sg",
      "mode": "managed",
      "type": "aws_security_group_rule",
      "name": "lb_ingress",
      "each": "list",
      "provider": "provider.aws",
      "instances": [
        {
          "index_key": 0,
          "schema_version": 2,
          "attributes": {
            "cidr_blocks": [
              "0.0.0.0/0"
            ],
            "description": "Allow HTTP connections from internet",
            "from_port": 80,
            "id": "sgrule-3978134377",
            "ipv6_cidr_blocks": [],
            "prefix_list_ids": [],
            "protocol": "tcp",
            "security_group_id": "sg-000f73f2e902b98fd",
            "self": false,
            "source_security_group_id": null,
            "to_port": 80,
            "type": "ingress"
          },
          "private": "eyJzY2hlbWFfdmVyc2lvbiI6IjIifQ==",
          "depends_on": [
            "aws_security_group.lb[0]"
          ]
        },
        {
          "index_key": 1,
          "schema_version": 2,
          "attributes": {
            "cidr_blocks": [
              "0.0.0.0/0"
            ],
            "description": "Allow HTTPS connections from internet",
            "from_port": 443,
            "id": "sgrule-1722650011",
            "ipv6_cidr_blocks": [],
            "prefix_list_ids": [],
            "protocol": "tcp",
            "security_group_id": "sg-000f73f2e902b98fd",
            "self": false,
            "source_security_group_id": null,
            "to_port": 443,
            "type": "ingress"
          },
          "private": "eyJzY2hlbWFfdmVyc2lvbiI6IjIifQ==",
          "depends_on": [
            "aws_security_group.lb[0]"
          ]
        }
      ]
    },
    {
      "module": "module.main-sg",
      "mode": "managed",
      "type": "aws_security_group_rule",
      "name": "notification_egress",
      "each": "list",
      "provider": "provider.aws",
      "instances": [
        {
          "index_key": 0,
          "schema_version": 2,
          "attributes": {
            "cidr_blocks": [
              "0.0.0.0/0"
            ],
            "description": "Allow all connections to internet",
            "from_port": 0,
            "id": "sgrule-3393039662",
            "ipv6_cidr_blocks": [],
            "prefix_list_ids": [],
            "protocol": "-1",
            "security_group_id": "sg-02a1bb6377d73577d",
            "self": false,
            "source_security_group_id": null,
            "to_port": 0,
            "type": "egress"
          },
          "private": "eyJzY2hlbWFfdmVyc2lvbiI6IjIifQ==",
          "depends_on": [
            "aws_security_group.notification[0]"
          ]
        }
      ]
    },
    {
      "module": "module.main-sg",
      "mode": "managed",
      "type": "aws_security_group_rule",
      "name": "notification_ingress",
      "each": "list",
      "provider": "provider.aws",
      "instances": [
        {
          "index_key": 0,
          "schema_version": 2,
          "attributes": {
            "cidr_blocks": [
              "10.0.91.0/24"
            ],
            "description": "Allow SSH connections from JumpServer Resources",
            "from_port": 22,
            "id": "sgrule-3449975029",
            "ipv6_cidr_blocks": [],
            "prefix_list_ids": [],
            "protocol": "tcp",
            "security_group_id": "sg-02a1bb6377d73577d",
            "self": false,
            "source_security_group_id": null,
            "to_port": 22,
            "type": "ingress"
          },
          "private": "eyJzY2hlbWFfdmVyc2lvbiI6IjIifQ==",
          "depends_on": [
            "aws_security_group.notification[0]"
          ]
        },
        {
          "index_key": 1,
          "schema_version": 2,
          "attributes": {
            "cidr_blocks": [
              "10.0.1.0/24",
              "10.0.2.0/24"
            ],
            "description": "Allow connections from App Subnet",
            "from_port": 5672,
            "id": "sgrule-1899161541",
            "ipv6_cidr_blocks": [],
            "prefix_list_ids": [],
            "protocol": "tcp",
            "security_group_id": "sg-02a1bb6377d73577d",
            "self": false,
            "source_security_group_id": null,
            "to_port": 5672,
            "type": "ingress"
          },
          "private": "eyJzY2hlbWFfdmVyc2lvbiI6IjIifQ==",
          "depends_on": [
            "aws_security_group.notification[0]"
          ]
        },
        {
          "index_key": 2,
          "schema_version": 2,
          "attributes": {
            "cidr_blocks": [
              "10.0.1.0/24",
              "10.0.2.0/24"
            ],
            "description": "Allow connections from App Subnet",
            "from_port": 5678,
            "id": "sgrule-3709382715",
            "ipv6_cidr_blocks": [],
            "prefix_list_ids": [],
            "protocol": "tcp",
            "security_group_id": "sg-02a1bb6377d73577d",
            "self": false,
            "source_security_group_id": null,
            "to_port": 5678,
            "type": "ingress"
          },
          "private": "eyJzY2hlbWFfdmVyc2lvbiI6IjIifQ==",
          "depends_on": [
            "aws_security_group.notification[0]"
          ]
        },
        {
          "index_key": 3,
          "schema_version": 2,
          "attributes": {
            "cidr_blocks": [
              "10.0.15.0/24"
            ],
            "description": "Allow connections from notification Subnet",
            "from_port": 5672,
            "id": "sgrule-3621011363",
            "ipv6_cidr_blocks": [],
            "prefix_list_ids": [],
            "protocol": "tcp",
            "security_group_id": "sg-02a1bb6377d73577d",
            "self": false,
            "source_security_group_id": null,
            "to_port": 5672,
            "type": "ingress"
          },
          "private": "eyJzY2hlbWFfdmVyc2lvbiI6IjIifQ==",
          "depends_on": [
            "aws_security_group.notification[0]"
          ]
        },
        {
          "index_key": 4,
          "schema_version": 2,
          "attributes": {
            "cidr_blocks": [
              "10.0.91.189/32"
            ],
            "description": "Allow gmetrics monitoring connections from jumpserver",
            "from_port": 5666,
            "id": "sgrule-4232878699",
            "ipv6_cidr_blocks": [],
            "prefix_list_ids": [],
            "protocol": "tcp",
            "security_group_id": "sg-02a1bb6377d73577d",
            "self": false,
            "source_security_group_id": null,
            "to_port": 5666,
            "type": "ingress"
          },
          "private": "eyJzY2hlbWFfdmVyc2lvbiI6IjIifQ==",
          "depends_on": [
            "aws_security_group.notification[0]"
          ]
        }
      ]
    },
    {
      "module": "module.main-sg",
      "mode": "managed",
      "type": "aws_security_group_rule",
      "name": "rds_egress",
      "each": "list",
      "provider": "provider.aws",
      "instances": [
        {
          "index_key": 0,
          "schema_version": 2,
          "attributes": {
            "cidr_blocks": [
              "0.0.0.0/0"
            ],
            "description": "Allow all connections to internet",
            "from_port": 0,
            "id": "sgrule-1496450085",
            "ipv6_cidr_blocks": [],
            "prefix_list_ids": [],
            "protocol": "-1",
            "security_group_id": "sg-0f8e86a9caa0f5210",
            "self": false,
            "source_security_group_id": null,
            "to_port": 0,
            "type": "egress"
          },
          "private": "eyJzY2hlbWFfdmVyc2lvbiI6IjIifQ==",
          "depends_on": [
            "aws_security_group.rds[0]"
          ]
        }
      ]
    },
    {
      "module": "module.main-sg",
      "mode": "managed",
      "type": "aws_security_group_rule",
      "name": "rds_ingress",
      "each": "list",
      "provider": "provider.aws",
      "instances": [
        {
          "index_key": 0,
          "schema_version": 2,
          "attributes": {
            "cidr_blocks": [
              "10.0.1.0/24",
              "10.0.2.0/24",
              "10.0.91.0/24",
              "10.0.15.0/24"
            ],
            "description": "Allow db connections from Application, JumpServer Resources",
            "from_port": 3306,
            "id": "sgrule-3490158264",
            "ipv6_cidr_blocks": [],
            "prefix_list_ids": [],
            "protocol": "tcp",
            "security_group_id": "sg-0f8e86a9caa0f5210",
            "self": false,
            "source_security_group_id": null,
            "to_port": 3306,
            "type": "ingress"
          },
          "private": "eyJzY2hlbWFfdmVyc2lvbiI6IjIifQ==",
          "depends_on": [
            "aws_security_group.rds[0]"
          ]
        }
      ]
    },
    {
      "module": "module.main-sg",
      "mode": "managed",
      "type": "aws_security_group_rule",
      "name": "web_egress",
      "each": "list",
      "provider": "provider.aws",
      "instances": [
        {
          "index_key": 0,
          "schema_version": 2,
          "attributes": {
            "cidr_blocks": [
              "0.0.0.0/0"
            ],
            "description": "Allow all connections to internet",
            "from_port": 0,
            "id": "sgrule-1773533135",
            "ipv6_cidr_blocks": [],
            "prefix_list_ids": [],
            "protocol": "-1",
            "security_group_id": "sg-005ae396eb087c67d",
            "self": false,
            "source_security_group_id": null,
            "to_port": 0,
            "type": "egress"
          },
          "private": "eyJzY2hlbWFfdmVyc2lvbiI6IjIifQ==",
          "depends_on": [
            "aws_security_group.web[0]"
          ]
        }
      ]
    },
    {
      "module": "module.main-sg",
      "mode": "managed",
      "type": "aws_security_group_rule",
      "name": "web_ingress",
      "each": "list",
      "provider": "provider.aws",
      "instances": [
        {
          "index_key": 0,
          "schema_version": 2,
          "attributes": {
            "cidr_blocks": [
              "10.0.91.0/24"
            ],
            "description": "Allow SSH connections from JumpServer Resources",
            "from_port": 22,
            "id": "sgrule-2086688811",
            "ipv6_cidr_blocks": [],
            "prefix_list_ids": [],
            "protocol": "tcp",
            "security_group_id": "sg-005ae396eb087c67d",
            "self": false,
            "source_security_group_id": null,
            "to_port": 22,
            "type": "ingress"
          },
          "private": "eyJzY2hlbWFfdmVyc2lvbiI6IjIifQ==",
          "depends_on": [
            "aws_security_group.web[0]"
          ]
        },
        {
          "index_key": 1,
          "schema_version": 2,
          "attributes": {
            "cidr_blocks": [
              "10.0.61.0/24",
              "10.0.62.0/24"
            ],
            "description": "Allow HTTP connections from Load Balancer",
            "from_port": 80,
            "id": "sgrule-2615627174",
            "ipv6_cidr_blocks": [],
            "prefix_list_ids": [],
            "protocol": "tcp",
            "security_group_id": "sg-005ae396eb087c67d",
            "self": false,
            "source_security_group_id": null,
            "to_port": 80,
            "type": "ingress"
          },
          "private": "eyJzY2hlbWFfdmVyc2lvbiI6IjIifQ==",
          "depends_on": [
            "aws_security_group.web[0]"
          ]
        },
        {
          "index_key": 2,
          "schema_version": 2,
          "attributes": {
            "cidr_blocks": [
              "10.0.91.0/24"
            ],
            "description": "Allow HTTP connections from JumpServer Resources",
            "from_port": 80,
            "id": "sgrule-3180145985",
            "ipv6_cidr_blocks": [],
            "prefix_list_ids": [],
            "protocol": "tcp",
            "security_group_id": "sg-005ae396eb087c67d",
            "self": false,
            "source_security_group_id": null,
            "to_port": 80,
            "type": "ingress"
          },
          "private": "eyJzY2hlbWFfdmVyc2lvbiI6IjIifQ==",
          "depends_on": [
            "aws_security_group.web[0]"
          ]
        },
        {
          "index_key": 3,
          "schema_version": 2,
          "attributes": {
            "cidr_blocks": [
              "10.0.91.189/32"
            ],
            "description": "Allow gmetrics monitoring connections from jumpserver",
            "from_port": 5666,
            "id": "sgrule-1024536923",
            "ipv6_cidr_blocks": [],
            "prefix_list_ids": [],
            "protocol": "tcp",
            "security_group_id": "sg-005ae396eb087c67d",
            "self": false,
            "source_security_group_id": null,
            "to_port": 5666,
            "type": "ingress"
          },
          "private": "eyJzY2hlbWFfdmVyc2lvbiI6IjIifQ==",
          "depends_on": [
            "aws_security_group.web[0]"
          ]
        }
      ]
    },
    {
      "module": "module.main-vpc",
      "mode": "managed",
      "type": "aws_subnet",
      "name": "app",
      "each": "list",
      "provider": "provider.aws",
      "instances": [
        {
          "index_key": 0,
          "schema_version": 1,
          "attributes": {
            "arn": "arn:aws:ec2:ap-south-1:238747170134:subnet/subnet-0de3b25c8e1111aa0",
            "assign_ipv6_address_on_creation": false,
            "availability_zone": "ap-south-1a",
            "availability_zone_id": "aps1-az1",
            "cidr_block": "10.0.1.0/24",
            "id": "subnet-0de3b25c8e1111aa0",
            "ipv6_cidr_block": "",
            "ipv6_cidr_block_association_id": "",
            "map_public_ip_on_launch": false,
            "outpost_arn": "",
            "owner_id": "238747170134",
            "tags": {
              "Name": "bigfish-test-app-ap-south-1a-subnet",
              "Terraform": "true"
            },
            "timeouts": null,
            "vpc_id": "vpc-0c478a90a9bb11b5c"
          },
          "private": "eyJlMmJmYjczMC1lY2FhLTExZTYtOGY4OC0zNDM2M2JjN2M0YzAiOnsiY3JlYXRlIjo2MDAwMDAwMDAwMDAsImRlbGV0ZSI6MTIwMDAwMDAwMDAwMH0sInNjaGVtYV92ZXJzaW9uIjoiMSJ9",
          "depends_on": [
            "aws_nat_gateway.this",
            "aws_route.app_nat_gateway"
          ]
        },
        {
          "index_key": 1,
          "schema_version": 1,
          "attributes": {
            "arn": "arn:aws:ec2:ap-south-1:238747170134:subnet/subnet-00b08cfa3ba53d96d",
            "assign_ipv6_address_on_creation": false,
            "availability_zone": "ap-south-1b",
            "availability_zone_id": "aps1-az3",
            "cidr_block": "10.0.2.0/24",
            "id": "subnet-00b08cfa3ba53d96d",
            "ipv6_cidr_block": "",
            "ipv6_cidr_block_association_id": "",
            "map_public_ip_on_launch": false,
            "outpost_arn": "",
            "owner_id": "238747170134",
            "tags": {
              "Name": "bigfish-test-app-ap-south-1b-subnet",
              "Terraform": "true"
            },
            "timeouts": null,
            "vpc_id": "vpc-0c478a90a9bb11b5c"
          },
          "private": "eyJlMmJmYjczMC1lY2FhLTExZTYtOGY4OC0zNDM2M2JjN2M0YzAiOnsiY3JlYXRlIjo2MDAwMDAwMDAwMDAsImRlbGV0ZSI6MTIwMDAwMDAwMDAwMH0sInNjaGVtYV92ZXJzaW9uIjoiMSJ9",
          "depends_on": [
            "aws_nat_gateway.this",
            "aws_route.app_nat_gateway"
          ]
        }
      ]
    },
    {
      "module": "module.main-vpc",
      "mode": "managed",
      "type": "aws_subnet",
      "name": "captcha",
      "each": "list",
      "provider": "provider.aws",
      "instances": [
        {
          "index_key": 0,
          "schema_version": 1,
          "attributes": {
            "arn": "arn:aws:ec2:ap-south-1:238747170134:subnet/subnet-01858dcc7d3e8d315",
            "assign_ipv6_address_on_creation": false,
            "availability_zone": "ap-south-1a",
            "availability_zone_id": "aps1-az1",
            "cidr_block": "10.0.16.0/24",
            "id": "subnet-01858dcc7d3e8d315",
            "ipv6_cidr_block": "",
            "ipv6_cidr_block_association_id": "",
            "map_public_ip_on_launch": false,
            "outpost_arn": "",
            "owner_id": "238747170134",
            "tags": {
              "Name": "bigfish-test-captcha-ap-south-1a-subnet",
              "Terraform": "true"
            },
            "timeouts": null,
            "vpc_id": "vpc-0c478a90a9bb11b5c"
          },
          "private": "eyJlMmJmYjczMC1lY2FhLTExZTYtOGY4OC0zNDM2M2JjN2M0YzAiOnsiY3JlYXRlIjo2MDAwMDAwMDAwMDAsImRlbGV0ZSI6MTIwMDAwMDAwMDAwMH0sInNjaGVtYV92ZXJzaW9uIjoiMSJ9",
          "depends_on": [
            "aws_nat_gateway.this"
          ]
        }
      ]
    },
    {
      "module": "module.main-vpc",
      "mode": "managed",
      "type": "aws_subnet",
      "name": "lb",
      "each": "list",
      "provider": "provider.aws",
      "instances": [
        {
          "index_key": 0,
          "schema_version": 1,
          "attributes": {
            "arn": "arn:aws:ec2:ap-south-1:238747170134:subnet/subnet-08660d7b0c79fb660",
            "assign_ipv6_address_on_creation": false,
            "availability_zone": "ap-south-1a",
            "availability_zone_id": "aps1-az1",
            "cidr_block": "10.0.61.0/24",
            "id": "subnet-08660d7b0c79fb660",
            "ipv6_cidr_block": "",
            "ipv6_cidr_block_association_id": "",
            "map_public_ip_on_launch": false,
            "outpost_arn": "",
            "owner_id": "238747170134",
            "tags": {
              "Name": "bigfish-test-lb-ap-south-1a-subnet",
              "Terraform": "true"
            },
            "timeouts": null,
            "vpc_id": "vpc-0c478a90a9bb11b5c"
          },
          "private": "eyJlMmJmYjczMC1lY2FhLTExZTYtOGY4OC0zNDM2M2JjN2M0YzAiOnsiY3JlYXRlIjo2MDAwMDAwMDAwMDAsImRlbGV0ZSI6MTIwMDAwMDAwMDAwMH0sInNjaGVtYV92ZXJzaW9uIjoiMSJ9"
        },
        {
          "index_key": 1,
          "schema_version": 1,
          "attributes": {
            "arn": "arn:aws:ec2:ap-south-1:238747170134:subnet/subnet-044ff480922e56d7d",
            "assign_ipv6_address_on_creation": false,
            "availability_zone": "ap-south-1b",
            "availability_zone_id": "aps1-az3",
            "cidr_block": "10.0.62.0/24",
            "id": "subnet-044ff480922e56d7d",
            "ipv6_cidr_block": "",
            "ipv6_cidr_block_association_id": "",
            "map_public_ip_on_launch": false,
            "outpost_arn": "",
            "owner_id": "238747170134",
            "tags": {
              "Name": "bigfish-test-lb-ap-south-1b-subnet",
              "Terraform": "true"
            },
            "timeouts": null,
            "vpc_id": "vpc-0c478a90a9bb11b5c"
          },
          "private": "eyJlMmJmYjczMC1lY2FhLTExZTYtOGY4OC0zNDM2M2JjN2M0YzAiOnsiY3JlYXRlIjo2MDAwMDAwMDAwMDAsImRlbGV0ZSI6MTIwMDAwMDAwMDAwMH0sInNjaGVtYV92ZXJzaW9uIjoiMSJ9"
        }
      ]
    },
    {
      "module": "module.main-vpc",
      "mode": "managed",
      "type": "aws_subnet",
      "name": "notification",
      "each": "list",
      "provider": "provider.aws",
      "instances": [
        {
          "index_key": 0,
          "schema_version": 1,
          "attributes": {
            "arn": "arn:aws:ec2:ap-south-1:238747170134:subnet/subnet-031f1e72c0dc3214f",
            "assign_ipv6_address_on_creation": false,
            "availability_zone": "ap-south-1a",
            "availability_zone_id": "aps1-az1",
            "cidr_block": "10.0.15.0/24",
            "id": "subnet-031f1e72c0dc3214f",
            "ipv6_cidr_block": "",
            "ipv6_cidr_block_association_id": "",
            "map_public_ip_on_launch": false,
            "outpost_arn": "",
            "owner_id": "238747170134",
            "tags": {
              "Name": "bigfish-test-notification-ap-south-1a-subnet",
              "Terraform": "true"
            },
            "timeouts": null,
            "vpc_id": "vpc-0c478a90a9bb11b5c"
          },
          "private": "eyJlMmJmYjczMC1lY2FhLTExZTYtOGY4OC0zNDM2M2JjN2M0YzAiOnsiY3JlYXRlIjo2MDAwMDAwMDAwMDAsImRlbGV0ZSI6MTIwMDAwMDAwMDAwMH0sInNjaGVtYV92ZXJzaW9uIjoiMSJ9",
          "depends_on": [
            "aws_nat_gateway.this"
          ]
        }
      ]
    },
    {
      "module": "module.main-vpc",
      "mode": "managed",
      "type": "aws_subnet",
      "name": "public",
      "each": "list",
      "provider": "provider.aws",
      "instances": [
        {
          "index_key": 0,
          "schema_version": 1,
          "attributes": {
            "arn": "arn:aws:ec2:ap-south-1:238747170134:subnet/subnet-05792a5f06b5601d9",
            "assign_ipv6_address_on_creation": false,
            "availability_zone": "ap-south-1b",
            "availability_zone_id": "aps1-az3",
            "cidr_block": "10.0.91.0/24",
            "id": "subnet-05792a5f06b5601d9",
            "ipv6_cidr_block": "",
            "ipv6_cidr_block_association_id": "",
            "map_public_ip_on_launch": true,
            "outpost_arn": "",
            "owner_id": "238747170134",
            "tags": {
              "Name": "bigfish-test-jumpserver-ap-south-1b-subnet",
              "Terraform": "true"
            },
            "timeouts": null,
            "vpc_id": "vpc-0c478a90a9bb11b5c"
          },
          "private": "eyJlMmJmYjczMC1lY2FhLTExZTYtOGY4OC0zNDM2M2JjN2M0YzAiOnsiY3JlYXRlIjo2MDAwMDAwMDAwMDAsImRlbGV0ZSI6MTIwMDAwMDAwMDAwMH0sInNjaGVtYV92ZXJzaW9uIjoiMSJ9"
        }
      ]
    },
    {
      "module": "module.main-vpc",
      "mode": "managed",
      "type": "aws_subnet",
      "name": "rds",
      "each": "list",
      "provider": "provider.aws",
      "instances": [
        {
          "index_key": 0,
          "schema_version": 1,
          "attributes": {
            "arn": "arn:aws:ec2:ap-south-1:238747170134:subnet/subnet-066da63127bc32933",
            "assign_ipv6_address_on_creation": false,
            "availability_zone": "ap-south-1a",
            "availability_zone_id": "aps1-az1",
            "cidr_block": "10.0.21.0/24",
            "id": "subnet-066da63127bc32933",
            "ipv6_cidr_block": "",
            "ipv6_cidr_block_association_id": "",
            "map_public_ip_on_launch": false,
            "outpost_arn": "",
            "owner_id": "238747170134",
            "tags": {
              "Name": "bigfish-test-rds-ap-south-1a-subnet",
              "Terraform": "true"
            },
            "timeouts": null,
            "vpc_id": "vpc-0c478a90a9bb11b5c"
          },
          "private": "eyJlMmJmYjczMC1lY2FhLTExZTYtOGY4OC0zNDM2M2JjN2M0YzAiOnsiY3JlYXRlIjo2MDAwMDAwMDAwMDAsImRlbGV0ZSI6MTIwMDAwMDAwMDAwMH0sInNjaGVtYV92ZXJzaW9uIjoiMSJ9"
        },
        {
          "index_key": 1,
          "schema_version": 1,
          "attributes": {
            "arn": "arn:aws:ec2:ap-south-1:238747170134:subnet/subnet-09fe2b1c9d4f96c71",
            "assign_ipv6_address_on_creation": false,
            "availability_zone": "ap-south-1b",
            "availability_zone_id": "aps1-az3",
            "cidr_block": "10.0.22.0/24",
            "id": "subnet-09fe2b1c9d4f96c71",
            "ipv6_cidr_block": "",
            "ipv6_cidr_block_association_id": "",
            "map_public_ip_on_launch": false,
            "outpost_arn": "",
            "owner_id": "238747170134",
            "tags": {
              "Name": "bigfish-test-rds-ap-south-1b-subnet",
              "Terraform": "true"
            },
            "timeouts": null,
            "vpc_id": "vpc-0c478a90a9bb11b5c"
          },
          "private": "eyJlMmJmYjczMC1lY2FhLTExZTYtOGY4OC0zNDM2M2JjN2M0YzAiOnsiY3JlYXRlIjo2MDAwMDAwMDAwMDAsImRlbGV0ZSI6MTIwMDAwMDAwMDAwMH0sInNjaGVtYV92ZXJzaW9uIjoiMSJ9"
        }
      ]
    },
    {
      "module": "module.main-vpc",
      "mode": "managed",
      "type": "aws_subnet",
      "name": "web",
      "each": "list",
      "provider": "provider.aws",
      "instances": [
        {
          "index_key": 0,
          "schema_version": 1,
          "attributes": {
            "arn": "arn:aws:ec2:ap-south-1:238747170134:subnet/subnet-025f9ef613d509921",
            "assign_ipv6_address_on_creation": false,
            "availability_zone": "ap-south-1a",
            "availability_zone_id": "aps1-az1",
            "cidr_block": "10.0.10.0/24",
            "id": "subnet-025f9ef613d509921",
            "ipv6_cidr_block": "",
            "ipv6_cidr_block_association_id": "",
            "map_public_ip_on_launch": false,
            "outpost_arn": "",
            "owner_id": "238747170134",
            "tags": {
              "Name": "bigfish-test-web-ap-south-1a-subnet",
              "Terraform": "true"
            },
            "timeouts": null,
            "vpc_id": "vpc-0c478a90a9bb11b5c"
          },
          "private": "eyJlMmJmYjczMC1lY2FhLTExZTYtOGY4OC0zNDM2M2JjN2M0YzAiOnsiY3JlYXRlIjo2MDAwMDAwMDAwMDAsImRlbGV0ZSI6MTIwMDAwMDAwMDAwMH0sInNjaGVtYV92ZXJzaW9uIjoiMSJ9",
          "depends_on": [
            "aws_nat_gateway.this"
          ]
        }
      ]
    },
    {
      "module": "module.notification-ec2",
      "mode": "managed",
      "type": "aws_volume_attachment",
      "name": "current_ec2",
      "each": "list",
      "provider": "provider.aws",
      "instances": []
    },
    {
      "module": "module.app-ec2",
      "mode": "managed",
      "type": "aws_volume_attachment",
      "name": "current_ec2",
      "each": "list",
      "provider": "provider.aws",
      "instances": []
    },
    {
      "module": "module.jumpserver-ec2",
      "mode": "managed",
      "type": "aws_volume_attachment",
      "name": "current_ec2",
      "each": "list",
      "provider": "provider.aws",
      "instances": []
    },
    {
      "module": "module.captcha-ec2",
      "mode": "managed",
      "type": "aws_volume_attachment",
      "name": "current_ec2",
      "each": "list",
      "provider": "provider.aws",
      "instances": []
    },
    {
      "module": "module.job-ec2",
      "mode": "managed",
      "type": "aws_volume_attachment",
      "name": "current_ec2",
      "each": "list",
      "provider": "provider.aws",
      "instances": []
    },
    {
      "module": "module.web-ec2",
      "mode": "managed",
      "type": "aws_volume_attachment",
      "name": "current_ec2",
      "each": "list",
      "provider": "provider.aws",
      "instances": []
    },
    {
      "module": "module.main-vpc",
      "mode": "managed",
      "type": "aws_vpc",
      "name": "this",
      "each": "list",
      "provider": "provider.aws",
      "instances": [
        {
          "index_key": 0,
          "schema_version": 1,
          "attributes": {
            "arn": "arn:aws:ec2:ap-south-1:238747170134:vpc/vpc-0c478a90a9bb11b5c",
            "assign_generated_ipv6_cidr_block": false,
            "cidr_block": "10.0.0.0/16",
            "default_network_acl_id": "acl-021d40813a007d431",
            "default_route_table_id": "rtb-0567deb64a1be3690",
            "default_security_group_id": "sg-02f3794510198e69f",
            "dhcp_options_id": "dopt-01d43f68",
            "enable_classiclink": null,
            "enable_classiclink_dns_support": null,
            "enable_dns_hostnames": true,
            "enable_dns_support": true,
            "id": "vpc-0c478a90a9bb11b5c",
            "instance_tenancy": "default",
            "ipv6_association_id": "",
            "ipv6_cidr_block": "",
            "main_route_table_id": "rtb-0567deb64a1be3690",
            "owner_id": "238747170134",
            "tags": {
              "Name": "bigfish-test-vpc",
              "Terraform": "true"
            }
          },
          "private": "eyJzY2hlbWFfdmVyc2lvbiI6IjEifQ=="
        }
      ]
    },
    {
      "module": "module.main-vpc",
      "mode": "managed",
      "type": "aws_vpc_endpoint",
      "name": "s3",
      "each": "list",
      "provider": "provider.aws",
      "instances": []
    },
    {
      "module": "module.main-vpc",
      "mode": "managed",
      "type": "aws_vpc_endpoint_route_table_association",
      "name": "app_s3",
      "each": "list",
      "provider": "provider.aws",
      "instances": []
    },
    {
      "module": "module.main-vpc",
      "mode": "managed",
      "type": "aws_vpc_endpoint_route_table_association",
      "name": "captcha_s3",
      "each": "list",
      "provider": "provider.aws",
      "instances": []
    },
    {
      "module": "module.main-vpc",
      "mode": "managed",
      "type": "aws_vpc_endpoint_route_table_association",
      "name": "notification_s3",
      "each": "list",
      "provider": "provider.aws",
      "instances": []
    },
    {
      "module": "module.main-vpc",
      "mode": "managed",
      "type": "aws_vpc_endpoint_route_table_association",
      "name": "public_s3",
      "each": "list",
      "provider": "provider.aws",
      "instances": []
    },
    {
      "module": "module.main-vpc",
      "mode": "managed",
      "type": "aws_vpc_endpoint_route_table_association",
      "name": "web_s3",
      "each": "list",
      "provider": "provider.aws",
      "instances": []
    },
    {
      "module": "module.main-vpc",
      "mode": "managed",
      "type": "aws_vpc_ipv4_cidr_block_association",
      "name": "this",
      "each": "list",
      "provider": "provider.aws",
      "instances": []
    }
  ]
}
