{
  "version": 4,
  "terraform_version": "0.12.6",
  "serial": 6,
  "lineage": "611af14b-c643-0e64-19c1-d3eaa01dbb5e",
  "outputs": {
    "jumpserver_static_public_ip_address": {
      "value": [
        "3.7.137.20"
      ],
      "type": [
        "tuple",
        [
          "string"
        ]
      ]
    }
  },
  "resources": [
    {
      "module": "module.main-alb",
      "mode": "data",
      "type": "aws_caller_identity",
      "name": "current",
      "provider": "provider.aws",
      "instances": [
        {
          "schema_version": 0,
          "attributes": {
            "account_id": "238747170134",
            "arn": "arn:aws:iam::238747170134:user/Terraform_Prod_User",
            "id": "2020-05-05 11:22:35.867979781 +0000 UTC",
            "user_id": "AIDATPFTQWVLP3DJBL25M"
          }
        }
      ]
    },
    {
      "module": "module.main-vpc",
      "mode": "data",
      "type": "aws_vpc_endpoint_service",
      "name": "s3",
      "each": "list",
      "provider": "provider.aws",
      "instances": []
    },
    {
      "module": "module.jumpserver-ec2",
      "mode": "data",
      "type": "template_cloudinit_config",
      "name": "config",
      "provider": "provider.template",
      "instances": [
        {
          "schema_version": 0,
          "attributes": {
            "base64_encode": true,
            "gzip": true,
            "id": "703677936",
            "part": [
              {
                "content": "#!/bin/bash\n\nset -ex\n\n# update\napt-get update\n\nexport DEBIAN_FRONTEND=noninteractive\napt-get -y upgrade\n\necho \"Copy instance id \"\ncurl http://169.254.169.254/latest/meta-data/instance-id \u003e /var/tmp/aws-mon/instance-id\n\necho \"Copy availability zone of the instance\"\ncurl http://169.254.169.254/latest/meta-data/placement/availability-zone \u003e /var/tmp/aws-mon/placement/availability-zone\n\necho \"Restarting cloudwatch agent\"\nsudo systemctl restart amazon-cloudwatch-agent.service\n",
                "content_type": "text/x-shellscript",
                "filename": "",
                "merge_type": ""
              }
            ],
            "rendered": "H4sIAAAAAAAA/5SSS2sbMRDH74L9DtPNWVZT+qAuKeThQg52wKSFnsqsNNkVSCMhzTq7+fQlbp24pBR6En/0+z8Oc5lYiEXfzpmWEMcgPmMRE/1E7hN0aWSHZT5r19fr1cXN183V+fZ7qx6V/kal+sRLOF28blSjtD6GGvWUXZDrHRW9Ypuc534JHzovR8C+XGgSM+k6UAjVFp+lUWsf6UXPySvTeTYd1kGpSgKaJqVOYMwOhRRm0T3JQSqacioCV6uL6/PNjy/bm83tanN1xok9CxW04nfPLj3DmPuC7tFphwTtZcozeK6CbAm8g1bZsQQYRPLSmNP3Hxdv3r1d/H5NQKEqJpKgdihoDlbtHXwGs8NiJGaD91XHxMfffzTiDn3AzgcvMzwkJkh3IAM9TfnPGTmgpUgs5jhZ75P/Musf+GHmlqpgEc892JBGd49iB8CeWFpVR5egzlUoWglQfrGAER8S62de7/lFpbLzll5ckdaN+hkAAP//h25jSaQCAAA="
          },
          "depends_on": [
            "data.template_file.shell-script"
          ]
        }
      ]
    },
    {
      "module": "module.web-ec2",
      "mode": "data",
      "type": "template_cloudinit_config",
      "name": "config",
      "provider": "provider.template",
      "instances": [
        {
          "schema_version": 0,
          "attributes": {
            "base64_encode": true,
            "gzip": true,
            "id": "703677936",
            "part": [
              {
                "content": "#!/bin/bash\n\nset -ex\n\n# update\napt-get update\n\nexport DEBIAN_FRONTEND=noninteractive\napt-get -y upgrade\n\necho \"Copy instance id \"\ncurl http://169.254.169.254/latest/meta-data/instance-id \u003e /var/tmp/aws-mon/instance-id\n\necho \"Copy availability zone of the instance\"\ncurl http://169.254.169.254/latest/meta-data/placement/availability-zone \u003e /var/tmp/aws-mon/placement/availability-zone\n\necho \"Restarting cloudwatch agent\"\nsudo systemctl restart amazon-cloudwatch-agent.service\n",
                "content_type": "text/x-shellscript",
                "filename": "",
                "merge_type": ""
              }
            ],
            "rendered": "H4sIAAAAAAAA/5SSS2sbMRDH74L9DtPNWVZT+qAuKeThQg52wKSFnsqsNNkVSCMhzTq7+fQlbp24pBR6En/0+z8Oc5lYiEXfzpmWEMcgPmMRE/1E7hN0aWSHZT5r19fr1cXN183V+fZ7qx6V/kal+sRLOF28blSjtD6GGvWUXZDrHRW9Ypuc534JHzovR8C+XGgSM+k6UAjVFp+lUWsf6UXPySvTeTYd1kGpSgKaJqVOYMwOhRRm0T3JQSqacioCV6uL6/PNjy/bm83tanN1xok9CxW04nfPLj3DmPuC7tFphwTtZcozeK6CbAm8g1bZsQQYRPLSmNP3Hxdv3r1d/H5NQKEqJpKgdihoDlbtHXwGs8NiJGaD91XHxMfffzTiDn3AzgcvMzwkJkh3IAM9TfnPGTmgpUgs5jhZ75P/Musf+GHmlqpgEc892JBGd49iB8CeWFpVR5egzlUoWglQfrGAER8S62de7/lFpbLzll5ckdaN+hkAAP//h25jSaQCAAA="
          },
          "depends_on": [
            "data.template_file.shell-script"
          ]
        }
      ]
    },
    {
      "module": "module.captcha-ec2",
      "mode": "data",
      "type": "template_cloudinit_config",
      "name": "config",
      "provider": "provider.template",
      "instances": [
        {
          "schema_version": 0,
          "attributes": {
            "base64_encode": true,
            "gzip": true,
            "id": "703677936",
            "part": [
              {
                "content": "#!/bin/bash\n\nset -ex\n\n# update\napt-get update\n\nexport DEBIAN_FRONTEND=noninteractive\napt-get -y upgrade\n\necho \"Copy instance id \"\ncurl http://169.254.169.254/latest/meta-data/instance-id \u003e /var/tmp/aws-mon/instance-id\n\necho \"Copy availability zone of the instance\"\ncurl http://169.254.169.254/latest/meta-data/placement/availability-zone \u003e /var/tmp/aws-mon/placement/availability-zone\n\necho \"Restarting cloudwatch agent\"\nsudo systemctl restart amazon-cloudwatch-agent.service\n",
                "content_type": "text/x-shellscript",
                "filename": "",
                "merge_type": ""
              }
            ],
            "rendered": "H4sIAAAAAAAA/5SSS2sbMRDH74L9DtPNWVZT+qAuKeThQg52wKSFnsqsNNkVSCMhzTq7+fQlbp24pBR6En/0+z8Oc5lYiEXfzpmWEMcgPmMRE/1E7hN0aWSHZT5r19fr1cXN183V+fZ7qx6V/kal+sRLOF28blSjtD6GGvWUXZDrHRW9Ypuc534JHzovR8C+XGgSM+k6UAjVFp+lUWsf6UXPySvTeTYd1kGpSgKaJqVOYMwOhRRm0T3JQSqacioCV6uL6/PNjy/bm83tanN1xok9CxW04nfPLj3DmPuC7tFphwTtZcozeK6CbAm8g1bZsQQYRPLSmNP3Hxdv3r1d/H5NQKEqJpKgdihoDlbtHXwGs8NiJGaD91XHxMfffzTiDn3AzgcvMzwkJkh3IAM9TfnPGTmgpUgs5jhZ75P/Musf+GHmlqpgEc892JBGd49iB8CeWFpVR5egzlUoWglQfrGAER8S62de7/lFpbLzll5ckdaN+hkAAP//h25jSaQCAAA="
          },
          "depends_on": [
            "data.template_file.shell-script"
          ]
        }
      ]
    },
    {
      "module": "module.notification-ec2",
      "mode": "data",
      "type": "template_cloudinit_config",
      "name": "config",
      "provider": "provider.template",
      "instances": [
        {
          "schema_version": 0,
          "attributes": {
            "base64_encode": true,
            "gzip": true,
            "id": "703677936",
            "part": [
              {
                "content": "#!/bin/bash\n\nset -ex\n\n# update\napt-get update\n\nexport DEBIAN_FRONTEND=noninteractive\napt-get -y upgrade\n\necho \"Copy instance id \"\ncurl http://169.254.169.254/latest/meta-data/instance-id \u003e /var/tmp/aws-mon/instance-id\n\necho \"Copy availability zone of the instance\"\ncurl http://169.254.169.254/latest/meta-data/placement/availability-zone \u003e /var/tmp/aws-mon/placement/availability-zone\n\necho \"Restarting cloudwatch agent\"\nsudo systemctl restart amazon-cloudwatch-agent.service\n",
                "content_type": "text/x-shellscript",
                "filename": "",
                "merge_type": ""
              }
            ],
            "rendered": "H4sIAAAAAAAA/5SSS2sbMRDH74L9DtPNWVZT+qAuKeThQg52wKSFnsqsNNkVSCMhzTq7+fQlbp24pBR6En/0+z8Oc5lYiEXfzpmWEMcgPmMRE/1E7hN0aWSHZT5r19fr1cXN183V+fZ7qx6V/kal+sRLOF28blSjtD6GGvWUXZDrHRW9Ypuc534JHzovR8C+XGgSM+k6UAjVFp+lUWsf6UXPySvTeTYd1kGpSgKaJqVOYMwOhRRm0T3JQSqacioCV6uL6/PNjy/bm83tanN1xok9CxW04nfPLj3DmPuC7tFphwTtZcozeK6CbAm8g1bZsQQYRPLSmNP3Hxdv3r1d/H5NQKEqJpKgdihoDlbtHXwGs8NiJGaD91XHxMfffzTiDn3AzgcvMzwkJkh3IAM9TfnPGTmgpUgs5jhZ75P/Musf+GHmlqpgEc892JBGd49iB8CeWFpVR5egzlUoWglQfrGAER8S62de7/lFpbLzll5ckdaN+hkAAP//h25jSaQCAAA="
          },
          "depends_on": [
            "data.template_file.shell-script"
          ]
        }
      ]
    },
    {
      "module": "module.job-ec2",
      "mode": "data",
      "type": "template_cloudinit_config",
      "name": "config",
      "provider": "provider.template",
      "instances": [
        {
          "schema_version": 0,
          "attributes": {
            "base64_encode": true,
            "gzip": true,
            "id": "703677936",
            "part": [
              {
                "content": "#!/bin/bash\n\nset -ex\n\n# update\napt-get update\n\nexport DEBIAN_FRONTEND=noninteractive\napt-get -y upgrade\n\necho \"Copy instance id \"\ncurl http://169.254.169.254/latest/meta-data/instance-id \u003e /var/tmp/aws-mon/instance-id\n\necho \"Copy availability zone of the instance\"\ncurl http://169.254.169.254/latest/meta-data/placement/availability-zone \u003e /var/tmp/aws-mon/placement/availability-zone\n\necho \"Restarting cloudwatch agent\"\nsudo systemctl restart amazon-cloudwatch-agent.service\n",
                "content_type": "text/x-shellscript",
                "filename": "",
                "merge_type": ""
              }
            ],
            "rendered": "H4sIAAAAAAAA/5SSS2sbMRDH74L9DtPNWVZT+qAuKeThQg52wKSFnsqsNNkVSCMhzTq7+fQlbp24pBR6En/0+z8Oc5lYiEXfzpmWEMcgPmMRE/1E7hN0aWSHZT5r19fr1cXN183V+fZ7qx6V/kal+sRLOF28blSjtD6GGvWUXZDrHRW9Ypuc534JHzovR8C+XGgSM+k6UAjVFp+lUWsf6UXPySvTeTYd1kGpSgKaJqVOYMwOhRRm0T3JQSqacioCV6uL6/PNjy/bm83tanN1xok9CxW04nfPLj3DmPuC7tFphwTtZcozeK6CbAm8g1bZsQQYRPLSmNP3Hxdv3r1d/H5NQKEqJpKgdihoDlbtHXwGs8NiJGaD91XHxMfffzTiDn3AzgcvMzwkJkh3IAM9TfnPGTmgpUgs5jhZ75P/Musf+GHmlqpgEc892JBGd49iB8CeWFpVR5egzlUoWglQfrGAER8S62de7/lFpbLzll5ckdaN+hkAAP//h25jSaQCAAA="
          },
          "depends_on": [
            "data.template_file.shell-script"
          ]
        }
      ]
    },
    {
      "module": "module.app-ec2",
      "mode": "data",
      "type": "template_cloudinit_config",
      "name": "config",
      "provider": "provider.template",
      "instances": [
        {
          "schema_version": 0,
          "attributes": {
            "base64_encode": true,
            "gzip": true,
            "id": "703677936",
            "part": [
              {
                "content": "#!/bin/bash\n\nset -ex\n\n# update\napt-get update\n\nexport DEBIAN_FRONTEND=noninteractive\napt-get -y upgrade\n\necho \"Copy instance id \"\ncurl http://169.254.169.254/latest/meta-data/instance-id \u003e /var/tmp/aws-mon/instance-id\n\necho \"Copy availability zone of the instance\"\ncurl http://169.254.169.254/latest/meta-data/placement/availability-zone \u003e /var/tmp/aws-mon/placement/availability-zone\n\necho \"Restarting cloudwatch agent\"\nsudo systemctl restart amazon-cloudwatch-agent.service\n",
                "content_type": "text/x-shellscript",
                "filename": "",
                "merge_type": ""
              }
            ],
            "rendered": "H4sIAAAAAAAA/5SSS2sbMRDH74L9DtPNWVZT+qAuKeThQg52wKSFnsqsNNkVSCMhzTq7+fQlbp24pBR6En/0+z8Oc5lYiEXfzpmWEMcgPmMRE/1E7hN0aWSHZT5r19fr1cXN183V+fZ7qx6V/kal+sRLOF28blSjtD6GGvWUXZDrHRW9Ypuc534JHzovR8C+XGgSM+k6UAjVFp+lUWsf6UXPySvTeTYd1kGpSgKaJqVOYMwOhRRm0T3JQSqacioCV6uL6/PNjy/bm83tanN1xok9CxW04nfPLj3DmPuC7tFphwTtZcozeK6CbAm8g1bZsQQYRPLSmNP3Hxdv3r1d/H5NQKEqJpKgdihoDlbtHXwGs8NiJGaD91XHxMfffzTiDn3AzgcvMzwkJkh3IAM9TfnPGTmgpUgs5jhZ75P/Musf+GHmlqpgEc892JBGd49iB8CeWFpVR5egzlUoWglQfrGAER8S62de7/lFpbLzll5ckdaN+hkAAP//h25jSaQCAAA="
          },
          "depends_on": [
            "data.template_file.shell-script"
          ]
        }
      ]
    },
    {
      "module": "module.jumpserver-ec2",
      "mode": "data",
      "type": "template_file",
      "name": "shell-script",
      "provider": "provider.template",
      "instances": [
        {
          "schema_version": 0,
          "attributes": {
            "filename": null,
            "id": "cfd3e18f2bc70e1241bd95561128e8131ea626f721af1976bbf4db3b021c418c",
            "rendered": "#!/bin/bash\n\nset -ex\n\n# update\napt-get update\n\nexport DEBIAN_FRONTEND=noninteractive\napt-get -y upgrade\n\necho \"Copy instance id \"\ncurl http://169.254.169.254/latest/meta-data/instance-id \u003e /var/tmp/aws-mon/instance-id\n\necho \"Copy availability zone of the instance\"\ncurl http://169.254.169.254/latest/meta-data/placement/availability-zone \u003e /var/tmp/aws-mon/placement/availability-zone\n\necho \"Restarting cloudwatch agent\"\nsudo systemctl restart amazon-cloudwatch-agent.service\n",
            "template": "#!/bin/bash\n\nset -ex\n\n# update\napt-get update\n\nexport DEBIAN_FRONTEND=noninteractive\napt-get -y upgrade\n\necho \"Copy instance id \"\ncurl http://169.254.169.254/latest/meta-data/instance-id \u003e /var/tmp/aws-mon/instance-id\n\necho \"Copy availability zone of the instance\"\ncurl http://169.254.169.254/latest/meta-data/placement/availability-zone \u003e /var/tmp/aws-mon/placement/availability-zone\n\necho \"Restarting cloudwatch agent\"\nsudo systemctl restart amazon-cloudwatch-agent.service\n",
            "vars": null
          }
        }
      ]
    },
    {
      "module": "module.web-ec2",
      "mode": "data",
      "type": "template_file",
      "name": "shell-script",
      "provider": "provider.template",
      "instances": [
        {
          "schema_version": 0,
          "attributes": {
            "filename": null,
            "id": "cfd3e18f2bc70e1241bd95561128e8131ea626f721af1976bbf4db3b021c418c",
            "rendered": "#!/bin/bash\n\nset -ex\n\n# update\napt-get update\n\nexport DEBIAN_FRONTEND=noninteractive\napt-get -y upgrade\n\necho \"Copy instance id \"\ncurl http://169.254.169.254/latest/meta-data/instance-id \u003e /var/tmp/aws-mon/instance-id\n\necho \"Copy availability zone of the instance\"\ncurl http://169.254.169.254/latest/meta-data/placement/availability-zone \u003e /var/tmp/aws-mon/placement/availability-zone\n\necho \"Restarting cloudwatch agent\"\nsudo systemctl restart amazon-cloudwatch-agent.service\n",
            "template": "#!/bin/bash\n\nset -ex\n\n# update\napt-get update\n\nexport DEBIAN_FRONTEND=noninteractive\napt-get -y upgrade\n\necho \"Copy instance id \"\ncurl http://169.254.169.254/latest/meta-data/instance-id \u003e /var/tmp/aws-mon/instance-id\n\necho \"Copy availability zone of the instance\"\ncurl http://169.254.169.254/latest/meta-data/placement/availability-zone \u003e /var/tmp/aws-mon/placement/availability-zone\n\necho \"Restarting cloudwatch agent\"\nsudo systemctl restart amazon-cloudwatch-agent.service\n",
            "vars": null
          }
        }
      ]
    },
    {
      "module": "module.captcha-ec2",
      "mode": "data",
      "type": "template_file",
      "name": "shell-script",
      "provider": "provider.template",
      "instances": [
        {
          "schema_version": 0,
          "attributes": {
            "filename": null,
            "id": "cfd3e18f2bc70e1241bd95561128e8131ea626f721af1976bbf4db3b021c418c",
            "rendered": "#!/bin/bash\n\nset -ex\n\n# update\napt-get update\n\nexport DEBIAN_FRONTEND=noninteractive\napt-get -y upgrade\n\necho \"Copy instance id \"\ncurl http://169.254.169.254/latest/meta-data/instance-id \u003e /var/tmp/aws-mon/instance-id\n\necho \"Copy availability zone of the instance\"\ncurl http://169.254.169.254/latest/meta-data/placement/availability-zone \u003e /var/tmp/aws-mon/placement/availability-zone\n\necho \"Restarting cloudwatch agent\"\nsudo systemctl restart amazon-cloudwatch-agent.service\n",
            "template": "#!/bin/bash\n\nset -ex\n\n# update\napt-get update\n\nexport DEBIAN_FRONTEND=noninteractive\napt-get -y upgrade\n\necho \"Copy instance id \"\ncurl http://169.254.169.254/latest/meta-data/instance-id \u003e /var/tmp/aws-mon/instance-id\n\necho \"Copy availability zone of the instance\"\ncurl http://169.254.169.254/latest/meta-data/placement/availability-zone \u003e /var/tmp/aws-mon/placement/availability-zone\n\necho \"Restarting cloudwatch agent\"\nsudo systemctl restart amazon-cloudwatch-agent.service\n",
            "vars": null
          }
        }
      ]
    },
    {
      "module": "module.notification-ec2",
      "mode": "data",
      "type": "template_file",
      "name": "shell-script",
      "provider": "provider.template",
      "instances": [
        {
          "schema_version": 0,
          "attributes": {
            "filename": null,
            "id": "cfd3e18f2bc70e1241bd95561128e8131ea626f721af1976bbf4db3b021c418c",
            "rendered": "#!/bin/bash\n\nset -ex\n\n# update\napt-get update\n\nexport DEBIAN_FRONTEND=noninteractive\napt-get -y upgrade\n\necho \"Copy instance id \"\ncurl http://169.254.169.254/latest/meta-data/instance-id \u003e /var/tmp/aws-mon/instance-id\n\necho \"Copy availability zone of the instance\"\ncurl http://169.254.169.254/latest/meta-data/placement/availability-zone \u003e /var/tmp/aws-mon/placement/availability-zone\n\necho \"Restarting cloudwatch agent\"\nsudo systemctl restart amazon-cloudwatch-agent.service\n",
            "template": "#!/bin/bash\n\nset -ex\n\n# update\napt-get update\n\nexport DEBIAN_FRONTEND=noninteractive\napt-get -y upgrade\n\necho \"Copy instance id \"\ncurl http://169.254.169.254/latest/meta-data/instance-id \u003e /var/tmp/aws-mon/instance-id\n\necho \"Copy availability zone of the instance\"\ncurl http://169.254.169.254/latest/meta-data/placement/availability-zone \u003e /var/tmp/aws-mon/placement/availability-zone\n\necho \"Restarting cloudwatch agent\"\nsudo systemctl restart amazon-cloudwatch-agent.service\n",
            "vars": null
          }
        }
      ]
    },
    {
      "module": "module.job-ec2",
      "mode": "data",
      "type": "template_file",
      "name": "shell-script",
      "provider": "provider.template",
      "instances": [
        {
          "schema_version": 0,
          "attributes": {
            "filename": null,
            "id": "cfd3e18f2bc70e1241bd95561128e8131ea626f721af1976bbf4db3b021c418c",
            "rendered": "#!/bin/bash\n\nset -ex\n\n# update\napt-get update\n\nexport DEBIAN_FRONTEND=noninteractive\napt-get -y upgrade\n\necho \"Copy instance id \"\ncurl http://169.254.169.254/latest/meta-data/instance-id \u003e /var/tmp/aws-mon/instance-id\n\necho \"Copy availability zone of the instance\"\ncurl http://169.254.169.254/latest/meta-data/placement/availability-zone \u003e /var/tmp/aws-mon/placement/availability-zone\n\necho \"Restarting cloudwatch agent\"\nsudo systemctl restart amazon-cloudwatch-agent.service\n",
            "template": "#!/bin/bash\n\nset -ex\n\n# update\napt-get update\n\nexport DEBIAN_FRONTEND=noninteractive\napt-get -y upgrade\n\necho \"Copy instance id \"\ncurl http://169.254.169.254/latest/meta-data/instance-id \u003e /var/tmp/aws-mon/instance-id\n\necho \"Copy availability zone of the instance\"\ncurl http://169.254.169.254/latest/meta-data/placement/availability-zone \u003e /var/tmp/aws-mon/placement/availability-zone\n\necho \"Restarting cloudwatch agent\"\nsudo systemctl restart amazon-cloudwatch-agent.service\n",
            "vars": null
          }
        }
      ]
    },
    {
      "module": "module.app-ec2",
      "mode": "data",
      "type": "template_file",
      "name": "shell-script",
      "provider": "provider.template",
      "instances": [
        {
          "schema_version": 0,
          "attributes": {
            "filename": null,
            "id": "cfd3e18f2bc70e1241bd95561128e8131ea626f721af1976bbf4db3b021c418c",
            "rendered": "#!/bin/bash\n\nset -ex\n\n# update\napt-get update\n\nexport DEBIAN_FRONTEND=noninteractive\napt-get -y upgrade\n\necho \"Copy instance id \"\ncurl http://169.254.169.254/latest/meta-data/instance-id \u003e /var/tmp/aws-mon/instance-id\n\necho \"Copy availability zone of the instance\"\ncurl http://169.254.169.254/latest/meta-data/placement/availability-zone \u003e /var/tmp/aws-mon/placement/availability-zone\n\necho \"Restarting cloudwatch agent\"\nsudo systemctl restart amazon-cloudwatch-agent.service\n",
            "template": "#!/bin/bash\n\nset -ex\n\n# update\napt-get update\n\nexport DEBIAN_FRONTEND=noninteractive\napt-get -y upgrade\n\necho \"Copy instance id \"\ncurl http://169.254.169.254/latest/meta-data/instance-id \u003e /var/tmp/aws-mon/instance-id\n\necho \"Copy availability zone of the instance\"\ncurl http://169.254.169.254/latest/meta-data/placement/availability-zone \u003e /var/tmp/aws-mon/placement/availability-zone\n\necho \"Restarting cloudwatch agent\"\nsudo systemctl restart amazon-cloudwatch-agent.service\n",
            "vars": null
          }
        }
      ]
    },
    {
      "module": "module.main-vpc",
      "mode": "managed",
      "type": "aws_db_subnet_group",
      "name": "rds",
      "each": "list",
      "provider": "provider.aws",
      "instances": []
    },
    {
      "module": "module.jumpserver-ec2",
      "mode": "managed",
      "type": "aws_ebs_volume",
      "name": "data",
      "each": "list",
      "provider": "provider.aws",
      "instances": []
    },
    {
      "module": "module.web-ec2",
      "mode": "managed",
      "type": "aws_ebs_volume",
      "name": "data",
      "each": "list",
      "provider": "provider.aws",
      "instances": []
    },
    {
      "module": "module.captcha-ec2",
      "mode": "managed",
      "type": "aws_ebs_volume",
      "name": "data",
      "each": "list",
      "provider": "provider.aws",
      "instances": []
    },
    {
      "module": "module.notification-ec2",
      "mode": "managed",
      "type": "aws_ebs_volume",
      "name": "data",
      "each": "list",
      "provider": "provider.aws",
      "instances": []
    },
    {
      "module": "module.job-ec2",
      "mode": "managed",
      "type": "aws_ebs_volume",
      "name": "data",
      "each": "list",
      "provider": "provider.aws",
      "instances": []
    },
    {
      "module": "module.app-ec2",
      "mode": "managed",
      "type": "aws_ebs_volume",
      "name": "data",
      "each": "list",
      "provider": "provider.aws",
      "instances": []
    },
    {
      "module": "module.main-vpc",
      "mode": "managed",
      "type": "aws_eip",
      "name": "nat",
      "each": "list",
      "provider": "provider.aws",
      "instances": []
    },
    {
      "module": "module.jumpserver-ec2",
      "mode": "managed",
      "type": "aws_eip",
      "name": "pub_ip_fixed",
      "each": "list",
      "provider": "provider.aws",
      "instances": [
        {
          "index_key": 0,
          "schema_version": 0,
          "attributes": {
            "allocation_id": null,
            "associate_with_private_ip": null,
            "association_id": "",
            "domain": "vpc",
            "id": "eipalloc-097840b347e35d49a",
            "instance": "",
            "network_interface": "",
            "private_dns": null,
            "private_ip": "",
            "public_dns": "ec2-3-7-137-20.ap-south-1.compute.amazonaws.com",
            "public_ip": "3.7.137.20",
            "public_ipv4_pool": "amazon",
            "tags": {
              "Environment": "Prod",
              "Name": "bigfish-Prod-jumpserver-eip-1",
              "Terraform-prod": "true"
            },
            "timeouts": null,
            "vpc": true
          },
          "private": "eyJlMmJmYjczMC1lY2FhLTExZTYtOGY4OC0zNDM2M2JjN2M0YzAiOnsiZGVsZXRlIjoxODAwMDAwMDAwMDAsInJlYWQiOjkwMDAwMDAwMDAwMCwidXBkYXRlIjozMDAwMDAwMDAwMDB9fQ=="
        }
      ]
    },
    {
      "module": "module.web-ec2",
      "mode": "managed",
      "type": "aws_eip",
      "name": "pub_ip_fixed",
      "each": "list",
      "provider": "provider.aws",
      "instances": []
    },
    {
      "module": "module.captcha-ec2",
      "mode": "managed",
      "type": "aws_eip",
      "name": "pub_ip_fixed",
      "each": "list",
      "provider": "provider.aws",
      "instances": []
    },
    {
      "module": "module.notification-ec2",
      "mode": "managed",
      "type": "aws_eip",
      "name": "pub_ip_fixed",
      "each": "list",
      "provider": "provider.aws",
      "instances": []
    },
    {
      "module": "module.job-ec2",
      "mode": "managed",
      "type": "aws_eip",
      "name": "pub_ip_fixed",
      "each": "list",
      "provider": "provider.aws",
      "instances": []
    },
    {
      "module": "module.app-ec2",
      "mode": "managed",
      "type": "aws_eip",
      "name": "pub_ip_fixed",
      "each": "list",
      "provider": "provider.aws",
      "instances": []
    },
    {
      "module": "module.jumpserver-ec2",
      "mode": "managed",
      "type": "aws_eip_association",
      "name": "eip_assoc",
      "each": "list",
      "provider": "provider.aws",
      "instances": []
    },
    {
      "module": "module.web-ec2",
      "mode": "managed",
      "type": "aws_eip_association",
      "name": "eip_assoc",
      "each": "list",
      "provider": "provider.aws",
      "instances": []
    },
    {
      "module": "module.captcha-ec2",
      "mode": "managed",
      "type": "aws_eip_association",
      "name": "eip_assoc",
      "each": "list",
      "provider": "provider.aws",
      "instances": []
    },
    {
      "module": "module.notification-ec2",
      "mode": "managed",
      "type": "aws_eip_association",
      "name": "eip_assoc",
      "each": "list",
      "provider": "provider.aws",
      "instances": []
    },
    {
      "module": "module.job-ec2",
      "mode": "managed",
      "type": "aws_eip_association",
      "name": "eip_assoc",
      "each": "list",
      "provider": "provider.aws",
      "instances": []
    },
    {
      "module": "module.app-ec2",
      "mode": "managed",
      "type": "aws_eip_association",
      "name": "eip_assoc",
      "each": "list",
      "provider": "provider.aws",
      "instances": []
    },
    {
      "mode": "managed",
      "type": "aws_iam_role",
      "name": "ec2_iam_role",
      "provider": "provider.aws",
      "instances": [
        {
          "schema_version": 0,
          "attributes": {
            "arn": "arn:aws:iam::238747170134:role/bigfish-Prod-monitoring-iam-role",
            "assume_role_policy": "{\"Version\":\"2012-10-17\",\"Statement\":[{\"Sid\":\"\",\"Effect\":\"Allow\",\"Principal\":{\"Service\":\"ec2.amazonaws.com\"},\"Action\":\"sts:AssumeRole\"}]}",
            "create_date": "2020-05-05T11:22:45Z",
            "description": "",
            "force_detach_policies": false,
            "id": "bigfish-Prod-monitoring-iam-role",
            "max_session_duration": 3600,
            "name": "bigfish-Prod-monitoring-iam-role",
            "name_prefix": null,
            "path": "/",
            "permissions_boundary": null,
            "tags": {
              "Name": "bigfish-Prod-monitoring-iam-role",
              "Terraform-prod": "true"
            },
            "unique_id": "AROATPFTQWVLMR7Y4KC65"
          },
          "private": "bnVsbA=="
        }
      ]
    },
    {
      "mode": "managed",
      "type": "aws_iam_role_policy",
      "name": "monitoring_policy",
      "provider": "provider.aws",
      "instances": [
        {
          "schema_version": 0,
          "attributes": {
            "id": "bigfish-Prod-monitoring-iam-role:monitoring-policy",
            "name": "monitoring-policy",
            "name_prefix": null,
            "policy": "{\n    \"Version\": \"2012-10-17\",\n    \"Statement\": [\n        {\n            \"Effect\": \"Allow\",\n            \"Action\": [\n                \"cloudwatch:PutMetricData\",\n                \"cloudwatch:GetMetricData\",\n                \"cloudwatch:GetMetricStatistics\",\n                \"cloudwatch:ListMetrics\",\n                \"ec2:DescribeTags\",\n                \"s3:List*\",\n                \"s3:Get*\"\n            ],\n            \"Resource\": \"*\"\n        }\n    ]\n}\n",
            "role": "bigfish-Prod-monitoring-iam-role"
          },
          "private": "bnVsbA==",
          "depends_on": [
            "aws_iam_role.ec2_iam_role"
          ]
        }
      ]
    },
    {
      "module": "module.main-alb",
      "mode": "managed",
      "type": "aws_iam_server_certificate",
      "name": "ssl_cert",
      "each": "list",
      "provider": "provider.aws",
      "instances": [
        {
          "index_key": 0,
          "schema_version": 0,
          "attributes": {
            "arn": "arn:aws:iam::238747170134:server-certificate/bigfish-Prod-cert-23874717013420200505112244655500000001",
            "certificate_body": "3c23e1369beb8b5c2919284bec7de3e48155503e",
            "certificate_chain": "bbee3bd7857d0621900222aba2b8ab3085079b12",
            "id": "ASCATPFTQWVLPHV222VMQ",
            "name": "bigfish-Prod-cert-23874717013420200505112244655500000001",
            "name_prefix": "bigfish-Prod-cert-238747170134",
            "path": "/",
            "private_key": "64b154d415c772d44fb6a8528a266da5c504d408"
          },
          "private": "bnVsbA=="
        }
      ]
    },
    {
      "module": "module.jumpserver-ec2",
      "mode": "managed",
      "type": "aws_instance",
      "name": "server",
      "each": "list",
      "provider": "provider.aws",
      "instances": []
    },
    {
      "module": "module.web-ec2",
      "mode": "managed",
      "type": "aws_instance",
      "name": "server",
      "each": "list",
      "provider": "provider.aws",
      "instances": []
    },
    {
      "module": "module.captcha-ec2",
      "mode": "managed",
      "type": "aws_instance",
      "name": "server",
      "each": "list",
      "provider": "provider.aws",
      "instances": []
    },
    {
      "module": "module.notification-ec2",
      "mode": "managed",
      "type": "aws_instance",
      "name": "server",
      "each": "list",
      "provider": "provider.aws",
      "instances": []
    },
    {
      "module": "module.job-ec2",
      "mode": "managed",
      "type": "aws_instance",
      "name": "server",
      "each": "list",
      "provider": "provider.aws",
      "instances": []
    },
    {
      "module": "module.app-ec2",
      "mode": "managed",
      "type": "aws_instance",
      "name": "server",
      "each": "list",
      "provider": "provider.aws",
      "instances": []
    },
    {
      "module": "module.main-vpc",
      "mode": "managed",
      "type": "aws_internet_gateway",
      "name": "this",
      "each": "list",
      "provider": "provider.aws",
      "instances": []
    },
    {
      "mode": "managed",
      "type": "aws_key_pair",
      "name": "key_pair",
      "each": "list",
      "provider": "provider.aws",
      "instances": [
        {
          "index_key": 0,
          "schema_version": 1,
          "attributes": {
            "fingerprint": "f5:da:1b:9a:78:13:96:bc:de:07:61:7c:31:75:d3:97",
            "id": "bigfish-Prod-key",
            "key_name": "bigfish-Prod-key",
            "key_name_prefix": null,
            "key_pair_id": "key-0130795449db95215",
            "public_key": "ssh-rsa AAAAB3NzaC1yc2EAAAADAQABAAABAQCkUwA1q6V31zw5LYwuoLhypnzGTfA9COa2kPY261/LKyqAQU9wwyLPk0uzMAGYzmfN59oilLbyLv+DHJVBgpT0tserKRkvWjLUbRIMb1C4iJsRe771o+s+XtkNbnMCq9HDy2ZUIij7UvorUK3ehr36ZXaHFnp3sbLYIcgI7CPYBG3xT46+BFQzv36DF4huZCFbnnSffay/2k3jz1K2YCAVeenbgxO+K/rtNo3FcW8xgQ7jcwUZ1QdfjGYEFtP9d+K3aBwNf/nh4iTNqfJp3n7efQ4p/JG5V0h8dRK89cDCGjQEGP+HlhDxSaRlp4I4cd+dez3uf3PsX8zoLjg7ksNH root@ip-10-0-0-131",
            "tags": null
          },
          "private": "eyJzY2hlbWFfdmVyc2lvbiI6IjEifQ=="
        }
      ]
    },
    {
      "module": "module.main-alb",
      "mode": "managed",
      "type": "aws_lb",
      "name": "application",
      "provider": "provider.aws",
      "instances": []
    },
    {
      "module": "module.main-alb",
      "mode": "managed",
      "type": "aws_lb_listener",
      "name": "frontend_http",
      "each": "list",
      "provider": "provider.aws",
      "instances": []
    },
    {
      "module": "module.main-alb",
      "mode": "managed",
      "type": "aws_lb_listener",
      "name": "frontend_https",
      "each": "list",
      "provider": "provider.aws",
      "instances": []
    },
    {
      "module": "module.main-alb",
      "mode": "managed",
      "type": "aws_lb_listener_rule",
      "name": "app_https_rule",
      "provider": "provider.aws",
      "instances": []
    },
    {
      "module": "module.main-alb",
      "mode": "managed",
      "type": "aws_lb_listener_rule",
      "name": "web_https_rule",
      "provider": "provider.aws",
      "instances": []
    },
    {
      "module": "module.main-alb",
      "mode": "managed",
      "type": "aws_lb_target_group",
      "name": "app_target_group",
      "provider": "provider.aws",
      "instances": []
    },
    {
      "module": "module.main-alb",
      "mode": "managed",
      "type": "aws_lb_target_group",
      "name": "web_target_group",
      "provider": "provider.aws",
      "instances": []
    },
    {
      "module": "module.main-vpc",
      "mode": "managed",
      "type": "aws_nat_gateway",
      "name": "this",
      "each": "list",
      "provider": "provider.aws",
      "instances": []
    },
    {
      "module": "module.main-vpc",
      "mode": "managed",
      "type": "aws_network_acl",
      "name": "app",
      "each": "list",
      "provider": "provider.aws",
      "instances": []
    },
    {
      "module": "module.main-vpc",
      "mode": "managed",
      "type": "aws_network_acl",
      "name": "captcha",
      "each": "list",
      "provider": "provider.aws",
      "instances": []
    },
    {
      "module": "module.main-vpc",
      "mode": "managed",
      "type": "aws_network_acl",
      "name": "lb",
      "each": "list",
      "provider": "provider.aws",
      "instances": []
    },
    {
      "module": "module.main-vpc",
      "mode": "managed",
      "type": "aws_network_acl",
      "name": "notification",
      "each": "list",
      "provider": "provider.aws",
      "instances": []
    },
    {
      "module": "module.main-vpc",
      "mode": "managed",
      "type": "aws_network_acl",
      "name": "public",
      "each": "list",
      "provider": "provider.aws",
      "instances": []
    },
    {
      "module": "module.main-vpc",
      "mode": "managed",
      "type": "aws_network_acl",
      "name": "rds",
      "each": "list",
      "provider": "provider.aws",
      "instances": []
    },
    {
      "module": "module.main-vpc",
      "mode": "managed",
      "type": "aws_network_acl",
      "name": "web",
      "each": "list",
      "provider": "provider.aws",
      "instances": []
    },
    {
      "module": "module.main-vpc",
      "mode": "managed",
      "type": "aws_network_acl_rule",
      "name": "app_inbound",
      "each": "list",
      "provider": "provider.aws",
      "instances": []
    },
    {
      "module": "module.main-vpc",
      "mode": "managed",
      "type": "aws_network_acl_rule",
      "name": "app_outbound",
      "each": "list",
      "provider": "provider.aws",
      "instances": []
    },
    {
      "module": "module.main-vpc",
      "mode": "managed",
      "type": "aws_network_acl_rule",
      "name": "captcha_inbound",
      "each": "list",
      "provider": "provider.aws",
      "instances": []
    },
    {
      "module": "module.main-vpc",
      "mode": "managed",
      "type": "aws_network_acl_rule",
      "name": "captcha_outbound",
      "each": "list",
      "provider": "provider.aws",
      "instances": []
    },
    {
      "module": "module.main-vpc",
      "mode": "managed",
      "type": "aws_network_acl_rule",
      "name": "lb_inbound",
      "each": "list",
      "provider": "provider.aws",
      "instances": []
    },
    {
      "module": "module.main-vpc",
      "mode": "managed",
      "type": "aws_network_acl_rule",
      "name": "lb_outbound",
      "each": "list",
      "provider": "provider.aws",
      "instances": []
    },
    {
      "module": "module.main-vpc",
      "mode": "managed",
      "type": "aws_network_acl_rule",
      "name": "notification_inbound",
      "each": "list",
      "provider": "provider.aws",
      "instances": []
    },
    {
      "module": "module.main-vpc",
      "mode": "managed",
      "type": "aws_network_acl_rule",
      "name": "notification_outbound",
      "each": "list",
      "provider": "provider.aws",
      "instances": []
    },
    {
      "module": "module.main-vpc",
      "mode": "managed",
      "type": "aws_network_acl_rule",
      "name": "public_inbound",
      "each": "list",
      "provider": "provider.aws",
      "instances": []
    },
    {
      "module": "module.main-vpc",
      "mode": "managed",
      "type": "aws_network_acl_rule",
      "name": "public_outbound",
      "each": "list",
      "provider": "provider.aws",
      "instances": []
    },
    {
      "module": "module.main-vpc",
      "mode": "managed",
      "type": "aws_network_acl_rule",
      "name": "rds_inbound",
      "each": "list",
      "provider": "provider.aws",
      "instances": []
    },
    {
      "module": "module.main-vpc",
      "mode": "managed",
      "type": "aws_network_acl_rule",
      "name": "rds_outbound",
      "each": "list",
      "provider": "provider.aws",
      "instances": []
    },
    {
      "module": "module.main-vpc",
      "mode": "managed",
      "type": "aws_network_acl_rule",
      "name": "web_inbound",
      "each": "list",
      "provider": "provider.aws",
      "instances": []
    },
    {
      "module": "module.main-vpc",
      "mode": "managed",
      "type": "aws_network_acl_rule",
      "name": "web_outbound",
      "each": "list",
      "provider": "provider.aws",
      "instances": []
    },
    {
      "module": "module.main-vpc",
      "mode": "managed",
      "type": "aws_route",
      "name": "lb_internet_gateway",
      "each": "list",
      "provider": "provider.aws",
      "instances": []
    },
    {
      "module": "module.main-vpc",
      "mode": "managed",
      "type": "aws_route",
      "name": "public_internet_gateway",
      "each": "list",
      "provider": "provider.aws",
      "instances": []
    },
    {
      "module": "module.main-vpc",
      "mode": "managed",
      "type": "aws_route",
      "name": "rds_internet_gateway",
      "each": "list",
      "provider": "provider.aws",
      "instances": []
    },
    {
      "module": "module.main-vpc",
      "mode": "managed",
      "type": "aws_route_table",
      "name": "app",
      "each": "list",
      "provider": "provider.aws",
      "instances": []
    },
    {
      "module": "module.main-vpc",
      "mode": "managed",
      "type": "aws_route_table",
      "name": "captcha",
      "each": "list",
      "provider": "provider.aws",
      "instances": []
    },
    {
      "module": "module.main-vpc",
      "mode": "managed",
      "type": "aws_route_table",
      "name": "lb",
      "each": "list",
      "provider": "provider.aws",
      "instances": []
    },
    {
      "module": "module.main-vpc",
      "mode": "managed",
      "type": "aws_route_table",
      "name": "notification",
      "each": "list",
      "provider": "provider.aws",
      "instances": []
    },
    {
      "module": "module.main-vpc",
      "mode": "managed",
      "type": "aws_route_table",
      "name": "public",
      "each": "list",
      "provider": "provider.aws",
      "instances": []
    },
    {
      "module": "module.main-vpc",
      "mode": "managed",
      "type": "aws_route_table",
      "name": "rds",
      "each": "list",
      "provider": "provider.aws",
      "instances": []
    },
    {
      "module": "module.main-vpc",
      "mode": "managed",
      "type": "aws_route_table",
      "name": "web",
      "each": "list",
      "provider": "provider.aws",
      "instances": []
    },
    {
      "module": "module.main-vpc",
      "mode": "managed",
      "type": "aws_route_table_association",
      "name": "app",
      "each": "list",
      "provider": "provider.aws",
      "instances": []
    },
    {
      "module": "module.main-vpc",
      "mode": "managed",
      "type": "aws_route_table_association",
      "name": "captcha",
      "each": "list",
      "provider": "provider.aws",
      "instances": []
    },
    {
      "module": "module.main-vpc",
      "mode": "managed",
      "type": "aws_route_table_association",
      "name": "lb",
      "each": "list",
      "provider": "provider.aws",
      "instances": []
    },
    {
      "module": "module.main-vpc",
      "mode": "managed",
      "type": "aws_route_table_association",
      "name": "notification",
      "each": "list",
      "provider": "provider.aws",
      "instances": []
    },
    {
      "module": "module.main-vpc",
      "mode": "managed",
      "type": "aws_route_table_association",
      "name": "public",
      "each": "list",
      "provider": "provider.aws",
      "instances": []
    },
    {
      "module": "module.main-vpc",
      "mode": "managed",
      "type": "aws_route_table_association",
      "name": "rds",
      "each": "list",
      "provider": "provider.aws",
      "instances": []
    },
    {
      "module": "module.main-vpc",
      "mode": "managed",
      "type": "aws_route_table_association",
      "name": "web",
      "each": "list",
      "provider": "provider.aws",
      "instances": []
    },
    {
      "module": "module.main-sg",
      "mode": "managed",
      "type": "aws_security_group",
      "name": "app",
      "each": "list",
      "provider": "provider.aws",
      "instances": []
    },
    {
      "module": "module.main-sg",
      "mode": "managed",
      "type": "aws_security_group",
      "name": "captcha",
      "each": "list",
      "provider": "provider.aws",
      "instances": []
    },
    {
      "module": "module.main-sg",
      "mode": "managed",
      "type": "aws_security_group",
      "name": "job",
      "each": "list",
      "provider": "provider.aws",
      "instances": []
    },
    {
      "module": "module.main-sg",
      "mode": "managed",
      "type": "aws_security_group",
      "name": "jumpserver",
      "each": "list",
      "provider": "provider.aws",
      "instances": []
    },
    {
      "module": "module.main-sg",
      "mode": "managed",
      "type": "aws_security_group",
      "name": "lb",
      "each": "list",
      "provider": "provider.aws",
      "instances": []
    },
    {
      "module": "module.main-sg",
      "mode": "managed",
      "type": "aws_security_group",
      "name": "notification",
      "each": "list",
      "provider": "provider.aws",
      "instances": []
    },
    {
      "module": "module.main-sg",
      "mode": "managed",
      "type": "aws_security_group",
      "name": "rds",
      "each": "list",
      "provider": "provider.aws",
      "instances": []
    },
    {
      "module": "module.main-sg",
      "mode": "managed",
      "type": "aws_security_group",
      "name": "web",
      "each": "list",
      "provider": "provider.aws",
      "instances": []
    },
    {
      "module": "module.main-sg",
      "mode": "managed",
      "type": "aws_security_group_rule",
      "name": "app_egress",
      "each": "list",
      "provider": "provider.aws",
      "instances": []
    },
    {
      "module": "module.main-sg",
      "mode": "managed",
      "type": "aws_security_group_rule",
      "name": "app_ingress",
      "each": "list",
      "provider": "provider.aws",
      "instances": []
    },
    {
      "module": "module.main-sg",
      "mode": "managed",
      "type": "aws_security_group_rule",
      "name": "captcha_egress",
      "each": "list",
      "provider": "provider.aws",
      "instances": []
    },
    {
      "module": "module.main-sg",
      "mode": "managed",
      "type": "aws_security_group_rule",
      "name": "captcha_ingress",
      "each": "list",
      "provider": "provider.aws",
      "instances": []
    },
    {
      "module": "module.main-sg",
      "mode": "managed",
      "type": "aws_security_group_rule",
      "name": "job_egress",
      "each": "list",
      "provider": "provider.aws",
      "instances": []
    },
    {
      "module": "module.main-sg",
      "mode": "managed",
      "type": "aws_security_group_rule",
      "name": "job_ingress",
      "each": "list",
      "provider": "provider.aws",
      "instances": []
    },
    {
      "module": "module.main-sg",
      "mode": "managed",
      "type": "aws_security_group_rule",
      "name": "jumpserver_egress",
      "each": "list",
      "provider": "provider.aws",
      "instances": []
    },
    {
      "module": "module.main-sg",
      "mode": "managed",
      "type": "aws_security_group_rule",
      "name": "jumpserver_ingress",
      "each": "list",
      "provider": "provider.aws",
      "instances": []
    },
    {
      "module": "module.main-sg",
      "mode": "managed",
      "type": "aws_security_group_rule",
      "name": "lb_egress",
      "each": "list",
      "provider": "provider.aws",
      "instances": []
    },
    {
      "module": "module.main-sg",
      "mode": "managed",
      "type": "aws_security_group_rule",
      "name": "lb_ingress",
      "each": "list",
      "provider": "provider.aws",
      "instances": []
    },
    {
      "module": "module.main-sg",
      "mode": "managed",
      "type": "aws_security_group_rule",
      "name": "notification_egress",
      "each": "list",
      "provider": "provider.aws",
      "instances": []
    },
    {
      "module": "module.main-sg",
      "mode": "managed",
      "type": "aws_security_group_rule",
      "name": "notification_ingress",
      "each": "list",
      "provider": "provider.aws",
      "instances": []
    },
    {
      "module": "module.main-sg",
      "mode": "managed",
      "type": "aws_security_group_rule",
      "name": "rds_egress",
      "each": "list",
      "provider": "provider.aws",
      "instances": []
    },
    {
      "module": "module.main-sg",
      "mode": "managed",
      "type": "aws_security_group_rule",
      "name": "rds_ingress",
      "each": "list",
      "provider": "provider.aws",
      "instances": []
    },
    {
      "module": "module.main-sg",
      "mode": "managed",
      "type": "aws_security_group_rule",
      "name": "web_egress",
      "each": "list",
      "provider": "provider.aws",
      "instances": []
    },
    {
      "module": "module.main-sg",
      "mode": "managed",
      "type": "aws_security_group_rule",
      "name": "web_ingress",
      "each": "list",
      "provider": "provider.aws",
      "instances": []
    },
    {
      "module": "module.main-vpc",
      "mode": "managed",
      "type": "aws_subnet",
      "name": "app",
      "each": "list",
      "provider": "provider.aws",
      "instances": []
    },
    {
      "module": "module.main-vpc",
      "mode": "managed",
      "type": "aws_subnet",
      "name": "captcha",
      "each": "list",
      "provider": "provider.aws",
      "instances": []
    },
    {
      "module": "module.main-vpc",
      "mode": "managed",
      "type": "aws_subnet",
      "name": "lb",
      "each": "list",
      "provider": "provider.aws",
      "instances": []
    },
    {
      "module": "module.main-vpc",
      "mode": "managed",
      "type": "aws_subnet",
      "name": "notification",
      "each": "list",
      "provider": "provider.aws",
      "instances": []
    },
    {
      "module": "module.main-vpc",
      "mode": "managed",
      "type": "aws_subnet",
      "name": "public",
      "each": "list",
      "provider": "provider.aws",
      "instances": []
    },
    {
      "module": "module.main-vpc",
      "mode": "managed",
      "type": "aws_subnet",
      "name": "rds",
      "each": "list",
      "provider": "provider.aws",
      "instances": []
    },
    {
      "module": "module.main-vpc",
      "mode": "managed",
      "type": "aws_subnet",
      "name": "web",
      "each": "list",
      "provider": "provider.aws",
      "instances": []
    },
    {
      "module": "module.jumpserver-ec2",
      "mode": "managed",
      "type": "aws_volume_attachment",
      "name": "current_ec2",
      "each": "list",
      "provider": "provider.aws",
      "instances": []
    },
    {
      "module": "module.web-ec2",
      "mode": "managed",
      "type": "aws_volume_attachment",
      "name": "current_ec2",
      "each": "list",
      "provider": "provider.aws",
      "instances": []
    },
    {
      "module": "module.captcha-ec2",
      "mode": "managed",
      "type": "aws_volume_attachment",
      "name": "current_ec2",
      "each": "list",
      "provider": "provider.aws",
      "instances": []
    },
    {
      "module": "module.notification-ec2",
      "mode": "managed",
      "type": "aws_volume_attachment",
      "name": "current_ec2",
      "each": "list",
      "provider": "provider.aws",
      "instances": []
    },
    {
      "module": "module.job-ec2",
      "mode": "managed",
      "type": "aws_volume_attachment",
      "name": "current_ec2",
      "each": "list",
      "provider": "provider.aws",
      "instances": []
    },
    {
      "module": "module.app-ec2",
      "mode": "managed",
      "type": "aws_volume_attachment",
      "name": "current_ec2",
      "each": "list",
      "provider": "provider.aws",
      "instances": []
    },
    {
      "module": "module.main-vpc",
      "mode": "managed",
      "type": "aws_vpc",
      "name": "this",
      "each": "list",
      "provider": "provider.aws",
      "instances": []
    },
    {
      "module": "module.main-vpc",
      "mode": "managed",
      "type": "aws_vpc_endpoint",
      "name": "s3",
      "each": "list",
      "provider": "provider.aws",
      "instances": []
    },
    {
      "module": "module.main-vpc",
      "mode": "managed",
      "type": "aws_vpc_endpoint_route_table_association",
      "name": "app_s3",
      "each": "list",
      "provider": "provider.aws",
      "instances": []
    },
    {
      "module": "module.main-vpc",
      "mode": "managed",
      "type": "aws_vpc_endpoint_route_table_association",
      "name": "captcha_s3",
      "each": "list",
      "provider": "provider.aws",
      "instances": []
    },
    {
      "module": "module.main-vpc",
      "mode": "managed",
      "type": "aws_vpc_endpoint_route_table_association",
      "name": "notification_s3",
      "each": "list",
      "provider": "provider.aws",
      "instances": []
    },
    {
      "module": "module.main-vpc",
      "mode": "managed",
      "type": "aws_vpc_endpoint_route_table_association",
      "name": "public_s3",
      "each": "list",
      "provider": "provider.aws",
      "instances": []
    },
    {
      "module": "module.main-vpc",
      "mode": "managed",
      "type": "aws_vpc_endpoint_route_table_association",
      "name": "web_s3",
      "each": "list",
      "provider": "provider.aws",
      "instances": []
    },
    {
      "module": "module.main-vpc",
      "mode": "managed",
      "type": "aws_vpc_ipv4_cidr_block_association",
      "name": "this",
      "each": "list",
      "provider": "provider.aws",
      "instances": []
    }
  ]
}
